
Microsoft Visual Studio Solution File, Format Version 11.00
# Visual Studio 2012
Project("{8BC9CEB8-8B4A-11D0-8D11-00A0C91BC942}") = "BinarySearch", "BinarySearch\BinarySearch.vcxproj", "{83FB52EA-3D0B-47DD-8652-686D81DBA77F}"
EndProject
Project("{8BC9CEB8-8B4A-11D0-8D11-00A0C91BC942}") = "ListUsingArray", "ListUsingArray\ListUsingArray.vcxproj", "{C96D9D11-1392-4367-976D-8BF57716F7C0}"
EndProject
Project("{8BC9CEB8-8B4A-11D0-8D11-00A0C91BC942}") = "ListUsingNew", "ListUsingNew\ListUsingNew.vcxproj", "{16C7F27E-99C8-47BE-BA22-39E1B5D2C242}"
EndProject
Project("{8BC9CEB8-8B4A-11D0-8D11-00A0C91BC942}") = "CacheMissHell", "CacheMissHell\CacheMissHell.vcxproj", "{4BD11AE2-8877-4B3A-8E49-153580B68B84}"
EndProject
Project("{8BC9CEB8-8B4A-11D0-8D11-00A0C91BC942}") = "TravelingSalesmanProblem", "TravelingSalesmanProblem\TravelingSalesmanProblem.vcxproj", "{4F90853C-4787-4586-B960-06BE83E8828F}"
EndProject
Global
	GlobalSection(SolutionConfigurationPlatforms) = preSolution
		Debug|Win32 = Debug|Win32
		Release|Win32 = Release|Win32
	EndGlobalSection
	GlobalSection(ProjectConfigurationPlatforms) = postSolution
		{83FB52EA-3D0B-47DD-8652-686D81DBA77F}.Debug|Win32.ActiveCfg = Debug|Win32
		{83FB52EA-3D0B-47DD-8652-686D81DBA77F}.Debug|Win32.Build.0 = Debug|Win32
		{83FB52EA-3D0B-47DD-8652-686D81DBA77F}.Release|Win32.ActiveCfg = Release|Win32
		{83FB52EA-3D0B-47DD-8652-686D81DBA77F}.Release|Win32.Build.0 = Release|Win32
		{C96D9D11-1392-4367-976D-8BF57716F7C0}.Debug|Win32.ActiveCfg = Debug|Win32
		{C96D9D11-1392-4367-976D-8BF57716F7C0}.Debug|Win32.Build.0 = Debug|Win32
		{C96D9D11-1392-4367-976D-8BF57716F7C0}.Release|Win32.ActiveCfg = Release|Win32
		{C96D9D11-1392-4367-976D-8BF57716F7C0}.Release|Win32.Build.0 = Release|Win32
		{16C7F27E-99C8-47BE-BA22-39E1B5D2C242}.Debug|Win32.ActiveCfg = Debug|Win32
		{16C7F27E-99C8-47BE-BA22-39E1B5D2C242}.Debug|Win32.Build.0 = Debug|Win32
		{16C7F27E-99C8-47BE-BA22-39E1B5D2C242}.Release|Win32.ActiveCfg = Release|Win32
		{16C7F27E-99C8-47BE-BA22-39E1B5D2C242}.Release|Win32.Build.0 = Release|Win32
		{4BD11AE2-8877-4B3A-8E49-153580B68B84}.Debug|Win32.ActiveCfg = Debug|Win32
		{4BD11AE2-8877-4B3A-8E49-153580B68B84}.Debug|Win32.Build.0 = Debug|Win32
		{4BD11AE2-8877-4B3A-8E49-153580B68B84}.Release|Win32.ActiveCfg = Release|Win32
		{4BD11AE2-8877-4B3A-8E49-153580B68B84}.Release|Win32.Build.0 = Release|Win32
		{4F90853C-4787-4586-B960-06BE83E8828F}.Debug|Win32.ActiveCfg = Debug|Win32
		{4F90853C-4787-4586-B960-06BE83E8828F}.Debug|Win32.Build.0 = Debug|Win32
		{4F90853C-4787-4586-B960-06BE83E8828F}.Release|Win32.ActiveCfg = Release|Win32
		{4F90853C-4787-4586-B960-06BE83E8828F}.Release|Win32.Build.0 = Release|Win32
	EndGlobalSection
	GlobalSection(SolutionProperties) = preSolution
		HideSolutionNode = FALSE
	EndGlobalSection
EndGlobal
