
Microsoft Visual Studio Solution File, Format Version 11.00
# Visual Studio 2012
Project("{8BC9CEB8-8B4A-11D0-8D11-00A0C91BC942}") = "MinimumImplementation", "MinimumImplementation\MinimumImplementation.vcxproj", "{C95EA1BE-7B21-4E7A-AB80-6A59244CDF83}"
EndProject
Global
	GlobalSection(SolutionConfigurationPlatforms) = preSolution
		Debug|Win32 = Debug|Win32
		Release|Win32 = Release|Win32
	EndGlobalSection
	GlobalSection(ProjectConfigurationPlatforms) = postSolution
		{C95EA1BE-7B21-4E7A-AB80-6A59244CDF83}.Debug|Win32.ActiveCfg = Debug|Win32
		{C95EA1BE-7B21-4E7A-AB80-6A59244CDF83}.Debug|Win32.Build.0 = Debug|Win32
		{C95EA1BE-7B21-4E7A-AB80-6A59244CDF83}.Release|Win32.ActiveCfg = Release|Win32
		{C95EA1BE-7B21-4E7A-AB80-6A59244CDF83}.Release|Win32.Build.0 = Release|Win32
	EndGlobalSection
	GlobalSection(SolutionProperties) = preSolution
		HideSolutionNode = FALSE
	EndGlobalSection
EndGlobal
