
Microsoft Visual Studio Solution File, Format Version 11.00
# Visual Studio 2012
Project("{8BC9CEB8-8B4A-11D0-8D11-00A0C91BC942}") = "Library", "Library\Library.vcxproj", "{F4D9BBE2-1225-476D-B392-BCDC4B7935AE}"
EndProject
Project("{8BC9CEB8-8B4A-11D0-8D11-00A0C91BC942}") = "RoboFightMoveOnly", "RoboFightMoveOnly\RoboFightMoveOnly.vcxproj", "{5EA91DF5-126B-454B-91ED-F81314C41F88}"
EndProject
Project("{8BC9CEB8-8B4A-11D0-8D11-00A0C91BC942}") = "RoboFightWeaponOnly", "RoboFightWeaponOnly\RoboFightWeaponOnly.vcxproj", "{837F7847-A5AD-4593-BB35-3C5D145AB189}"
EndProject
Project("{8BC9CEB8-8B4A-11D0-8D11-00A0C91BC942}") = "RoboFightIntegrated", "RoboFightIntegrated\RoboFightIntegrated.vcxproj", "{56C0F5CF-8546-4584-8D79-3A372947C3E9}"
EndProject
Project("{8BC9CEB8-8B4A-11D0-8D11-00A0C91BC942}") = "RoboFightIntegrated2", "RoboFightIntegrated2\RoboFightIntegrated2.vcxproj", "{B7DABE2D-614A-462C-8A51-16A12D9C855C}"
EndProject
Project("{8BC9CEB8-8B4A-11D0-8D11-00A0C91BC942}") = "RoboFightWithFrontend", "RoboFightWithFrontend\RoboFightWithFrontend.vcxproj", "{D972F05C-2C8C-4D8D-AA67-F7E21BCB03E4}"
EndProject
Global
	GlobalSection(SolutionConfigurationPlatforms) = preSolution
		Debug|Win32 = Debug|Win32
		Release|Win32 = Release|Win32
	EndGlobalSection
	GlobalSection(ProjectConfigurationPlatforms) = postSolution
		{F4D9BBE2-1225-476D-B392-BCDC4B7935AE}.Debug|Win32.ActiveCfg = Debug|Win32
		{F4D9BBE2-1225-476D-B392-BCDC4B7935AE}.Debug|Win32.Build.0 = Debug|Win32
		{F4D9BBE2-1225-476D-B392-BCDC4B7935AE}.Release|Win32.ActiveCfg = Release|Win32
		{F4D9BBE2-1225-476D-B392-BCDC4B7935AE}.Release|Win32.Build.0 = Release|Win32
		{5EA91DF5-126B-454B-91ED-F81314C41F88}.Debug|Win32.ActiveCfg = Debug|Win32
		{5EA91DF5-126B-454B-91ED-F81314C41F88}.Debug|Win32.Build.0 = Debug|Win32
		{5EA91DF5-126B-454B-91ED-F81314C41F88}.Release|Win32.ActiveCfg = Release|Win32
		{5EA91DF5-126B-454B-91ED-F81314C41F88}.Release|Win32.Build.0 = Release|Win32
		{837F7847-A5AD-4593-BB35-3C5D145AB189}.Debug|Win32.ActiveCfg = Debug|Win32
		{837F7847-A5AD-4593-BB35-3C5D145AB189}.Debug|Win32.Build.0 = Debug|Win32
		{837F7847-A5AD-4593-BB35-3C5D145AB189}.Release|Win32.ActiveCfg = Release|Win32
		{837F7847-A5AD-4593-BB35-3C5D145AB189}.Release|Win32.Build.0 = Release|Win32
		{56C0F5CF-8546-4584-8D79-3A372947C3E9}.Debug|Win32.ActiveCfg = Debug|Win32
		{56C0F5CF-8546-4584-8D79-3A372947C3E9}.Debug|Win32.Build.0 = Debug|Win32
		{56C0F5CF-8546-4584-8D79-3A372947C3E9}.Release|Win32.ActiveCfg = Release|Win32
		{56C0F5CF-8546-4584-8D79-3A372947C3E9}.Release|Win32.Build.0 = Release|Win32
		{B7DABE2D-614A-462C-8A51-16A12D9C855C}.Debug|Win32.ActiveCfg = Debug|Win32
		{B7DABE2D-614A-462C-8A51-16A12D9C855C}.Debug|Win32.Build.0 = Debug|Win32
		{B7DABE2D-614A-462C-8A51-16A12D9C855C}.Release|Win32.ActiveCfg = Release|Win32
		{B7DABE2D-614A-462C-8A51-16A12D9C855C}.Release|Win32.Build.0 = Release|Win32
		{D972F05C-2C8C-4D8D-AA67-F7E21BCB03E4}.Debug|Win32.ActiveCfg = Debug|Win32
		{D972F05C-2C8C-4D8D-AA67-F7E21BCB03E4}.Debug|Win32.Build.0 = Debug|Win32
		{D972F05C-2C8C-4D8D-AA67-F7E21BCB03E4}.Release|Win32.ActiveCfg = Release|Win32
		{D972F05C-2C8C-4D8D-AA67-F7E21BCB03E4}.Release|Win32.Build.0 = Release|Win32
	EndGlobalSection
	GlobalSection(SolutionProperties) = preSolution
		HideSolutionNode = FALSE
	EndGlobalSection
EndGlobal
