
Microsoft Visual Studio Solution File, Format Version 11.00
# Visual Studio 2012
Project("{8BC9CEB8-8B4A-11D0-8D11-00A0C91BC942}") = "Keyboard", "Keyboard\Keyboard.vcxproj", "{56376DDA-2F42-40A3-819D-849C341CFFC4}"
EndProject
Project("{8BC9CEB8-8B4A-11D0-8D11-00A0C91BC942}") = "Mouse", "Mouse\Mouse.vcxproj", "{61C52D68-618E-4509-87B2-2D555E9C21F9}"
EndProject
Project("{8BC9CEB8-8B4A-11D0-8D11-00A0C91BC942}") = "Joystick", "Joystick\Joystick.vcxproj", "{D0A5DEE6-3775-45D0-A8B0-4266C544A7CA}"
EndProject
Project("{8BC9CEB8-8B4A-11D0-8D11-00A0C91BC942}") = "BakudanBitoWithJoystick", "BakudanBitoWithJoystick\BakudanBitoWithJoystick.vcxproj", "{EDB7081B-9213-4AD9-B7BD-CA18D97B59F3}"
EndProject
Global
	GlobalSection(SolutionConfigurationPlatforms) = preSolution
		Debug|Win32 = Debug|Win32
		Release|Win32 = Release|Win32
	EndGlobalSection
	GlobalSection(ProjectConfigurationPlatforms) = postSolution
		{56376DDA-2F42-40A3-819D-849C341CFFC4}.Debug|Win32.ActiveCfg = Debug|Win32
		{56376DDA-2F42-40A3-819D-849C341CFFC4}.Debug|Win32.Build.0 = Debug|Win32
		{56376DDA-2F42-40A3-819D-849C341CFFC4}.Release|Win32.ActiveCfg = Release|Win32
		{56376DDA-2F42-40A3-819D-849C341CFFC4}.Release|Win32.Build.0 = Release|Win32
		{61C52D68-618E-4509-87B2-2D555E9C21F9}.Debug|Win32.ActiveCfg = Debug|Win32
		{61C52D68-618E-4509-87B2-2D555E9C21F9}.Debug|Win32.Build.0 = Debug|Win32
		{61C52D68-618E-4509-87B2-2D555E9C21F9}.Release|Win32.ActiveCfg = Release|Win32
		{61C52D68-618E-4509-87B2-2D555E9C21F9}.Release|Win32.Build.0 = Release|Win32
		{D0A5DEE6-3775-45D0-A8B0-4266C544A7CA}.Debug|Win32.ActiveCfg = Debug|Win32
		{D0A5DEE6-3775-45D0-A8B0-4266C544A7CA}.Debug|Win32.Build.0 = Debug|Win32
		{D0A5DEE6-3775-45D0-A8B0-4266C544A7CA}.Release|Win32.ActiveCfg = Release|Win32
		{D0A5DEE6-3775-45D0-A8B0-4266C544A7CA}.Release|Win32.Build.0 = Release|Win32
		{EDB7081B-9213-4AD9-B7BD-CA18D97B59F3}.Debug|Win32.ActiveCfg = Debug|Win32
		{EDB7081B-9213-4AD9-B7BD-CA18D97B59F3}.Debug|Win32.Build.0 = Debug|Win32
		{EDB7081B-9213-4AD9-B7BD-CA18D97B59F3}.Release|Win32.ActiveCfg = Release|Win32
		{EDB7081B-9213-4AD9-B7BD-CA18D97B59F3}.Release|Win32.Build.0 = Release|Win32
	EndGlobalSection
	GlobalSection(SolutionProperties) = preSolution
		HideSolutionNode = FALSE
	EndGlobalSection
EndGlobal
