
Microsoft Visual Studio Solution File, Format Version 11.00
# Visual Studio 2012
Project("{8BC9CEB8-8B4A-11D0-8D11-00A0C91BC942}") = "BakudanbitoWithSound", "BakudanbitoWithSound\BakudanbitoWithSound.vcxproj", "{63D7B45D-7F25-4337-A6A4-EE0736BF74A4}"
EndProject
Project("{8BC9CEB8-8B4A-11D0-8D11-00A0C91BC942}") = "MultipleWaveFile", "MultipleWaveFile\MultipleWaveFile.vcxproj", "{4C376B08-A060-4E6B-9058-7288BA37ECDE}"
EndProject
Project("{8BC9CEB8-8B4A-11D0-8D11-00A0C91BC942}") = "SingleWaveFile", "SingleWaveFile\SingleWaveFile.vcxproj", "{C4CD2D9E-AD8E-4563-AB45-503C297CFCA5}"
EndProject
Project("{8BC9CEB8-8B4A-11D0-8D11-00A0C91BC942}") = "WaveSynthesis", "WaveSynthesis\WaveSynthesis.vcxproj", "{FC7B8BA9-BAA9-4EC8-84FE-DB20B2918600}"
EndProject
Global
	GlobalSection(SolutionConfigurationPlatforms) = preSolution
		Debug|Win32 = Debug|Win32
		Release|Win32 = Release|Win32
	EndGlobalSection
	GlobalSection(ProjectConfigurationPlatforms) = postSolution
		{63D7B45D-7F25-4337-A6A4-EE0736BF74A4}.Debug|Win32.ActiveCfg = Debug|Win32
		{63D7B45D-7F25-4337-A6A4-EE0736BF74A4}.Debug|Win32.Build.0 = Debug|Win32
		{63D7B45D-7F25-4337-A6A4-EE0736BF74A4}.Release|Win32.ActiveCfg = Release|Win32
		{63D7B45D-7F25-4337-A6A4-EE0736BF74A4}.Release|Win32.Build.0 = Release|Win32
		{4C376B08-A060-4E6B-9058-7288BA37ECDE}.Debug|Win32.ActiveCfg = Debug|Win32
		{4C376B08-A060-4E6B-9058-7288BA37ECDE}.Debug|Win32.Build.0 = Debug|Win32
		{4C376B08-A060-4E6B-9058-7288BA37ECDE}.Release|Win32.ActiveCfg = Release|Win32
		{4C376B08-A060-4E6B-9058-7288BA37ECDE}.Release|Win32.Build.0 = Release|Win32
		{C4CD2D9E-AD8E-4563-AB45-503C297CFCA5}.Debug|Win32.ActiveCfg = Debug|Win32
		{C4CD2D9E-AD8E-4563-AB45-503C297CFCA5}.Debug|Win32.Build.0 = Debug|Win32
		{C4CD2D9E-AD8E-4563-AB45-503C297CFCA5}.Release|Win32.ActiveCfg = Release|Win32
		{C4CD2D9E-AD8E-4563-AB45-503C297CFCA5}.Release|Win32.Build.0 = Release|Win32
		{FC7B8BA9-BAA9-4EC8-84FE-DB20B2918600}.Debug|Win32.ActiveCfg = Debug|Win32
		{FC7B8BA9-BAA9-4EC8-84FE-DB20B2918600}.Debug|Win32.Build.0 = Debug|Win32
		{FC7B8BA9-BAA9-4EC8-84FE-DB20B2918600}.Release|Win32.ActiveCfg = Release|Win32
		{FC7B8BA9-BAA9-4EC8-84FE-DB20B2918600}.Release|Win32.Build.0 = Release|Win32
	EndGlobalSection
	GlobalSection(SolutionProperties) = preSolution
		HideSolutionNode = FALSE
	EndGlobalSection
EndGlobal
