
Microsoft Visual Studio Solution File, Format Version 11.00
# Visual Studio 2012
Project("{8BC9CEB8-8B4A-11D0-8D11-00A0C91BC942}") = "Detection", "Detection\Detection.vcxproj", "{AE5BB2C6-E5F0-49EA-99C4-812FF0582B90}"
EndProject
Project("{8BC9CEB8-8B4A-11D0-8D11-00A0C91BC942}") = "Reaction1", "Reaction1\Reaction1.vcxproj", "{43AB6873-F5E6-4B7C-8E25-77412DDF2708}"
EndProject
Project("{8BC9CEB8-8B4A-11D0-8D11-00A0C91BC942}") = "Reaction2", "Reaction2\Reaction2.vcxproj", "{1B1E838F-A26E-495E-AA39-F7F715E848CC}"
EndProject
Project("{8BC9CEB8-8B4A-11D0-8D11-00A0C91BC942}") = "Reaction3", "Reaction3\Reaction3.vcxproj", "{C60BABCF-1D05-444E-8E49-B0C4F776613F}"
EndProject
Project("{8BC9CEB8-8B4A-11D0-8D11-00A0C91BC942}") = "Reaction4", "Reaction4\Reaction4.vcxproj", "{1C9904B7-ECF3-42A4-8FF6-A923899A2503}"
EndProject
Project("{8BC9CEB8-8B4A-11D0-8D11-00A0C91BC942}") = "Reaction5", "Reaction5\Reaction5.vcxproj", "{936FC38D-CC42-4A9A-B01E-2DCF71C850EF}"
EndProject
Project("{8BC9CEB8-8B4A-11D0-8D11-00A0C91BC942}") = "StressfulReaction", "StressfulReaction\StressfulReaction.vcxproj", "{897E2842-F382-4CBD-A1DC-176A8D73D3EF}"
EndProject
Project("{8BC9CEB8-8B4A-11D0-8D11-00A0C91BC942}") = "ReducingStress1", "ReducingStress1\ReducingStress1.vcxproj", "{CA6060A8-6A00-41BE-B235-051F81024229}"
EndProject
Project("{8BC9CEB8-8B4A-11D0-8D11-00A0C91BC942}") = "ReducingStress2", "ReducingStress2\ReducingStress2.vcxproj", "{A34732C7-F61D-4A4F-A703-BC4770F89BF5}"
EndProject
Project("{8BC9CEB8-8B4A-11D0-8D11-00A0C91BC942}") = "ReducingStress3", "ReducingStress3\ReducingStress3.vcxproj", "{DB05B6C3-EE7E-48C2-8CA9-CDA4EB7178F1}"
EndProject
Project("{8BC9CEB8-8B4A-11D0-8D11-00A0C91BC942}") = "BakudanBitoWithCollision", "BakudanBitoWithCollision\BakudanBitoWithCollision.vcxproj", "{7FED1E74-C79D-4662-8D5C-1F1F59B3E80A}"
EndProject
Global
	GlobalSection(SolutionConfigurationPlatforms) = preSolution
		Debug|Win32 = Debug|Win32
		Release|Win32 = Release|Win32
	EndGlobalSection
	GlobalSection(ProjectConfigurationPlatforms) = postSolution
		{AE5BB2C6-E5F0-49EA-99C4-812FF0582B90}.Debug|Win32.ActiveCfg = Debug|Win32
		{AE5BB2C6-E5F0-49EA-99C4-812FF0582B90}.Debug|Win32.Build.0 = Debug|Win32
		{AE5BB2C6-E5F0-49EA-99C4-812FF0582B90}.Release|Win32.ActiveCfg = Release|Win32
		{AE5BB2C6-E5F0-49EA-99C4-812FF0582B90}.Release|Win32.Build.0 = Release|Win32
		{43AB6873-F5E6-4B7C-8E25-77412DDF2708}.Debug|Win32.ActiveCfg = Debug|Win32
		{43AB6873-F5E6-4B7C-8E25-77412DDF2708}.Debug|Win32.Build.0 = Debug|Win32
		{43AB6873-F5E6-4B7C-8E25-77412DDF2708}.Release|Win32.ActiveCfg = Release|Win32
		{43AB6873-F5E6-4B7C-8E25-77412DDF2708}.Release|Win32.Build.0 = Release|Win32
		{1B1E838F-A26E-495E-AA39-F7F715E848CC}.Debug|Win32.ActiveCfg = Debug|Win32
		{1B1E838F-A26E-495E-AA39-F7F715E848CC}.Debug|Win32.Build.0 = Debug|Win32
		{1B1E838F-A26E-495E-AA39-F7F715E848CC}.Release|Win32.ActiveCfg = Release|Win32
		{1B1E838F-A26E-495E-AA39-F7F715E848CC}.Release|Win32.Build.0 = Release|Win32
		{C60BABCF-1D05-444E-8E49-B0C4F776613F}.Debug|Win32.ActiveCfg = Debug|Win32
		{C60BABCF-1D05-444E-8E49-B0C4F776613F}.Debug|Win32.Build.0 = Debug|Win32
		{C60BABCF-1D05-444E-8E49-B0C4F776613F}.Release|Win32.ActiveCfg = Release|Win32
		{C60BABCF-1D05-444E-8E49-B0C4F776613F}.Release|Win32.Build.0 = Release|Win32
		{1C9904B7-ECF3-42A4-8FF6-A923899A2503}.Debug|Win32.ActiveCfg = Debug|Win32
		{1C9904B7-ECF3-42A4-8FF6-A923899A2503}.Debug|Win32.Build.0 = Debug|Win32
		{1C9904B7-ECF3-42A4-8FF6-A923899A2503}.Release|Win32.ActiveCfg = Release|Win32
		{1C9904B7-ECF3-42A4-8FF6-A923899A2503}.Release|Win32.Build.0 = Release|Win32
		{936FC38D-CC42-4A9A-B01E-2DCF71C850EF}.Debug|Win32.ActiveCfg = Debug|Win32
		{936FC38D-CC42-4A9A-B01E-2DCF71C850EF}.Debug|Win32.Build.0 = Debug|Win32
		{936FC38D-CC42-4A9A-B01E-2DCF71C850EF}.Release|Win32.ActiveCfg = Release|Win32
		{936FC38D-CC42-4A9A-B01E-2DCF71C850EF}.Release|Win32.Build.0 = Release|Win32
		{897E2842-F382-4CBD-A1DC-176A8D73D3EF}.Debug|Win32.ActiveCfg = Debug|Win32
		{897E2842-F382-4CBD-A1DC-176A8D73D3EF}.Debug|Win32.Build.0 = Debug|Win32
		{897E2842-F382-4CBD-A1DC-176A8D73D3EF}.Release|Win32.ActiveCfg = Release|Win32
		{897E2842-F382-4CBD-A1DC-176A8D73D3EF}.Release|Win32.Build.0 = Release|Win32
		{CA6060A8-6A00-41BE-B235-051F81024229}.Debug|Win32.ActiveCfg = Debug|Win32
		{CA6060A8-6A00-41BE-B235-051F81024229}.Debug|Win32.Build.0 = Debug|Win32
		{CA6060A8-6A00-41BE-B235-051F81024229}.Release|Win32.ActiveCfg = Release|Win32
		{CA6060A8-6A00-41BE-B235-051F81024229}.Release|Win32.Build.0 = Release|Win32
		{A34732C7-F61D-4A4F-A703-BC4770F89BF5}.Debug|Win32.ActiveCfg = Debug|Win32
		{A34732C7-F61D-4A4F-A703-BC4770F89BF5}.Debug|Win32.Build.0 = Debug|Win32
		{A34732C7-F61D-4A4F-A703-BC4770F89BF5}.Release|Win32.ActiveCfg = Release|Win32
		{A34732C7-F61D-4A4F-A703-BC4770F89BF5}.Release|Win32.Build.0 = Release|Win32
		{DB05B6C3-EE7E-48C2-8CA9-CDA4EB7178F1}.Debug|Win32.ActiveCfg = Debug|Win32
		{DB05B6C3-EE7E-48C2-8CA9-CDA4EB7178F1}.Debug|Win32.Build.0 = Debug|Win32
		{DB05B6C3-EE7E-48C2-8CA9-CDA4EB7178F1}.Release|Win32.ActiveCfg = Release|Win32
		{DB05B6C3-EE7E-48C2-8CA9-CDA4EB7178F1}.Release|Win32.Build.0 = Release|Win32
		{7FED1E74-C79D-4662-8D5C-1F1F59B3E80A}.Debug|Win32.ActiveCfg = Debug|Win32
		{7FED1E74-C79D-4662-8D5C-1F1F59B3E80A}.Debug|Win32.Build.0 = Debug|Win32
		{7FED1E74-C79D-4662-8D5C-1F1F59B3E80A}.Release|Win32.ActiveCfg = Release|Win32
		{7FED1E74-C79D-4662-8D5C-1F1F59B3E80A}.Release|Win32.Build.0 = Release|Win32
	EndGlobalSection
	GlobalSection(SolutionProperties) = preSolution
		HideSolutionNode = FALSE
	EndGlobalSection
EndGlobal
