
Microsoft Visual Studio Solution File, Format Version 11.00
# Visual Studio 2012
Project("{8BC9CEB8-8B4A-11D0-8D11-00A0C91BC942}") = "RoboFightWithDiffuseLighting", "RoboFightWithDiffuseLighting\RoboFightWithDiffuseLighting.vcxproj", "{2739815B-50EC-480D-AC6E-ED95691F3A52}"
EndProject
Project("{8BC9CEB8-8B4A-11D0-8D11-00A0C91BC942}") = "RoboFightWithSmoothShading", "RoboFightWithSmoothShading\RoboFightWithSmoothShading.vcxproj", "{E68FA1BE-A3BE-4B89-831A-C865A4020C80}"
EndProject
Global
	GlobalSection(SolutionConfigurationPlatforms) = preSolution
		Debug|Win32 = Debug|Win32
		Release|Win32 = Release|Win32
	EndGlobalSection
	GlobalSection(ProjectConfigurationPlatforms) = postSolution
		{2739815B-50EC-480D-AC6E-ED95691F3A52}.Debug|Win32.ActiveCfg = Debug|Win32
		{2739815B-50EC-480D-AC6E-ED95691F3A52}.Debug|Win32.Build.0 = Debug|Win32
		{2739815B-50EC-480D-AC6E-ED95691F3A52}.Release|Win32.ActiveCfg = Release|Win32
		{2739815B-50EC-480D-AC6E-ED95691F3A52}.Release|Win32.Build.0 = Release|Win32
		{E68FA1BE-A3BE-4B89-831A-C865A4020C80}.Debug|Win32.ActiveCfg = Debug|Win32
		{E68FA1BE-A3BE-4B89-831A-C865A4020C80}.Debug|Win32.Build.0 = Debug|Win32
		{E68FA1BE-A3BE-4B89-831A-C865A4020C80}.Release|Win32.ActiveCfg = Release|Win32
		{E68FA1BE-A3BE-4B89-831A-C865A4020C80}.Release|Win32.Build.0 = Release|Win32
	EndGlobalSection
	GlobalSection(SolutionProperties) = preSolution
		HideSolutionNode = FALSE
	EndGlobalSection
EndGlobal
