
Microsoft Visual Studio Solution File, Format Version 11.00
# Visual Studio 2012
Project("{8BC9CEB8-8B4A-11D0-8D11-00A0C91BC942}") = "RoboFightSafe", "RoboFightSafe\RoboFightSafe.vcxproj", "{ED881BFF-86D0-4416-826E-480161D4183A}"
EndProject
Project("{8BC9CEB8-8B4A-11D0-8D11-00A0C91BC942}") = "Library", "Library\Library.vcxproj", "{F4D9BBE2-1225-476D-B392-BCDC4B7935AE}"
EndProject
Global
	GlobalSection(SolutionConfigurationPlatforms) = preSolution
		Debug|Win32 = Debug|Win32
		Release|Win32 = Release|Win32
	EndGlobalSection
	GlobalSection(ProjectConfigurationPlatforms) = postSolution
		{ED881BFF-86D0-4416-826E-480161D4183A}.Debug|Win32.ActiveCfg = Debug|Win32
		{ED881BFF-86D0-4416-826E-480161D4183A}.Debug|Win32.Build.0 = Debug|Win32
		{ED881BFF-86D0-4416-826E-480161D4183A}.Release|Win32.ActiveCfg = Release|Win32
		{ED881BFF-86D0-4416-826E-480161D4183A}.Release|Win32.Build.0 = Release|Win32
		{F4D9BBE2-1225-476D-B392-BCDC4B7935AE}.Debug|Win32.ActiveCfg = Debug|Win32
		{F4D9BBE2-1225-476D-B392-BCDC4B7935AE}.Debug|Win32.Build.0 = Debug|Win32
		{F4D9BBE2-1225-476D-B392-BCDC4B7935AE}.Release|Win32.ActiveCfg = Release|Win32
		{F4D9BBE2-1225-476D-B392-BCDC4B7935AE}.Release|Win32.Build.0 = Release|Win32
	EndGlobalSection
	GlobalSection(SolutionProperties) = preSolution
		HideSolutionNode = FALSE
	EndGlobalSection
EndGlobal
