
Microsoft Visual Studio Solution File, Format Version 11.00
# Visual C++ Express 2010
Project("{8BC9CEB8-8B4A-11D0-8D11-00A0C91BC942}") = "NimotsuKunWithSystemFont", "NimotsuKunWithSystemFont\NimotsuKunWithSystemFont.vcxproj", "{67D8EB25-FFD3-4F0D-8F23-758215557AD5}"
EndProject
Project("{8BC9CEB8-8B4A-11D0-8D11-00A0C91BC942}") = "BakudanBitoSequenceOnly", "BakudanBitoSequenceOnly\BakudanBitoSequenceOnly.vcxproj", "{397E8701-7A18-4D27-AD56-7D95E913CB08}"
EndProject
Project("{8BC9CEB8-8B4A-11D0-8D11-00A0C91BC942}") = "BakudanBitoBackgroundOnly", "BakudanBitoBackgroundOnly\BakudanBitoBackgroundOnly.vcxproj", "{BFB5A7B1-8263-4D60-899B-36C5ED5C65BA}"
EndProject
Project("{8BC9CEB8-8B4A-11D0-8D11-00A0C91BC942}") = "BakudanBitoWithDynamicObject", "BakudanBitoWithDynamicObject\BakudanBitoWithDynamicObject.vcxproj", "{C22F2001-5116-4B4D-8F74-955E17B5B074}"
EndProject
Global
	GlobalSection(SolutionConfigurationPlatforms) = preSolution
		Debug|Win32 = Debug|Win32
		Release|Win32 = Release|Win32
	EndGlobalSection
	GlobalSection(ProjectConfigurationPlatforms) = postSolution
		{67D8EB25-FFD3-4F0D-8F23-758215557AD5}.Debug|Win32.ActiveCfg = Debug|Win32
		{67D8EB25-FFD3-4F0D-8F23-758215557AD5}.Debug|Win32.Build.0 = Debug|Win32
		{67D8EB25-FFD3-4F0D-8F23-758215557AD5}.Release|Win32.ActiveCfg = Release|Win32
		{67D8EB25-FFD3-4F0D-8F23-758215557AD5}.Release|Win32.Build.0 = Release|Win32
		{397E8701-7A18-4D27-AD56-7D95E913CB08}.Debug|Win32.ActiveCfg = Debug|Win32
		{397E8701-7A18-4D27-AD56-7D95E913CB08}.Debug|Win32.Build.0 = Debug|Win32
		{397E8701-7A18-4D27-AD56-7D95E913CB08}.Release|Win32.ActiveCfg = Release|Win32
		{397E8701-7A18-4D27-AD56-7D95E913CB08}.Release|Win32.Build.0 = Release|Win32
		{BFB5A7B1-8263-4D60-899B-36C5ED5C65BA}.Debug|Win32.ActiveCfg = Debug|Win32
		{BFB5A7B1-8263-4D60-899B-36C5ED5C65BA}.Debug|Win32.Build.0 = Debug|Win32
		{BFB5A7B1-8263-4D60-899B-36C5ED5C65BA}.Release|Win32.ActiveCfg = Release|Win32
		{BFB5A7B1-8263-4D60-899B-36C5ED5C65BA}.Release|Win32.Build.0 = Release|Win32
		{C22F2001-5116-4B4D-8F74-955E17B5B074}.Debug|Win32.ActiveCfg = Debug|Win32
		{C22F2001-5116-4B4D-8F74-955E17B5B074}.Debug|Win32.Build.0 = Debug|Win32
		{C22F2001-5116-4B4D-8F74-955E17B5B074}.Release|Win32.ActiveCfg = Release|Win32
		{C22F2001-5116-4B4D-8F74-955E17B5B074}.Release|Win32.Build.0 = Release|Win32
	EndGlobalSection
	GlobalSection(SolutionProperties) = preSolution
		HideSolutionNode = FALSE
	EndGlobalSection
EndGlobal
