
Microsoft Visual Studio Solution File, Format Version 11.00
# Visual C++ Express 2010
Project("{8BC9CEB8-8B4A-11D0-8D11-00A0C91BC942}") = "Rotation1", "Rotation1\Rotation1.vcxproj", "{E5555825-6345-44A7-BE8D-A79D8C51A817}"
EndProject
Project("{8BC9CEB8-8B4A-11D0-8D11-00A0C91BC942}") = "Rotation2", "Rotation2\Rotation2.vcxproj", "{22FBF2B3-901E-42DA-9AEB-39D2F7996B54}"
EndProject
Project("{8BC9CEB8-8B4A-11D0-8D11-00A0C91BC942}") = "RotationWithVector", "RotationWithVector\RotationWithVector.vcxproj", "{81561007-2CD4-4E20-8E72-5722D27192D3}"
EndProject
Project("{8BC9CEB8-8B4A-11D0-8D11-00A0C91BC942}") = "RotationWithMatrix", "RotationWithMatrix\RotationWithMatrix.vcxproj", "{8A8C7C7D-A883-439A-A68A-C039751A65C2}"
EndProject
Project("{8BC9CEB8-8B4A-11D0-8D11-00A0C91BC942}") = "RotationWithInterporation", "RotationWithInterporation\RotationWithInterporation.vcxproj", "{D43628A3-6EE8-409E-9467-3778DD3C0F24}"
EndProject
Project("{8BC9CEB8-8B4A-11D0-8D11-00A0C91BC942}") = "RotationWithRasterization", "RotationWithRasterization\RotationWithRasterization.vcxproj", "{4F87800A-8FCB-4EA1-B53A-7C7AA60ED8E1}"
EndProject
Project("{8BC9CEB8-8B4A-11D0-8D11-00A0C91BC942}") = "Scaling", "Scaling\Scaling.vcxproj", "{C5A98EA3-3CDD-440F-8536-DCC581876C96}"
EndProject
Project("{8BC9CEB8-8B4A-11D0-8D11-00A0C91BC942}") = "RotationAndScaling", "RotationAndScaling\RotationAndScaling.vcxproj", "{B0CAB4AF-DF90-402E-9C8E-D53006172E4F}"
EndProject
Project("{8BC9CEB8-8B4A-11D0-8D11-00A0C91BC942}") = "TranslationWithMatrix23", "TranslationWithMatrix23\TranslationWithMatrix23.vcxproj", "{409393B0-8CEA-4F5C-80F1-E0465C26A462}"
EndProject
Project("{8BC9CEB8-8B4A-11D0-8D11-00A0C91BC942}") = "ScalingWithMatrix23", "ScalingWithMatrix23\ScalingWithMatrix23.vcxproj", "{027D6991-92E2-4C27-AD8E-DC13E6CEE3EE}"
EndProject
Project("{8BC9CEB8-8B4A-11D0-8D11-00A0C91BC942}") = "RotationWithMatrix23", "RotationWithMatrix23\RotationWithMatrix23.vcxproj", "{D0E71FE1-CD17-4B5D-B7C1-ACFA9466B6BE}"
EndProject
Project("{8BC9CEB8-8B4A-11D0-8D11-00A0C91BC942}") = "MergeMatrices", "MergeMatrices\MergeMatrices.vcxproj", "{A35B2B21-7EF3-4F37-8838-63442B9431B4}"
EndProject
Global
	GlobalSection(SolutionConfigurationPlatforms) = preSolution
		Debug|Win32 = Debug|Win32
		Release|Win32 = Release|Win32
	EndGlobalSection
	GlobalSection(ProjectConfigurationPlatforms) = postSolution
		{E5555825-6345-44A7-BE8D-A79D8C51A817}.Debug|Win32.ActiveCfg = Debug|Win32
		{E5555825-6345-44A7-BE8D-A79D8C51A817}.Debug|Win32.Build.0 = Debug|Win32
		{E5555825-6345-44A7-BE8D-A79D8C51A817}.Release|Win32.ActiveCfg = Release|Win32
		{E5555825-6345-44A7-BE8D-A79D8C51A817}.Release|Win32.Build.0 = Release|Win32
		{22FBF2B3-901E-42DA-9AEB-39D2F7996B54}.Debug|Win32.ActiveCfg = Debug|Win32
		{22FBF2B3-901E-42DA-9AEB-39D2F7996B54}.Debug|Win32.Build.0 = Debug|Win32
		{22FBF2B3-901E-42DA-9AEB-39D2F7996B54}.Release|Win32.ActiveCfg = Release|Win32
		{22FBF2B3-901E-42DA-9AEB-39D2F7996B54}.Release|Win32.Build.0 = Release|Win32
		{81561007-2CD4-4E20-8E72-5722D27192D3}.Debug|Win32.ActiveCfg = Debug|Win32
		{81561007-2CD4-4E20-8E72-5722D27192D3}.Debug|Win32.Build.0 = Debug|Win32
		{81561007-2CD4-4E20-8E72-5722D27192D3}.Release|Win32.ActiveCfg = Release|Win32
		{81561007-2CD4-4E20-8E72-5722D27192D3}.Release|Win32.Build.0 = Release|Win32
		{8A8C7C7D-A883-439A-A68A-C039751A65C2}.Debug|Win32.ActiveCfg = Debug|Win32
		{8A8C7C7D-A883-439A-A68A-C039751A65C2}.Debug|Win32.Build.0 = Debug|Win32
		{8A8C7C7D-A883-439A-A68A-C039751A65C2}.Release|Win32.ActiveCfg = Release|Win32
		{8A8C7C7D-A883-439A-A68A-C039751A65C2}.Release|Win32.Build.0 = Release|Win32
		{D43628A3-6EE8-409E-9467-3778DD3C0F24}.Debug|Win32.ActiveCfg = Debug|Win32
		{D43628A3-6EE8-409E-9467-3778DD3C0F24}.Debug|Win32.Build.0 = Debug|Win32
		{D43628A3-6EE8-409E-9467-3778DD3C0F24}.Release|Win32.ActiveCfg = Release|Win32
		{D43628A3-6EE8-409E-9467-3778DD3C0F24}.Release|Win32.Build.0 = Release|Win32
		{4F87800A-8FCB-4EA1-B53A-7C7AA60ED8E1}.Debug|Win32.ActiveCfg = Debug|Win32
		{4F87800A-8FCB-4EA1-B53A-7C7AA60ED8E1}.Debug|Win32.Build.0 = Debug|Win32
		{4F87800A-8FCB-4EA1-B53A-7C7AA60ED8E1}.Release|Win32.ActiveCfg = Release|Win32
		{4F87800A-8FCB-4EA1-B53A-7C7AA60ED8E1}.Release|Win32.Build.0 = Release|Win32
		{C5A98EA3-3CDD-440F-8536-DCC581876C96}.Debug|Win32.ActiveCfg = Debug|Win32
		{C5A98EA3-3CDD-440F-8536-DCC581876C96}.Debug|Win32.Build.0 = Debug|Win32
		{C5A98EA3-3CDD-440F-8536-DCC581876C96}.Release|Win32.ActiveCfg = Release|Win32
		{C5A98EA3-3CDD-440F-8536-DCC581876C96}.Release|Win32.Build.0 = Release|Win32
		{B0CAB4AF-DF90-402E-9C8E-D53006172E4F}.Debug|Win32.ActiveCfg = Debug|Win32
		{B0CAB4AF-DF90-402E-9C8E-D53006172E4F}.Debug|Win32.Build.0 = Debug|Win32
		{B0CAB4AF-DF90-402E-9C8E-D53006172E4F}.Release|Win32.ActiveCfg = Release|Win32
		{B0CAB4AF-DF90-402E-9C8E-D53006172E4F}.Release|Win32.Build.0 = Release|Win32
		{409393B0-8CEA-4F5C-80F1-E0465C26A462}.Debug|Win32.ActiveCfg = Debug|Win32
		{409393B0-8CEA-4F5C-80F1-E0465C26A462}.Debug|Win32.Build.0 = Debug|Win32
		{409393B0-8CEA-4F5C-80F1-E0465C26A462}.Release|Win32.ActiveCfg = Release|Win32
		{409393B0-8CEA-4F5C-80F1-E0465C26A462}.Release|Win32.Build.0 = Release|Win32
		{027D6991-92E2-4C27-AD8E-DC13E6CEE3EE}.Debug|Win32.ActiveCfg = Debug|Win32
		{027D6991-92E2-4C27-AD8E-DC13E6CEE3EE}.Debug|Win32.Build.0 = Debug|Win32
		{027D6991-92E2-4C27-AD8E-DC13E6CEE3EE}.Release|Win32.ActiveCfg = Release|Win32
		{027D6991-92E2-4C27-AD8E-DC13E6CEE3EE}.Release|Win32.Build.0 = Release|Win32
		{D0E71FE1-CD17-4B5D-B7C1-ACFA9466B6BE}.Debug|Win32.ActiveCfg = Debug|Win32
		{D0E71FE1-CD17-4B5D-B7C1-ACFA9466B6BE}.Debug|Win32.Build.0 = Debug|Win32
		{D0E71FE1-CD17-4B5D-B7C1-ACFA9466B6BE}.Release|Win32.ActiveCfg = Release|Win32
		{D0E71FE1-CD17-4B5D-B7C1-ACFA9466B6BE}.Release|Win32.Build.0 = Release|Win32
		{A35B2B21-7EF3-4F37-8838-63442B9431B4}.Debug|Win32.ActiveCfg = Debug|Win32
		{A35B2B21-7EF3-4F37-8838-63442B9431B4}.Debug|Win32.Build.0 = Debug|Win32
		{A35B2B21-7EF3-4F37-8838-63442B9431B4}.Release|Win32.ActiveCfg = Release|Win32
		{A35B2B21-7EF3-4F37-8838-63442B9431B4}.Release|Win32.Build.0 = Release|Win32
	EndGlobalSection
	GlobalSection(SolutionProperties) = preSolution
		HideSolutionNode = FALSE
	EndGlobalSection
EndGlobal
