
Microsoft Visual Studio Solution File, Format Version 11.00
# Visual C++ Express 2010
Project("{8BC9CEB8-8B4A-11D0-8D11-00A0C91BC942}") = "Library", "Library\Library.vcxproj", "{F4D9BBE2-1225-476D-B392-BCDC4B7935AE}"
EndProject
Project("{8BC9CEB8-8B4A-11D0-8D11-00A0C91BC942}") = "RoboFightWithCuboidCollision", "RoboFightWithCuboidCollision\RoboFightWithCuboidCollision.vcxproj", "{126A9005-BCDB-43C3-A380-2596D7F8678A}"
EndProject
Project("{8BC9CEB8-8B4A-11D0-8D11-00A0C91BC942}") = "RoboFightWithTriangleCollision", "RoboFightWithTriangleCollision\RoboFightWithTriangleCollision.vcxproj", "{92CA2741-A313-4E97-8ABE-375A05DD0B51}"
EndProject
Project("{8BC9CEB8-8B4A-11D0-8D11-00A0C91BC942}") = "RoboFightWithSphereCollision", "RoboFightWithSphereCollision\RoboFightWithSphereCollision.vcxproj", "{60E91E21-F396-44EC-AA47-C9F784BBD2AA}"
EndProject
Project("{8BC9CEB8-8B4A-11D0-8D11-00A0C91BC942}") = "RoboFightWithTriangleCollision2", "RoboFightWithTriangleCollision2\RoboFightWithTriangleCollision2.vcxproj", "{97AC2155-A385-4398-A0EC-7A0FA6232BE2}"
EndProject
Project("{8BC9CEB8-8B4A-11D0-8D11-00A0C91BC942}") = "RoboFightWithTriangleCollision3", "RoboFightWithTriangleCollision3\RoboFightWithTriangleCollision3.vcxproj", "{1843EE4B-C731-4EE5-92DF-68338AE4D8FF}"
EndProject
Global
	GlobalSection(SolutionConfigurationPlatforms) = preSolution
		Debug|Win32 = Debug|Win32
		Release|Win32 = Release|Win32
	EndGlobalSection
	GlobalSection(ProjectConfigurationPlatforms) = postSolution
		{F4D9BBE2-1225-476D-B392-BCDC4B7935AE}.Debug|Win32.ActiveCfg = Debug|Win32
		{F4D9BBE2-1225-476D-B392-BCDC4B7935AE}.Debug|Win32.Build.0 = Debug|Win32
		{F4D9BBE2-1225-476D-B392-BCDC4B7935AE}.Release|Win32.ActiveCfg = Release|Win32
		{F4D9BBE2-1225-476D-B392-BCDC4B7935AE}.Release|Win32.Build.0 = Release|Win32
		{126A9005-BCDB-43C3-A380-2596D7F8678A}.Debug|Win32.ActiveCfg = Debug|Win32
		{126A9005-BCDB-43C3-A380-2596D7F8678A}.Debug|Win32.Build.0 = Debug|Win32
		{126A9005-BCDB-43C3-A380-2596D7F8678A}.Release|Win32.ActiveCfg = Release|Win32
		{126A9005-BCDB-43C3-A380-2596D7F8678A}.Release|Win32.Build.0 = Release|Win32
		{92CA2741-A313-4E97-8ABE-375A05DD0B51}.Debug|Win32.ActiveCfg = Debug|Win32
		{92CA2741-A313-4E97-8ABE-375A05DD0B51}.Debug|Win32.Build.0 = Debug|Win32
		{92CA2741-A313-4E97-8ABE-375A05DD0B51}.Release|Win32.ActiveCfg = Release|Win32
		{92CA2741-A313-4E97-8ABE-375A05DD0B51}.Release|Win32.Build.0 = Release|Win32
		{60E91E21-F396-44EC-AA47-C9F784BBD2AA}.Debug|Win32.ActiveCfg = Debug|Win32
		{60E91E21-F396-44EC-AA47-C9F784BBD2AA}.Debug|Win32.Build.0 = Debug|Win32
		{60E91E21-F396-44EC-AA47-C9F784BBD2AA}.Release|Win32.ActiveCfg = Release|Win32
		{60E91E21-F396-44EC-AA47-C9F784BBD2AA}.Release|Win32.Build.0 = Release|Win32
		{97AC2155-A385-4398-A0EC-7A0FA6232BE2}.Debug|Win32.ActiveCfg = Debug|Win32
		{97AC2155-A385-4398-A0EC-7A0FA6232BE2}.Debug|Win32.Build.0 = Debug|Win32
		{97AC2155-A385-4398-A0EC-7A0FA6232BE2}.Release|Win32.ActiveCfg = Release|Win32
		{97AC2155-A385-4398-A0EC-7A0FA6232BE2}.Release|Win32.Build.0 = Release|Win32
		{1843EE4B-C731-4EE5-92DF-68338AE4D8FF}.Debug|Win32.ActiveCfg = Debug|Win32
		{1843EE4B-C731-4EE5-92DF-68338AE4D8FF}.Debug|Win32.Build.0 = Debug|Win32
		{1843EE4B-C731-4EE5-92DF-68338AE4D8FF}.Release|Win32.ActiveCfg = Release|Win32
		{1843EE4B-C731-4EE5-92DF-68338AE4D8FF}.Release|Win32.Build.0 = Release|Win32
	EndGlobalSection
	GlobalSection(SolutionProperties) = preSolution
		HideSolutionNode = FALSE
	EndGlobalSection
EndGlobal
