
Microsoft Visual Studio Solution File, Format Version 11.00
# Visual Studio 2012
Project("{8BC9CEB8-8B4A-11D0-8D11-00A0C91BC942}") = "NimotsuKunRealTime", "NimotsuKunRealTime\NimotsuKunRealTime.vcxproj", "{985840AB-583E-4E94-BFC3-E62B13E0F9E5}"
EndProject
Project("{8BC9CEB8-8B4A-11D0-8D11-00A0C91BC942}") = "NimotsuKunRealTime2", "NimotsuKunRealTime2\NimotsuKunRealTime2.vcxproj", "{462BD19A-9D9A-460B-BE8D-5DBA29D319FC}"
EndProject
Project("{8BC9CEB8-8B4A-11D0-8D11-00A0C91BC942}") = "NimotsuKunSmoothMove", "NimotsuKunSmoothMove\NimotsuKunSmoothMove.vcxproj", "{DF1ED719-894B-4482-82C3-A3C13FDA4F8C}"
EndProject
Project("{8BC9CEB8-8B4A-11D0-8D11-00A0C91BC942}") = "NimotsuKunConstantFrameRate", "NimotsuKunConstantFrameRate\NimotsuKunConstantFrameRate.vcxproj", "{40F1B148-FFD5-438C-A963-534D18EDFD46}"
EndProject
Project("{8BC9CEB8-8B4A-11D0-8D11-00A0C91BC942}") = "NimotsuKunVariableFrameRate", "NimotsuKunVariableFrameRate\NimotsuKunVariableFrameRate.vcxproj", "{653D5417-E2AD-4DE8-968F-BE7D6A4646E3}"
EndProject
Project("{8BC9CEB8-8B4A-11D0-8D11-00A0C91BC942}") = "Tearing", "Tearing\Tearing.vcxproj", "{6BF9FCE5-B128-42DD-BA40-C4BFCAA3C17D}"
EndProject
Global
	GlobalSection(SolutionConfigurationPlatforms) = preSolution
		Debug|Win32 = Debug|Win32
		Release|Win32 = Release|Win32
	EndGlobalSection
	GlobalSection(ProjectConfigurationPlatforms) = postSolution
		{985840AB-583E-4E94-BFC3-E62B13E0F9E5}.Debug|Win32.ActiveCfg = Debug|Win32
		{985840AB-583E-4E94-BFC3-E62B13E0F9E5}.Debug|Win32.Build.0 = Debug|Win32
		{985840AB-583E-4E94-BFC3-E62B13E0F9E5}.Release|Win32.ActiveCfg = Release|Win32
		{985840AB-583E-4E94-BFC3-E62B13E0F9E5}.Release|Win32.Build.0 = Release|Win32
		{462BD19A-9D9A-460B-BE8D-5DBA29D319FC}.Debug|Win32.ActiveCfg = Debug|Win32
		{462BD19A-9D9A-460B-BE8D-5DBA29D319FC}.Debug|Win32.Build.0 = Debug|Win32
		{462BD19A-9D9A-460B-BE8D-5DBA29D319FC}.Release|Win32.ActiveCfg = Release|Win32
		{462BD19A-9D9A-460B-BE8D-5DBA29D319FC}.Release|Win32.Build.0 = Release|Win32
		{DF1ED719-894B-4482-82C3-A3C13FDA4F8C}.Debug|Win32.ActiveCfg = Debug|Win32
		{DF1ED719-894B-4482-82C3-A3C13FDA4F8C}.Debug|Win32.Build.0 = Debug|Win32
		{DF1ED719-894B-4482-82C3-A3C13FDA4F8C}.Release|Win32.ActiveCfg = Release|Win32
		{DF1ED719-894B-4482-82C3-A3C13FDA4F8C}.Release|Win32.Build.0 = Release|Win32
		{40F1B148-FFD5-438C-A963-534D18EDFD46}.Debug|Win32.ActiveCfg = Debug|Win32
		{40F1B148-FFD5-438C-A963-534D18EDFD46}.Debug|Win32.Build.0 = Debug|Win32
		{40F1B148-FFD5-438C-A963-534D18EDFD46}.Release|Win32.ActiveCfg = Release|Win32
		{40F1B148-FFD5-438C-A963-534D18EDFD46}.Release|Win32.Build.0 = Release|Win32
		{653D5417-E2AD-4DE8-968F-BE7D6A4646E3}.Debug|Win32.ActiveCfg = Debug|Win32
		{653D5417-E2AD-4DE8-968F-BE7D6A4646E3}.Debug|Win32.Build.0 = Debug|Win32
		{653D5417-E2AD-4DE8-968F-BE7D6A4646E3}.Release|Win32.ActiveCfg = Release|Win32
		{653D5417-E2AD-4DE8-968F-BE7D6A4646E3}.Release|Win32.Build.0 = Release|Win32
		{6BF9FCE5-B128-42DD-BA40-C4BFCAA3C17D}.Debug|Win32.ActiveCfg = Debug|Win32
		{6BF9FCE5-B128-42DD-BA40-C4BFCAA3C17D}.Debug|Win32.Build.0 = Debug|Win32
		{6BF9FCE5-B128-42DD-BA40-C4BFCAA3C17D}.Release|Win32.ActiveCfg = Release|Win32
		{6BF9FCE5-B128-42DD-BA40-C4BFCAA3C17D}.Release|Win32.Build.0 = Release|Win32
	EndGlobalSection
	GlobalSection(SolutionProperties) = preSolution
		HideSolutionNode = FALSE
	EndGlobalSection
EndGlobal
