
Microsoft Visual Studio Solution File, Format Version 11.00
# Visual Studio 2012

Project("{8BC9CEB8-8B4A-11D0-8D11-00A0C91BC942}") = "BakudanBitoFinal", "BakudanBitoFinal\BakudanBitoFinal.vcxproj", "{5559402A-2685-44CF-B410-12F4F19CBF00}"
EndProject
Project("{8BC9CEB8-8B4A-11D0-8D11-00A0C91BC942}") = "NimotsuKunFinal", "NimotsuKunFinal\NimotsuKunFinal.vcxproj", "{F60AF7F8-881F-4284-BB96-BE76B51FC0B5}"
EndProject
Project("{8BC9CEB8-8B4A-11D0-8D11-00A0C91BC942}") = "RoboFightFinal", "RoboFightFinal\RoboFightFinal.vcxproj", "{CC751C13-9941-469A-A182-476A6085A67B}"
EndProject
Global
	GlobalSection(SolutionConfigurationPlatforms) = preSolution
		Debug|Win32 = Debug|Win32
		Release|Win32 = Release|Win32
	EndGlobalSection
	GlobalSection(ProjectConfigurationPlatforms) = postSolution
		{5559402A-2685-44CF-B410-12F4F19CBF00}.Debug|Win32.ActiveCfg = Debug|Win32
		{5559402A-2685-44CF-B410-12F4F19CBF00}.Debug|Win32.Build.0 = Debug|Win32
		{5559402A-2685-44CF-B410-12F4F19CBF00}.Release|Win32.ActiveCfg = Release|Win32
		{5559402A-2685-44CF-B410-12F4F19CBF00}.Release|Win32.Build.0 = Release|Win32
		{F60AF7F8-881F-4284-BB96-BE76B51FC0B5}.Debug|Win32.ActiveCfg = Debug|Win32
		{F60AF7F8-881F-4284-BB96-BE76B51FC0B5}.Debug|Win32.Build.0 = Debug|Win32
		{F60AF7F8-881F-4284-BB96-BE76B51FC0B5}.Release|Win32.ActiveCfg = Release|Win32
		{F60AF7F8-881F-4284-BB96-BE76B51FC0B5}.Release|Win32.Build.0 = Release|Win32
		{CC751C13-9941-469A-A182-476A6085A67B}.Debug|Win32.ActiveCfg = Debug|Win32
		{CC751C13-9941-469A-A182-476A6085A67B}.Debug|Win32.Build.0 = Debug|Win32
		{CC751C13-9941-469A-A182-476A6085A67B}.Release|Win32.ActiveCfg = Release|Win32
		{CC751C13-9941-469A-A182-476A6085A67B}.Release|Win32.Build.0 = Release|Win32
	EndGlobalSection
	GlobalSection(SolutionProperties) = preSolution
		HideSolutionNode = FALSE
	EndGlobalSection
EndGlobal
