
Microsoft Visual Studio Solution File, Format Version 11.00
# Visual Studio 2012
Project("{8BC9CEB8-8B4A-11D0-8D11-00A0C91BC942}") = "SimpleSine", "SimpleSine\SimpleSine.vcxproj", "{4246C516-1692-4FA8-A144-F0E1F27E4DBA}"
EndProject
Project("{8BC9CEB8-8B4A-11D0-8D11-00A0C91BC942}") = "Library", "Library\Library.vcxproj", "{F4D9BBE2-1225-476D-B392-BCDC4B7935AE}"
EndProject
Project("{8BC9CEB8-8B4A-11D0-8D11-00A0C91BC942}") = "SimpleSineWithRotation", "SimpleSineWithRotation\SimpleSineWithRotation.vcxproj", "{195CD6EA-9D36-465B-B582-40313EF161E9}"
EndProject
Project("{8BC9CEB8-8B4A-11D0-8D11-00A0C91BC942}") = "SolarSystem1", "SolarSystem1\SolarSystem1.vcxproj", "{6FECC4E8-E001-4725-AFFB-2BDFE908755B}"
EndProject
Project("{8BC9CEB8-8B4A-11D0-8D11-00A0C91BC942}") = "SimpleSineWithRotation2", "SimpleSineWithRotation2\SimpleSineWithRotation2.vcxproj", "{633153EE-B126-4C69-BD9A-EC15F81575A1}"
EndProject
Project("{8BC9CEB8-8B4A-11D0-8D11-00A0C91BC942}") = "SolarSystem2", "SolarSystem2\SolarSystem2.vcxproj", "{84F6B33A-8FD5-494F-9633-803CF5D2E1BB}"
EndProject
Project("{8BC9CEB8-8B4A-11D0-8D11-00A0C91BC942}") = "SolarSystem3", "SolarSystem3\SolarSystem3.vcxproj", "{8758FA6E-AA8C-445F-A751-63F898627B60}"
EndProject
Project("{8BC9CEB8-8B4A-11D0-8D11-00A0C91BC942}") = "SolarSystem4", "SolarSystem4\SolarSystem4.vcxproj", "{244A77BB-1C4C-4E00-AA70-E41AED586267}"
EndProject
Project("{8BC9CEB8-8B4A-11D0-8D11-00A0C91BC942}") = "SolarSystem5", "SolarSystem5\SolarSystem5.vcxproj", "{392DD889-E6E7-468D-B920-DDAF586A7775}"
EndProject
Project("{8BC9CEB8-8B4A-11D0-8D11-00A0C91BC942}") = "SolarSystem6", "SolarSystem6\SolarSystem6.vcxproj", "{B7DB25F0-5D86-4D42-9B6A-15D3879E8716}"
EndProject
Project("{8BC9CEB8-8B4A-11D0-8D11-00A0C91BC942}") = "RoboFightWithAnimation", "RoboFightWithAnimation\RoboFightWithAnimation.vcxproj", "{7A5BE466-87E3-4E19-B632-C3E479A52AE8}"
EndProject
Project("{8BC9CEB8-8B4A-11D0-8D11-00A0C91BC942}") = "Circuit", "Circuit\Circuit.vcxproj", "{5C7AE6BE-17F6-4CAC-AF22-6F858F8A684D}"
EndProject
Global
	GlobalSection(SolutionConfigurationPlatforms) = preSolution
		Debug|Win32 = Debug|Win32
		Release|Win32 = Release|Win32
	EndGlobalSection
	GlobalSection(ProjectConfigurationPlatforms) = postSolution
		{4246C516-1692-4FA8-A144-F0E1F27E4DBA}.Debug|Win32.ActiveCfg = Debug|Win32
		{4246C516-1692-4FA8-A144-F0E1F27E4DBA}.Debug|Win32.Build.0 = Debug|Win32
		{4246C516-1692-4FA8-A144-F0E1F27E4DBA}.Release|Win32.ActiveCfg = Release|Win32
		{4246C516-1692-4FA8-A144-F0E1F27E4DBA}.Release|Win32.Build.0 = Release|Win32
		{F4D9BBE2-1225-476D-B392-BCDC4B7935AE}.Debug|Win32.ActiveCfg = Debug|Win32
		{F4D9BBE2-1225-476D-B392-BCDC4B7935AE}.Debug|Win32.Build.0 = Debug|Win32
		{F4D9BBE2-1225-476D-B392-BCDC4B7935AE}.Release|Win32.ActiveCfg = Release|Win32
		{F4D9BBE2-1225-476D-B392-BCDC4B7935AE}.Release|Win32.Build.0 = Release|Win32
		{195CD6EA-9D36-465B-B582-40313EF161E9}.Debug|Win32.ActiveCfg = Debug|Win32
		{195CD6EA-9D36-465B-B582-40313EF161E9}.Debug|Win32.Build.0 = Debug|Win32
		{195CD6EA-9D36-465B-B582-40313EF161E9}.Release|Win32.ActiveCfg = Release|Win32
		{195CD6EA-9D36-465B-B582-40313EF161E9}.Release|Win32.Build.0 = Release|Win32
		{6FECC4E8-E001-4725-AFFB-2BDFE908755B}.Debug|Win32.ActiveCfg = Debug|Win32
		{6FECC4E8-E001-4725-AFFB-2BDFE908755B}.Debug|Win32.Build.0 = Debug|Win32
		{6FECC4E8-E001-4725-AFFB-2BDFE908755B}.Release|Win32.ActiveCfg = Release|Win32
		{6FECC4E8-E001-4725-AFFB-2BDFE908755B}.Release|Win32.Build.0 = Release|Win32
		{633153EE-B126-4C69-BD9A-EC15F81575A1}.Debug|Win32.ActiveCfg = Debug|Win32
		{633153EE-B126-4C69-BD9A-EC15F81575A1}.Debug|Win32.Build.0 = Debug|Win32
		{633153EE-B126-4C69-BD9A-EC15F81575A1}.Release|Win32.ActiveCfg = Release|Win32
		{633153EE-B126-4C69-BD9A-EC15F81575A1}.Release|Win32.Build.0 = Release|Win32
		{84F6B33A-8FD5-494F-9633-803CF5D2E1BB}.Debug|Win32.ActiveCfg = Debug|Win32
		{84F6B33A-8FD5-494F-9633-803CF5D2E1BB}.Debug|Win32.Build.0 = Debug|Win32
		{84F6B33A-8FD5-494F-9633-803CF5D2E1BB}.Release|Win32.ActiveCfg = Release|Win32
		{84F6B33A-8FD5-494F-9633-803CF5D2E1BB}.Release|Win32.Build.0 = Release|Win32
		{8758FA6E-AA8C-445F-A751-63F898627B60}.Debug|Win32.ActiveCfg = Debug|Win32
		{8758FA6E-AA8C-445F-A751-63F898627B60}.Debug|Win32.Build.0 = Debug|Win32
		{8758FA6E-AA8C-445F-A751-63F898627B60}.Release|Win32.ActiveCfg = Release|Win32
		{8758FA6E-AA8C-445F-A751-63F898627B60}.Release|Win32.Build.0 = Release|Win32
		{244A77BB-1C4C-4E00-AA70-E41AED586267}.Debug|Win32.ActiveCfg = Debug|Win32
		{244A77BB-1C4C-4E00-AA70-E41AED586267}.Debug|Win32.Build.0 = Debug|Win32
		{244A77BB-1C4C-4E00-AA70-E41AED586267}.Release|Win32.ActiveCfg = Release|Win32
		{244A77BB-1C4C-4E00-AA70-E41AED586267}.Release|Win32.Build.0 = Release|Win32
		{392DD889-E6E7-468D-B920-DDAF586A7775}.Debug|Win32.ActiveCfg = Debug|Win32
		{392DD889-E6E7-468D-B920-DDAF586A7775}.Debug|Win32.Build.0 = Debug|Win32
		{392DD889-E6E7-468D-B920-DDAF586A7775}.Release|Win32.ActiveCfg = Release|Win32
		{392DD889-E6E7-468D-B920-DDAF586A7775}.Release|Win32.Build.0 = Release|Win32
		{B7DB25F0-5D86-4D42-9B6A-15D3879E8716}.Debug|Win32.ActiveCfg = Debug|Win32
		{B7DB25F0-5D86-4D42-9B6A-15D3879E8716}.Debug|Win32.Build.0 = Debug|Win32
		{B7DB25F0-5D86-4D42-9B6A-15D3879E8716}.Release|Win32.ActiveCfg = Release|Win32
		{B7DB25F0-5D86-4D42-9B6A-15D3879E8716}.Release|Win32.Build.0 = Release|Win32
		{7A5BE466-87E3-4E19-B632-C3E479A52AE8}.Debug|Win32.ActiveCfg = Debug|Win32
		{7A5BE466-87E3-4E19-B632-C3E479A52AE8}.Debug|Win32.Build.0 = Debug|Win32
		{7A5BE466-87E3-4E19-B632-C3E479A52AE8}.Release|Win32.ActiveCfg = Release|Win32
		{7A5BE466-87E3-4E19-B632-C3E479A52AE8}.Release|Win32.Build.0 = Release|Win32
		{5C7AE6BE-17F6-4CAC-AF22-6F858F8A684D}.Debug|Win32.ActiveCfg = Debug|Win32
		{5C7AE6BE-17F6-4CAC-AF22-6F858F8A684D}.Debug|Win32.Build.0 = Debug|Win32
		{5C7AE6BE-17F6-4CAC-AF22-6F858F8A684D}.Release|Win32.ActiveCfg = Release|Win32
		{5C7AE6BE-17F6-4CAC-AF22-6F858F8A684D}.Release|Win32.Build.0 = Release|Win32
	EndGlobalSection
	GlobalSection(SolutionProperties) = preSolution
		HideSolutionNode = FALSE
	EndGlobalSection
EndGlobal
