
Microsoft Visual Studio Solution File, Format Version 11.00
# Visual C++ Express 2010
Project("{8BC9CEB8-8B4A-11D0-8D11-00A0C91BC942}") = "CirclesAllCombination", "CirclesAllCombination\CirclesAllCombination.vcxproj", "{7D11A703-4304-4314-83CB-F72DB2B56E88}"
EndProject
Project("{8BC9CEB8-8B4A-11D0-8D11-00A0C91BC942}") = "CirclesSorting1", "CirclesSorting1\CirclesSorting1.vcxproj", "{C3D4DC18-EBF7-43A1-8A91-3C770DE13C52}"
EndProject
Project("{8BC9CEB8-8B4A-11D0-8D11-00A0C91BC942}") = "CirclesSorting2", "CirclesSorting2\CirclesSorting2.vcxproj", "{17F18298-D110-4C00-AAE0-7D0CA350812C}"
EndProject
Project("{8BC9CEB8-8B4A-11D0-8D11-00A0C91BC942}") = "CirclesUniformDivisionUsingStdList", "CirclesUniformDivisionUsingStdList\CirclesUniformDivisionUsingStdList.vcxproj", "{5575C146-A6DD-4D7A-9D79-ECA8B18E3130}"
EndProject
Project("{8BC9CEB8-8B4A-11D0-8D11-00A0C91BC942}") = "CirclesUniformDivisionUsingArray", "CirclesUniformDivisionUsingArray\CirclesUniformDivisionUsingArray.vcxproj", "{0F19E512-5B0F-472E-BA4E-BCE5A60CED5E}"
EndProject
Project("{8BC9CEB8-8B4A-11D0-8D11-00A0C91BC942}") = "CirclesUniformDivisionUsingArrayList", "CirclesUniformDivisionUsingArrayList\CirclesUniformDivisionUsingArrayList.vcxproj", "{B5A38AD2-F18A-4FCB-92D3-3F500E2C060E}"
EndProject
Project("{8BC9CEB8-8B4A-11D0-8D11-00A0C91BC942}") = "CirclesUniformDivisionUsingArrayList2", "CirclesUniformDivisionUsingArrayList2\CirclesUniformDivisionUsingArrayList2.vcxproj", "{0D3DECF7-30D3-4D67-A17E-FDEBB3EA400B}"
EndProject
Project("{8BC9CEB8-8B4A-11D0-8D11-00A0C91BC942}") = "CirclesUniformDivisionUsingArrayList3", "CirclesUniformDivisionUsingArrayList3\CirclesUniformDivisionUsingArrayList3.vcxproj", "{AD8B5BE2-EDE4-402F-B6B1-73FC07D97EB6}"
EndProject
Project("{8BC9CEB8-8B4A-11D0-8D11-00A0C91BC942}") = "CirclesKDTree", "CirclesKDTree\CirclesKDTree.vcxproj", "{5E529E6D-85A4-44A2-B737-FEDB769BA804}"
EndProject
Global
	GlobalSection(SolutionConfigurationPlatforms) = preSolution
		Debug|Win32 = Debug|Win32
		Release|Win32 = Release|Win32
	EndGlobalSection
	GlobalSection(ProjectConfigurationPlatforms) = postSolution
		{7D11A703-4304-4314-83CB-F72DB2B56E88}.Debug|Win32.ActiveCfg = Debug|Win32
		{7D11A703-4304-4314-83CB-F72DB2B56E88}.Debug|Win32.Build.0 = Debug|Win32
		{7D11A703-4304-4314-83CB-F72DB2B56E88}.Release|Win32.ActiveCfg = Release|Win32
		{7D11A703-4304-4314-83CB-F72DB2B56E88}.Release|Win32.Build.0 = Release|Win32
		{C3D4DC18-EBF7-43A1-8A91-3C770DE13C52}.Debug|Win32.ActiveCfg = Debug|Win32
		{C3D4DC18-EBF7-43A1-8A91-3C770DE13C52}.Debug|Win32.Build.0 = Debug|Win32
		{C3D4DC18-EBF7-43A1-8A91-3C770DE13C52}.Release|Win32.ActiveCfg = Release|Win32
		{C3D4DC18-EBF7-43A1-8A91-3C770DE13C52}.Release|Win32.Build.0 = Release|Win32
		{17F18298-D110-4C00-AAE0-7D0CA350812C}.Debug|Win32.ActiveCfg = Debug|Win32
		{17F18298-D110-4C00-AAE0-7D0CA350812C}.Debug|Win32.Build.0 = Debug|Win32
		{17F18298-D110-4C00-AAE0-7D0CA350812C}.Release|Win32.ActiveCfg = Release|Win32
		{17F18298-D110-4C00-AAE0-7D0CA350812C}.Release|Win32.Build.0 = Release|Win32
		{5575C146-A6DD-4D7A-9D79-ECA8B18E3130}.Debug|Win32.ActiveCfg = Debug|Win32
		{5575C146-A6DD-4D7A-9D79-ECA8B18E3130}.Debug|Win32.Build.0 = Debug|Win32
		{5575C146-A6DD-4D7A-9D79-ECA8B18E3130}.Release|Win32.ActiveCfg = Release|Win32
		{5575C146-A6DD-4D7A-9D79-ECA8B18E3130}.Release|Win32.Build.0 = Release|Win32
		{0F19E512-5B0F-472E-BA4E-BCE5A60CED5E}.Debug|Win32.ActiveCfg = Debug|Win32
		{0F19E512-5B0F-472E-BA4E-BCE5A60CED5E}.Debug|Win32.Build.0 = Debug|Win32
		{0F19E512-5B0F-472E-BA4E-BCE5A60CED5E}.Release|Win32.ActiveCfg = Release|Win32
		{0F19E512-5B0F-472E-BA4E-BCE5A60CED5E}.Release|Win32.Build.0 = Release|Win32
		{B5A38AD2-F18A-4FCB-92D3-3F500E2C060E}.Debug|Win32.ActiveCfg = Debug|Win32
		{B5A38AD2-F18A-4FCB-92D3-3F500E2C060E}.Debug|Win32.Build.0 = Debug|Win32
		{B5A38AD2-F18A-4FCB-92D3-3F500E2C060E}.Release|Win32.ActiveCfg = Release|Win32
		{B5A38AD2-F18A-4FCB-92D3-3F500E2C060E}.Release|Win32.Build.0 = Release|Win32
		{0D3DECF7-30D3-4D67-A17E-FDEBB3EA400B}.Debug|Win32.ActiveCfg = Debug|Win32
		{0D3DECF7-30D3-4D67-A17E-FDEBB3EA400B}.Debug|Win32.Build.0 = Debug|Win32
		{0D3DECF7-30D3-4D67-A17E-FDEBB3EA400B}.Release|Win32.ActiveCfg = Release|Win32
		{0D3DECF7-30D3-4D67-A17E-FDEBB3EA400B}.Release|Win32.Build.0 = Release|Win32
		{AD8B5BE2-EDE4-402F-B6B1-73FC07D97EB6}.Debug|Win32.ActiveCfg = Debug|Win32
		{AD8B5BE2-EDE4-402F-B6B1-73FC07D97EB6}.Debug|Win32.Build.0 = Debug|Win32
		{AD8B5BE2-EDE4-402F-B6B1-73FC07D97EB6}.Release|Win32.ActiveCfg = Release|Win32
		{AD8B5BE2-EDE4-402F-B6B1-73FC07D97EB6}.Release|Win32.Build.0 = Release|Win32
		{5E529E6D-85A4-44A2-B737-FEDB769BA804}.Debug|Win32.ActiveCfg = Debug|Win32
		{5E529E6D-85A4-44A2-B737-FEDB769BA804}.Debug|Win32.Build.0 = Debug|Win32
		{5E529E6D-85A4-44A2-B737-FEDB769BA804}.Release|Win32.ActiveCfg = Release|Win32
		{5E529E6D-85A4-44A2-B737-FEDB769BA804}.Release|Win32.Build.0 = Release|Win32
	EndGlobalSection
	GlobalSection(SolutionProperties) = preSolution
		HideSolutionNode = FALSE
	EndGlobalSection
EndGlobal
