
Microsoft Visual Studio Solution File, Format Version 11.00
# Visual C++ Express 2010
Project("{8BC9CEB8-8B4A-11D0-8D11-00A0C91BC942}") = "displayImage", "displayImage\displayImage.vcxproj", "{698DC5C7-A447-4AA0-A474-86A86BC020A6}"
EndProject
Project("{8BC9CEB8-8B4A-11D0-8D11-00A0C91BC942}") = "displayImagePartially", "displayImagePartially\displayImagePartially.vcxproj", "{F116D1B0-59B2-4528-804B-C957302F92FC}"
EndProject
Project("{8BC9CEB8-8B4A-11D0-8D11-00A0C91BC942}") = "NimotsuKunAlphaTest", "NimotsuKunAlphaTest\NimotsuKunAlphaTest.vcxproj", "{90DECF95-D3ED-41AF-8E19-32174D16C576}"
EndProject
Project("{8BC9CEB8-8B4A-11D0-8D11-00A0C91BC942}") = "displayImageAlphaTest", "displayImageAlphaTest\displayImageAlphaTest.vcxproj", "{3EB65960-B417-4947-B52E-8163818274E2}"
EndProject
Project("{8BC9CEB8-8B4A-11D0-8D11-00A0C91BC942}") = "displayImageAlphaBlend", "displayImageAlphaBlend\displayImageAlphaBlend.vcxproj", "{A98E4E9A-1E55-4A9F-AB5D-84EA40A720BB}"
EndProject
Project("{8BC9CEB8-8B4A-11D0-8D11-00A0C91BC942}") = "NimotsuKunAlphaBlend", "NimotsuKunAlphaBlend\NimotsuKunAlphaBlend.vcxproj", "{8E8A35D9-8385-47E1-A813-D75F21B8C5BC}"
EndProject
Project("{8BC9CEB8-8B4A-11D0-8D11-00A0C91BC942}") = "displayImageAdditionalBlend", "displayImageAdditionalBlend\displayImageAdditionalBlend.vcxproj", "{256524AF-07CD-4BC1-B63E-2FF37E93A1E3}"
EndProject
Project("{8BC9CEB8-8B4A-11D0-8D11-00A0C91BC942}") = "NimotsuKunImage", "NimotsuKunImage\NimotsuKunImage.vcxproj", "{A82CBD0C-7252-434D-8ACA-2EB19FA07690}"
EndProject
Global
	GlobalSection(SolutionConfigurationPlatforms) = preSolution
		Debug|Win32 = Debug|Win32
		Release|Win32 = Release|Win32
	EndGlobalSection
	GlobalSection(ProjectConfigurationPlatforms) = postSolution
		{698DC5C7-A447-4AA0-A474-86A86BC020A6}.Debug|Win32.ActiveCfg = Debug|Win32
		{698DC5C7-A447-4AA0-A474-86A86BC020A6}.Debug|Win32.Build.0 = Debug|Win32
		{698DC5C7-A447-4AA0-A474-86A86BC020A6}.Release|Win32.ActiveCfg = Release|Win32
		{698DC5C7-A447-4AA0-A474-86A86BC020A6}.Release|Win32.Build.0 = Release|Win32
		{F116D1B0-59B2-4528-804B-C957302F92FC}.Debug|Win32.ActiveCfg = Debug|Win32
		{F116D1B0-59B2-4528-804B-C957302F92FC}.Debug|Win32.Build.0 = Debug|Win32
		{F116D1B0-59B2-4528-804B-C957302F92FC}.Release|Win32.ActiveCfg = Release|Win32
		{F116D1B0-59B2-4528-804B-C957302F92FC}.Release|Win32.Build.0 = Release|Win32
		{90DECF95-D3ED-41AF-8E19-32174D16C576}.Debug|Win32.ActiveCfg = Debug|Win32
		{90DECF95-D3ED-41AF-8E19-32174D16C576}.Debug|Win32.Build.0 = Debug|Win32
		{90DECF95-D3ED-41AF-8E19-32174D16C576}.Release|Win32.ActiveCfg = Release|Win32
		{90DECF95-D3ED-41AF-8E19-32174D16C576}.Release|Win32.Build.0 = Release|Win32
		{3EB65960-B417-4947-B52E-8163818274E2}.Debug|Win32.ActiveCfg = Debug|Win32
		{3EB65960-B417-4947-B52E-8163818274E2}.Debug|Win32.Build.0 = Debug|Win32
		{3EB65960-B417-4947-B52E-8163818274E2}.Release|Win32.ActiveCfg = Release|Win32
		{3EB65960-B417-4947-B52E-8163818274E2}.Release|Win32.Build.0 = Release|Win32
		{A98E4E9A-1E55-4A9F-AB5D-84EA40A720BB}.Debug|Win32.ActiveCfg = Debug|Win32
		{A98E4E9A-1E55-4A9F-AB5D-84EA40A720BB}.Debug|Win32.Build.0 = Debug|Win32
		{A98E4E9A-1E55-4A9F-AB5D-84EA40A720BB}.Release|Win32.ActiveCfg = Release|Win32
		{A98E4E9A-1E55-4A9F-AB5D-84EA40A720BB}.Release|Win32.Build.0 = Release|Win32
		{8E8A35D9-8385-47E1-A813-D75F21B8C5BC}.Debug|Win32.ActiveCfg = Debug|Win32
		{8E8A35D9-8385-47E1-A813-D75F21B8C5BC}.Debug|Win32.Build.0 = Debug|Win32
		{8E8A35D9-8385-47E1-A813-D75F21B8C5BC}.Release|Win32.ActiveCfg = Release|Win32
		{8E8A35D9-8385-47E1-A813-D75F21B8C5BC}.Release|Win32.Build.0 = Release|Win32
		{256524AF-07CD-4BC1-B63E-2FF37E93A1E3}.Debug|Win32.ActiveCfg = Debug|Win32
		{256524AF-07CD-4BC1-B63E-2FF37E93A1E3}.Debug|Win32.Build.0 = Debug|Win32
		{256524AF-07CD-4BC1-B63E-2FF37E93A1E3}.Release|Win32.ActiveCfg = Release|Win32
		{256524AF-07CD-4BC1-B63E-2FF37E93A1E3}.Release|Win32.Build.0 = Release|Win32
		{A82CBD0C-7252-434D-8ACA-2EB19FA07690}.Debug|Win32.ActiveCfg = Debug|Win32
		{A82CBD0C-7252-434D-8ACA-2EB19FA07690}.Debug|Win32.Build.0 = Debug|Win32
		{A82CBD0C-7252-434D-8ACA-2EB19FA07690}.Release|Win32.ActiveCfg = Release|Win32
		{A82CBD0C-7252-434D-8ACA-2EB19FA07690}.Release|Win32.Build.0 = Release|Win32
	EndGlobalSection
	GlobalSection(SolutionProperties) = preSolution
		HideSolutionNode = FALSE
	EndGlobalSection
EndGlobal
