
Microsoft Visual Studio Solution File, Format Version 12.00
# Visual Studio 2012
Project("{8BC9CEB8-8B4A-11D0-8D11-00A0C91BC942}") = "NimotsuKun", "01_FirstGame\NimotsuKun\NimotsuKun.vcxproj", "{42B7E388-07C5-4C9E-94A6-C143F5183C3A}"
EndProject
Project("{8BC9CEB8-8B4A-11D0-8D11-00A0C91BC942}") = "NimotsuKun2", "01_FirstGame\NimotsuKun2\NimotsuKun2.vcxproj", "{4F1E2B87-6B7A-438F-857F-24088A03E5B9}"
EndProject
Project("{8BC9CEB8-8B4A-11D0-8D11-00A0C91BC942}") = "NimotsuKunBitOperation", "01_FirstGame\NimotsuKunBitOperation\NimotsuKunBitOperation.vcxproj", "{5A7E7947-C1DC-49C6-8169-1CB2C8064CA4}"
EndProject
Project("{8BC9CEB8-8B4A-11D0-8D11-00A0C91BC942}") = "NimotsuKunRawMemory", "01_FirstGame\NimotsuKunRawMemory\NimotsuKunRawMemory.vcxproj", "{CC0FA2CD-0B50-418F-92B4-2064080263EA}"
EndProject
Project("{8BC9CEB8-8B4A-11D0-8D11-00A0C91BC942}") = "drawPixels", "02_2DGraphics1\drawPixels\drawPixels.vcxproj", "{37A09CF0-29D3-4B98-AAAD-D60EFA02D145}"
EndProject
Project("{8BC9CEB8-8B4A-11D0-8D11-00A0C91BC942}") = "NimotsuKunBox", "02_2DGraphics1\NimotsuKunBox\NimotsuKunBox.vcxproj", "{F2538BEA-E253-4FFD-94C5-B00B225BA18C}"
EndProject
Project("{8BC9CEB8-8B4A-11D0-8D11-00A0C91BC942}") = "NimotsuKunBoxWithTermination", "02_2DGraphics1\NimotsuKunBoxWithTermination\NimotsuKunBoxWithTermination.vcxproj", "{B7715641-EA8B-4258-8C2C-B539EBE9E118}"
EndProject
Project("{8BC9CEB8-8B4A-11D0-8D11-00A0C91BC942}") = "NimotsuKunTextOnly", "02_2DGraphics1\NimotsuKunTextOnly\NimotsuKunTextOnly.vcxproj", "{ECD22F80-D767-4D10-A96D-7C5950958D0D}"
EndProject
Project("{8BC9CEB8-8B4A-11D0-8D11-00A0C91BC942}") = "NimotuKunDot", "02_2DGraphics1\NimotuKunDot\NimotuKunDot.vcxproj", "{36D0AFB3-5265-455D-AD8D-157939184D3C}"
EndProject
Project("{8BC9CEB8-8B4A-11D0-8D11-00A0C91BC942}") = "displayImage", "03_2DGraphics2\displayImage\displayImage.vcxproj", "{698DC5C7-A447-4AA0-A474-86A86BC020A6}"
EndProject
Project("{8BC9CEB8-8B4A-11D0-8D11-00A0C91BC942}") = "displayImageAdditionalBlend", "03_2DGraphics2\displayImageAdditionalBlend\displayImageAdditionalBlend.vcxproj", "{256524AF-07CD-4BC1-B63E-2FF37E93A1E3}"
EndProject
Project("{8BC9CEB8-8B4A-11D0-8D11-00A0C91BC942}") = "displayImageAlphaBlend", "03_2DGraphics2\displayImageAlphaBlend\displayImageAlphaBlend.vcxproj", "{A98E4E9A-1E55-4A9F-AB5D-84EA40A720BB}"
EndProject
Project("{8BC9CEB8-8B4A-11D0-8D11-00A0C91BC942}") = "displayImageAlphaTest", "03_2DGraphics2\displayImageAlphaTest\displayImageAlphaTest.vcxproj", "{3EB65960-B417-4947-B52E-8163818274E2}"
EndProject
Project("{8BC9CEB8-8B4A-11D0-8D11-00A0C91BC942}") = "displayImagePartially", "03_2DGraphics2\displayImagePartially\displayImagePartially.vcxproj", "{F116D1B0-59B2-4528-804B-C957302F92FC}"
EndProject
Project("{8BC9CEB8-8B4A-11D0-8D11-00A0C91BC942}") = "NimotsuKunAlphaBlend", "03_2DGraphics2\NimotsuKunAlphaBlend\NimotsuKunAlphaBlend.vcxproj", "{8E8A35D9-8385-47E1-A813-D75F21B8C5BC}"
EndProject
Project("{8BC9CEB8-8B4A-11D0-8D11-00A0C91BC942}") = "NimotsuKunAlphaTest", "03_2DGraphics2\NimotsuKunAlphaTest\NimotsuKunAlphaTest.vcxproj", "{90DECF95-D3ED-41AF-8E19-32174D16C576}"
EndProject
Project("{8BC9CEB8-8B4A-11D0-8D11-00A0C91BC942}") = "NimotsuKunImage", "03_2DGraphics2\NimotsuKunImage\NimotsuKunImage.vcxproj", "{A82CBD0C-7252-434D-8ACA-2EB19FA07690}"
EndProject
Project("{8BC9CEB8-8B4A-11D0-8D11-00A0C91BC942}") = "NimotsuKunConstantFrameRate", "04_RealTime\NimotsuKunConstantFrameRate\NimotsuKunConstantFrameRate.vcxproj", "{40F1B148-FFD5-438C-A963-534D18EDFD46}"
EndProject
Project("{8BC9CEB8-8B4A-11D0-8D11-00A0C91BC942}") = "NimotsuKunRealTime", "04_RealTime\NimotsuKunRealTime\NimotsuKunRealTime.vcxproj", "{985840AB-583E-4E94-BFC3-E62B13E0F9E5}"
EndProject
Project("{8BC9CEB8-8B4A-11D0-8D11-00A0C91BC942}") = "NimotsuKunRealTime2", "04_RealTime\NimotsuKunRealTime2\NimotsuKunRealTime2.vcxproj", "{462BD19A-9D9A-460B-BE8D-5DBA29D319FC}"
EndProject
Project("{8BC9CEB8-8B4A-11D0-8D11-00A0C91BC942}") = "NimotsuKunSmoothMove", "04_RealTime\NimotsuKunSmoothMove\NimotsuKunSmoothMove.vcxproj", "{DF1ED719-894B-4482-82C3-A3C13FDA4F8C}"
EndProject
Project("{8BC9CEB8-8B4A-11D0-8D11-00A0C91BC942}") = "NimotsuKunVariableFrameRate", "04_RealTime\NimotsuKunVariableFrameRate\NimotsuKunVariableFrameRate.vcxproj", "{653D5417-E2AD-4DE8-968F-BE7D6A4646E3}"
EndProject
Project("{8BC9CEB8-8B4A-11D0-8D11-00A0C91BC942}") = "Tearing", "04_RealTime\Tearing\Tearing.vcxproj", "{6BF9FCE5-B128-42DD-BA40-C4BFCAA3C17D}"
EndProject
Project("{8BC9CEB8-8B4A-11D0-8D11-00A0C91BC942}") = "NimotsuKunWithSequence1", "05_Sequence1\NimotsuKunWithSequence1\NimotsuKunWithSequence1.vcxproj", "{581598E0-3B7C-4EAF-B1B9-93732DED1A6A}"
EndProject
Project("{8BC9CEB8-8B4A-11D0-8D11-00A0C91BC942}") = "NimotsuKunWithSequence2", "05_Sequence1\NimotsuKunWithSequence2\NimotsuKunWithSequence2.vcxproj", "{AB5AAA6F-191A-47FC-B9FA-C4AFDC7120FB}"
EndProject
Project("{8BC9CEB8-8B4A-11D0-8D11-00A0C91BC942}") = "NimotsuKunWithFont", "06_Font1\NimotsuKunWithFont\NimotsuKunWithFont.vcxproj", "{F5C598DE-60BB-4E2A-8505-7AAEA235CC17}"
EndProject
Project("{8BC9CEB8-8B4A-11D0-8D11-00A0C91BC942}") = "BakudanBitoBackgroundOnly", "07_2DActionGame\BakudanBitoBackgroundOnly\BakudanBitoBackgroundOnly.vcxproj", "{BFB5A7B1-8263-4D60-899B-36C5ED5C65BA}"
EndProject
Project("{8BC9CEB8-8B4A-11D0-8D11-00A0C91BC942}") = "BakudanBitoSequenceOnly", "07_2DActionGame\BakudanBitoSequenceOnly\BakudanBitoSequenceOnly.vcxproj", "{397E8701-7A18-4D27-AD56-7D95E913CB08}"
EndProject
Project("{8BC9CEB8-8B4A-11D0-8D11-00A0C91BC942}") = "BakudanBitoWithDynamicObject", "07_2DActionGame\BakudanBitoWithDynamicObject\BakudanBitoWithDynamicObject.vcxproj", "{C22F2001-5116-4B4D-8F74-955E17B5B074}"
EndProject
Project("{8BC9CEB8-8B4A-11D0-8D11-00A0C91BC942}") = "NimotsuKunWithSystemFont", "07_2DActionGame\NimotsuKunWithSystemFont\NimotsuKunWithSystemFont.vcxproj", "{67D8EB25-FFD3-4F0D-8F23-758215557AD5}"
EndProject
Project("{8BC9CEB8-8B4A-11D0-8D11-00A0C91BC942}") = "BakudanBitoWithCollision", "08_2DCollision\BakudanBitoWithCollision\BakudanBitoWithCollision.vcxproj", "{7FED1E74-C79D-4662-8D5C-1F1F59B3E80A}"
EndProject
Project("{8BC9CEB8-8B4A-11D0-8D11-00A0C91BC942}") = "Detection", "08_2DCollision\Detection\Detection.vcxproj", "{AE5BB2C6-E5F0-49EA-99C4-812FF0582B90}"
EndProject
Project("{8BC9CEB8-8B4A-11D0-8D11-00A0C91BC942}") = "Reaction1", "08_2DCollision\Reaction1\Reaction1.vcxproj", "{43AB6873-F5E6-4B7C-8E25-77412DDF2708}"
EndProject
Project("{8BC9CEB8-8B4A-11D0-8D11-00A0C91BC942}") = "Reaction2", "08_2DCollision\Reaction2\Reaction2.vcxproj", "{1B1E838F-A26E-495E-AA39-F7F715E848CC}"
EndProject
Project("{8BC9CEB8-8B4A-11D0-8D11-00A0C91BC942}") = "Reaction3", "08_2DCollision\Reaction3\Reaction3.vcxproj", "{C60BABCF-1D05-444E-8E49-B0C4F776613F}"
EndProject
Project("{8BC9CEB8-8B4A-11D0-8D11-00A0C91BC942}") = "Reaction4", "08_2DCollision\Reaction4\Reaction4.vcxproj", "{1C9904B7-ECF3-42A4-8FF6-A923899A2503}"
EndProject
Project("{8BC9CEB8-8B4A-11D0-8D11-00A0C91BC942}") = "Reaction5", "08_2DCollision\Reaction5\Reaction5.vcxproj", "{936FC38D-CC42-4A9A-B01E-2DCF71C850EF}"
EndProject
Project("{8BC9CEB8-8B4A-11D0-8D11-00A0C91BC942}") = "ReducingStress1", "08_2DCollision\ReducingStress1\ReducingStress1.vcxproj", "{CA6060A8-6A00-41BE-B235-051F81024229}"
EndProject
Project("{8BC9CEB8-8B4A-11D0-8D11-00A0C91BC942}") = "ReducingStress2", "08_2DCollision\ReducingStress2\ReducingStress2.vcxproj", "{A34732C7-F61D-4A4F-A703-BC4770F89BF5}"
EndProject
Project("{8BC9CEB8-8B4A-11D0-8D11-00A0C91BC942}") = "ReducingStress3", "08_2DCollision\ReducingStress3\ReducingStress3.vcxproj", "{DB05B6C3-EE7E-48C2-8CA9-CDA4EB7178F1}"
EndProject
Project("{8BC9CEB8-8B4A-11D0-8D11-00A0C91BC942}") = "StressfulReaction", "08_2DCollision\StressfulReaction\StressfulReaction.vcxproj", "{897E2842-F382-4CBD-A1DC-176A8D73D3EF}"
EndProject
Project("{8BC9CEB8-8B4A-11D0-8D11-00A0C91BC942}") = "BakudanBitoWithJoystick", "09_InputDevices\BakudanBitoWithJoystick\BakudanBitoWithJoystick.vcxproj", "{EDB7081B-9213-4AD9-B7BD-CA18D97B59F3}"
EndProject
Project("{8BC9CEB8-8B4A-11D0-8D11-00A0C91BC942}") = "Joystick", "09_InputDevices\Joystick\Joystick.vcxproj", "{D0A5DEE6-3775-45D0-A8B0-4266C544A7CA}"
EndProject
Project("{8BC9CEB8-8B4A-11D0-8D11-00A0C91BC942}") = "Keyboard", "09_InputDevices\Keyboard\Keyboard.vcxproj", "{56376DDA-2F42-40A3-819D-849C341CFFC4}"
EndProject
Project("{8BC9CEB8-8B4A-11D0-8D11-00A0C91BC942}") = "Mouse", "09_InputDevices\Mouse\Mouse.vcxproj", "{61C52D68-618E-4509-87B2-2D555E9C21F9}"
EndProject
Project("{8BC9CEB8-8B4A-11D0-8D11-00A0C91BC942}") = "BakudanBitoWithImprovedSequence", "10_Sequence2\BakudanBitoWithImprovedSequence\BakudanBitoWithImprovedSequence.vcxproj", "{F3A114D9-AC63-4FA4-98D5-721036DDDACC}"
EndProject
Project("{8BC9CEB8-8B4A-11D0-8D11-00A0C91BC942}") = "BakudanBitoWithImprovedSequence2", "10_Sequence2\BakudanBitoWithImprovedSequence2\BakudanBitoWithImprovedSequence2.vcxproj", "{539A2576-4E1C-4D0F-B06C-616353A3E2A9}"
EndProject
Project("{8BC9CEB8-8B4A-11D0-8D11-00A0C91BC942}") = "BakudanBitoWithImprovedSequence3", "10_Sequence2\BakudanBitoWithImprovedSequence3\BakudanBitoWithImprovedSequence3.vcxproj", "{BE1A8C60-12CB-45AF-9031-49DD0C9E0A26}"
EndProject
Project("{8BC9CEB8-8B4A-11D0-8D11-00A0C91BC942}") = "Polymorphism", "10_Sequence2\Polymorphism\Polymorphism.vcxproj", "{658AA4C9-BB54-4CCE-AA60-3A6EC6F65199}"
EndProject
Project("{2150E333-8FDC-42A3-9474-1A3956D46DE8}") = "11_Sound1", "11_Sound1", "{A623170A-D8DF-40EC-BAE7-B9F571094616}"
EndProject
Project("{8BC9CEB8-8B4A-11D0-8D11-00A0C91BC942}") = "BakudanbitoWithSound", "11_Sound1\BakudanbitoWithSound\BakudanbitoWithSound.vcxproj", "{63D7B45D-7F25-4337-A6A4-EE0736BF74A4}"
EndProject
Project("{8BC9CEB8-8B4A-11D0-8D11-00A0C91BC942}") = "MultipleWaveFile", "11_Sound1\MultipleWaveFile\MultipleWaveFile.vcxproj", "{4C376B08-A060-4E6B-9058-7288BA37ECDE}"
EndProject
Project("{8BC9CEB8-8B4A-11D0-8D11-00A0C91BC942}") = "SingleWaveFile", "11_Sound1\SingleWaveFile\SingleWaveFile.vcxproj", "{C4CD2D9E-AD8E-4563-AB45-503C297CFCA5}"
EndProject
Project("{8BC9CEB8-8B4A-11D0-8D11-00A0C91BC942}") = "WaveSynthesis", "11_Sound1\WaveSynthesis\WaveSynthesis.vcxproj", "{FC7B8BA9-BAA9-4EC8-84FE-DB20B2918600}"
EndProject
Project("{2150E333-8FDC-42A3-9474-1A3956D46DE8}") = "11_Sound2", "11_Sound2", "{7CB39DC2-4CA7-4D4C-AC81-0D3B41E37E79}"
EndProject
Project("{8BC9CEB8-8B4A-11D0-8D11-00A0C91BC942}") = "ChangeFrequency", "11_Sound2\ChangeFrequency\ChangeFrequency.vcxproj", "{BE24F2D3-CE48-4635-B60D-550F2E0B0178}"
EndProject
Project("{8BC9CEB8-8B4A-11D0-8D11-00A0C91BC942}") = "ChangeTimbre", "11_Sound2\ChangeTimbre\ChangeTimbre.vcxproj", "{8A6A7294-6F63-4AB9-A960-9A0008F8C2DE}"
EndProject
Project("{8BC9CEB8-8B4A-11D0-8D11-00A0C91BC942}") = "ChangeVolume", "11_Sound2\ChangeVolume\ChangeVolume.vcxproj", "{91D52AC0-DF28-4ED8-886A-4AB2735896E7}"
EndProject
Project("{8BC9CEB8-8B4A-11D0-8D11-00A0C91BC942}") = "MultiTrack", "11_Sound2\MultiTrack\MultiTrack.vcxproj", "{68CC1263-F0A6-4F5A-BC9A-D0B937C17217}"
EndProject
Project("{8BC9CEB8-8B4A-11D0-8D11-00A0C91BC942}") = "Scale", "11_Sound2\Scale\Scale.vcxproj", "{4754AF04-943C-4198-9701-D3416A2CA3E6}"
EndProject
Project("{8BC9CEB8-8B4A-11D0-8D11-00A0C91BC942}") = "SimpleWave", "11_Sound2\SimpleWave\SimpleWave.vcxproj", "{7CB603B1-5E8E-4F62-B8A0-8BCCC5C4FE79}"
EndProject
Project("{8BC9CEB8-8B4A-11D0-8D11-00A0C91BC942}") = "SingleTrack", "11_Sound2\SingleTrack\SingleTrack.vcxproj", "{F90D83E0-C678-42A2-BE45-A5DA952FB36B}"
EndProject
Project("{8BC9CEB8-8B4A-11D0-8D11-00A0C91BC942}") = "Superposition", "11_Sound2\Superposition\Superposition.vcxproj", "{EDD56F91-23D1-429A-A226-0B8734B1DB6C}"
EndProject
Project("{8BC9CEB8-8B4A-11D0-8D11-00A0C91BC942}") = "WavFile", "11_Sound2\WavFile\WavFile.vcxproj", "{348D5242-95E2-4BF8-9F53-963BC50957EC}"
EndProject
Project("{2150E333-8FDC-42A3-9474-1A3956D46DE8}") = "12_2DTransform", "12_2DTransform", "{2660E428-4A8F-4EA2-8A9B-879DAB5FAC40}"
EndProject
Project("{8BC9CEB8-8B4A-11D0-8D11-00A0C91BC942}") = "MergeMatrices", "12_2DTransform\MergeMatrices\MergeMatrices.vcxproj", "{A35B2B21-7EF3-4F37-8838-63442B9431B4}"
EndProject
Project("{8BC9CEB8-8B4A-11D0-8D11-00A0C91BC942}") = "Rotation1", "12_2DTransform\Rotation1\Rotation1.vcxproj", "{E5555825-6345-44A7-BE8D-A79D8C51A817}"
EndProject
Project("{8BC9CEB8-8B4A-11D0-8D11-00A0C91BC942}") = "Rotation2", "12_2DTransform\Rotation2\Rotation2.vcxproj", "{22FBF2B3-901E-42DA-9AEB-39D2F7996B54}"
EndProject
Project("{8BC9CEB8-8B4A-11D0-8D11-00A0C91BC942}") = "RotationAndScaling", "12_2DTransform\RotationAndScaling\RotationAndScaling.vcxproj", "{B0CAB4AF-DF90-402E-9C8E-D53006172E4F}"
EndProject
Project("{8BC9CEB8-8B4A-11D0-8D11-00A0C91BC942}") = "RotationWithInterporation", "12_2DTransform\RotationWithInterporation\RotationWithInterporation.vcxproj", "{D43628A3-6EE8-409E-9467-3778DD3C0F24}"
EndProject
Project("{8BC9CEB8-8B4A-11D0-8D11-00A0C91BC942}") = "RotationWithMatrix", "12_2DTransform\RotationWithMatrix\RotationWithMatrix.vcxproj", "{8A8C7C7D-A883-439A-A68A-C039751A65C2}"
EndProject
Project("{8BC9CEB8-8B4A-11D0-8D11-00A0C91BC942}") = "RotationWithMatrix23", "12_2DTransform\RotationWithMatrix23\RotationWithMatrix23.vcxproj", "{D0E71FE1-CD17-4B5D-B7C1-ACFA9466B6BE}"
EndProject
Project("{8BC9CEB8-8B4A-11D0-8D11-00A0C91BC942}") = "RotationWithRasterization", "12_2DTransform\RotationWithRasterization\RotationWithRasterization.vcxproj", "{4F87800A-8FCB-4EA1-B53A-7C7AA60ED8E1}"
EndProject
Project("{8BC9CEB8-8B4A-11D0-8D11-00A0C91BC942}") = "RotationWithVector", "12_2DTransform\RotationWithVector\RotationWithVector.vcxproj", "{81561007-2CD4-4E20-8E72-5722D27192D3}"
EndProject
Project("{8BC9CEB8-8B4A-11D0-8D11-00A0C91BC942}") = "Scaling", "12_2DTransform\Scaling\Scaling.vcxproj", "{C5A98EA3-3CDD-440F-8536-DCC581876C96}"
EndProject
Project("{8BC9CEB8-8B4A-11D0-8D11-00A0C91BC942}") = "ScalingWithMatrix23", "12_2DTransform\ScalingWithMatrix23\ScalingWithMatrix23.vcxproj", "{027D6991-92E2-4C27-AD8E-DC13E6CEE3EE}"
EndProject
Project("{8BC9CEB8-8B4A-11D0-8D11-00A0C91BC942}") = "TranslationWithMatrix23", "12_2DTransform\TranslationWithMatrix23\TranslationWithMatrix23.vcxproj", "{409393B0-8CEA-4F5C-80F1-E0465C26A462}"
EndProject
Project("{2150E333-8FDC-42A3-9474-1A3956D46DE8}") = "01_FirstGame", "01_FirstGame", "{D2858222-176E-404A-ADDD-6BBAF8D33259}"
EndProject
Project("{2150E333-8FDC-42A3-9474-1A3956D46DE8}") = "02_2DGraphics1", "02_2DGraphics1", "{D63C3A8B-A238-4D1F-A8BB-B59C316D4E71}"
EndProject
Project("{2150E333-8FDC-42A3-9474-1A3956D46DE8}") = "03_2DGraphics2", "03_2DGraphics2", "{F542756C-28B2-4306-9171-02E2F151A6AC}"
EndProject
Project("{2150E333-8FDC-42A3-9474-1A3956D46DE8}") = "04_RealTime", "04_RealTime", "{6CED95E8-C168-48AB-9308-036EAD4D7CDA}"
EndProject
Project("{2150E333-8FDC-42A3-9474-1A3956D46DE8}") = "05_Sequence1", "05_Sequence1", "{61008A72-97E2-4FAF-B887-4F5AB61F0682}"
EndProject
Project("{2150E333-8FDC-42A3-9474-1A3956D46DE8}") = "06_Font1", "06_Font1", "{AAB91972-E030-40FB-8331-AAD5039EA79D}"
EndProject
Project("{2150E333-8FDC-42A3-9474-1A3956D46DE8}") = "07_2DActionGame", "07_2DActionGame", "{F54ACED7-300A-4FD2-AC98-B4DAEE98E832}"
EndProject
Project("{2150E333-8FDC-42A3-9474-1A3956D46DE8}") = "08_2DCollision", "08_2DCollision", "{99D8B7E9-E4B1-4A51-901A-033931152E1B}"
EndProject
Project("{2150E333-8FDC-42A3-9474-1A3956D46DE8}") = "09_InputDevices", "09_InputDevices", "{0790775C-FDE9-4C07-9441-73B68C51025E}"
EndProject
Project("{2150E333-8FDC-42A3-9474-1A3956D46DE8}") = "10_Sequence2", "10_Sequence2", "{AC24EE51-5542-49AA-AE4F-82580250B930}"
EndProject
Project("{2150E333-8FDC-42A3-9474-1A3956D46DE8}") = "13_3DHardware1", "13_3DHardware1", "{70388A48-81C0-40CB-A0EB-B07F568CDD78}"
EndProject
Project("{2150E333-8FDC-42A3-9474-1A3956D46DE8}") = "14_3DGraphics1", "14_3DGraphics1", "{3AA6E84A-553A-4309-A9D9-512FC6934341}"
EndProject
Project("{2150E333-8FDC-42A3-9474-1A3956D46DE8}") = "15_GraphicsLibrary1", "15_GraphicsLibrary1", "{36F1B9FA-E4FC-4C39-A162-32731D6A9392}"
EndProject
Project("{2150E333-8FDC-42A3-9474-1A3956D46DE8}") = "16_PseudoXml", "16_PseudoXml", "{C923AD5F-C9F2-4AD4-9F72-C008D2B45384}"
EndProject
Project("{2150E333-8FDC-42A3-9474-1A3956D46DE8}") = "17_FastCode", "17_FastCode", "{1B460BB9-CD8E-483F-9C84-AA4A4A561362}"
EndProject
Project("{2150E333-8FDC-42A3-9474-1A3956D46DE8}") = "18_3DCollision1", "18_3DCollision1", "{61B20F55-658F-4078-8294-6F733575E5B8}"
EndProject
Project("{2150E333-8FDC-42A3-9474-1A3956D46DE8}") = "19_RoboFightDesign", "19_RoboFightDesign", "{455E2CA9-3E45-405B-9825-1A9C58772CC9}"
EndProject
Project("{2150E333-8FDC-42A3-9474-1A3956D46DE8}") = "20_Lighting", "20_Lighting", "{7523C20F-CD88-457A-810A-9CD11BB56AD0}"
EndProject
Project("{2150E333-8FDC-42A3-9474-1A3956D46DE8}") = "21_Animation", "21_Animation", "{09EA8DED-64B7-4743-ABD7-C8838CC3B1E1}"
EndProject
Project("{2150E333-8FDC-42A3-9474-1A3956D46DE8}") = "22_3DCollision2", "22_3DCollision2", "{6D7339B0-62EA-4BCD-828C-59505419D7A5}"
EndProject
Project("{2150E333-8FDC-42A3-9474-1A3956D46DE8}") = "23_Loading", "23_Loading", "{DBC85877-CCB4-4C49-A94E-281BDFFAB1A1}"
EndProject
Project("{2150E333-8FDC-42A3-9474-1A3956D46DE8}") = "25_UsingFinalLibrary", "25_UsingFinalLibrary", "{0BE67B81-A4ED-4A20-BFEF-DDB1187B7730}"
EndProject
Project("{2150E333-8FDC-42A3-9474-1A3956D46DE8}") = "26_LifeWithBugs", "26_LifeWithBugs", "{717A9AE6-FA39-45FF-9C8B-8164864B9ABF}"
EndProject
Project("{8BC9CEB8-8B4A-11D0-8D11-00A0C91BC942}") = "AlphaBlend", "13_3DHardware1\AlphaBlend\AlphaBlend.vcxproj", "{3E495039-BEC5-42A6-9D24-05D4A328B33E}"
EndProject
Project("{8BC9CEB8-8B4A-11D0-8D11-00A0C91BC942}") = "BakudanBitoUsingHardware", "13_3DHardware1\BakudanBitoUsingHardware\BakudanBitoUsingHardware.vcxproj", "{033CFE18-A59B-4FF0-B748-6F5F1E9A7C92}"
EndProject
Project("{8BC9CEB8-8B4A-11D0-8D11-00A0C91BC942}") = "DrawColoredAndTexturedTriangle", "13_3DHardware1\DrawColoredAndTexturedTriangle\DrawColoredAndTexturedTriangle.vcxproj", "{BDC5DC7D-4DE1-4779-A8F3-C1627FC15ED7}"
EndProject
Project("{8BC9CEB8-8B4A-11D0-8D11-00A0C91BC942}") = "DrawColoredTriangle", "13_3DHardware1\DrawColoredTriangle\DrawColoredTriangle.vcxproj", "{591C381A-A304-462D-B301-BC2266BC45AF}"
EndProject
Project("{8BC9CEB8-8B4A-11D0-8D11-00A0C91BC942}") = "DrawTexturedTriangle", "13_3DHardware1\DrawTexturedTriangle\DrawTexturedTriangle.vcxproj", "{288465A4-B15A-4B7F-8EB0-3D66BB0C3650}"
EndProject
Project("{8BC9CEB8-8B4A-11D0-8D11-00A0C91BC942}") = "Transform", "13_3DHardware1\Transform\Transform.vcxproj", "{3A729D94-110F-492E-B8F5-38760D10F29C}"
EndProject
Project("{8BC9CEB8-8B4A-11D0-8D11-00A0C91BC942}") = "3DRotation", "14_3DGraphics1\3DRotation\3DRotation.vcxproj", "{64D6784E-F589-4438-92A3-6CC0502B8829}"
EndProject
Project("{8BC9CEB8-8B4A-11D0-8D11-00A0C91BC942}") = "AlphaBlendAndZTest", "14_3DGraphics1\AlphaBlendAndZTest\AlphaBlendAndZTest.vcxproj", "{E725AA33-2565-42C7-B2A4-ACF998BD34C7}"
EndProject
Project("{8BC9CEB8-8B4A-11D0-8D11-00A0C91BC942}") = "draw3DTriangle", "14_3DGraphics1\draw3DTriangle\draw3DTriangle.vcxproj", "{AAB11B58-4F82-4BED-8E0F-85420C825F07}"
EndProject
Project("{8BC9CEB8-8B4A-11D0-8D11-00A0C91BC942}") = "drawPerspectiveRect", "14_3DGraphics1\drawPerspectiveRect\drawPerspectiveRect.vcxproj", "{0C8F8176-6BA2-4B12-9598-A9183459F7B2}"
EndProject
Project("{8BC9CEB8-8B4A-11D0-8D11-00A0C91BC942}") = "drawPerspectiveRect2", "14_3DGraphics1\drawPerspectiveRect2\drawPerspectiveRect2.vcxproj", "{5345A1C0-66EF-4173-86AD-7E67FFB1D186}"
EndProject
Project("{8BC9CEB8-8B4A-11D0-8D11-00A0C91BC942}") = "PerspectiveProblems", "14_3DGraphics1\PerspectiveProblems\PerspectiveProblems.vcxproj", "{A9495E6D-32F8-41AD-A141-E4233062ED2A}"
EndProject
Project("{8BC9CEB8-8B4A-11D0-8D11-00A0C91BC942}") = "PrespectiveProblems2", "14_3DGraphics1\PrespectiveProblems2\PrespectiveProblems2.vcxproj", "{2AC86F2E-902C-4B13-B868-F166309432E5}"
EndProject
Project("{8BC9CEB8-8B4A-11D0-8D11-00A0C91BC942}") = "RoboFightGraphicsOnly", "14_3DGraphics1\RoboFightGraphicsOnly\RoboFightGraphicsOnly.vcxproj", "{5748F4B6-79FF-4A50-AADD-A63F822AF06E}"
EndProject
Project("{8BC9CEB8-8B4A-11D0-8D11-00A0C91BC942}") = "ViewTransform", "14_3DGraphics1\ViewTransform\ViewTransform.vcxproj", "{830939EA-E463-4F2A-AC00-F3BC9B17B987}"
EndProject
Project("{8BC9CEB8-8B4A-11D0-8D11-00A0C91BC942}") = "WholeTransform", "14_3DGraphics1\WholeTransform\WholeTransform.vcxproj", "{F78E3BB1-C0BA-41C7-BC30-BED49BF3D676}"
EndProject
Project("{8BC9CEB8-8B4A-11D0-8D11-00A0C91BC942}") = "WorldTransform", "14_3DGraphics1\WorldTransform\WorldTransform.vcxproj", "{0456D68B-B23F-43DC-A31E-91F10983FC20}"
EndProject
Project("{8BC9CEB8-8B4A-11D0-8D11-00A0C91BC942}") = "ZTest", "14_3DGraphics1\ZTest\ZTest.vcxproj", "{AE78EA9F-F39B-4349-AD84-02FF7B44A3E3}"
EndProject
Project("{8BC9CEB8-8B4A-11D0-8D11-00A0C91BC942}") = "Application", "15_GraphicsLibrary1\Application\Application.vcxproj", "{0BB39049-2A29-4458-B859-4A9ED91E70C5}"
EndProject
Project("{8BC9CEB8-8B4A-11D0-8D11-00A0C91BC942}") = "Library", "15_GraphicsLibrary1\Library\Library.vcxproj", "{F4D9BBE2-1225-476D-B392-BCDC4B7935AE}"
EndProject
Project("{8BC9CEB8-8B4A-11D0-8D11-00A0C91BC942}") = "UsageSample", "15_GraphicsLibrary1\UsageSample\UsageSample.vcxproj", "{189A9383-B3C6-4EEC-89BE-09726E4D2BAC}"
EndProject
Project("{8BC9CEB8-8B4A-11D0-8D11-00A0C91BC942}") = "MinimumImplementation", "16_PseudoXml\MinimumImplementation\MinimumImplementation.vcxproj", "{C95EA1BE-7B21-4E7A-AB80-6A59244CDF83}"
EndProject
Project("{8BC9CEB8-8B4A-11D0-8D11-00A0C91BC942}") = "BinarySearch", "17_FastCode\BinarySearch\BinarySearch.vcxproj", "{83FB52EA-3D0B-47DD-8652-686D81DBA77F}"
EndProject
Project("{8BC9CEB8-8B4A-11D0-8D11-00A0C91BC942}") = "CacheMissHell", "17_FastCode\CacheMissHell\CacheMissHell.vcxproj", "{4BD11AE2-8877-4B3A-8E49-153580B68B84}"
EndProject
Project("{8BC9CEB8-8B4A-11D0-8D11-00A0C91BC942}") = "ListUsingArray", "17_FastCode\ListUsingArray\ListUsingArray.vcxproj", "{C96D9D11-1392-4367-976D-8BF57716F7C0}"
EndProject
Project("{8BC9CEB8-8B4A-11D0-8D11-00A0C91BC942}") = "ListUsingNew", "17_FastCode\ListUsingNew\ListUsingNew.vcxproj", "{16C7F27E-99C8-47BE-BA22-39E1B5D2C242}"
EndProject
Project("{8BC9CEB8-8B4A-11D0-8D11-00A0C91BC942}") = "TravelingSalesmanProblem", "17_FastCode\TravelingSalesmanProblem\TravelingSalesmanProblem.vcxproj", "{4F90853C-4787-4586-B960-06BE83E8828F}"
EndProject
Project("{8BC9CEB8-8B4A-11D0-8D11-00A0C91BC942}") = "Library", "18_3DCollision1\Library\Library.vcxproj", "{576A310E-5879-438D-B2F3-1DD88C1417D2}"
EndProject
Project("{8BC9CEB8-8B4A-11D0-8D11-00A0C91BC942}") = "RoboFightWithCuboidCollision", "18_3DCollision1\RoboFightWithCuboidCollision\RoboFightWithCuboidCollision.vcxproj", "{126A9005-BCDB-43C3-A380-2596D7F8678A}"
	ProjectSection(ProjectDependencies) = postProject
		{576A310E-5879-438D-B2F3-1DD88C1417D2} = {576A310E-5879-438D-B2F3-1DD88C1417D2}
	EndProjectSection
EndProject
Project("{8BC9CEB8-8B4A-11D0-8D11-00A0C91BC942}") = "RoboFightWithSphereCollision", "18_3DCollision1\RoboFightWithSphereCollision\RoboFightWithSphereCollision.vcxproj", "{60E91E21-F396-44EC-AA47-C9F784BBD2AA}"
	ProjectSection(ProjectDependencies) = postProject
		{576A310E-5879-438D-B2F3-1DD88C1417D2} = {576A310E-5879-438D-B2F3-1DD88C1417D2}
	EndProjectSection
EndProject
Project("{8BC9CEB8-8B4A-11D0-8D11-00A0C91BC942}") = "RoboFightWithTriangleCollision", "18_3DCollision1\RoboFightWithTriangleCollision\RoboFightWithTriangleCollision.vcxproj", "{92CA2741-A313-4E97-8ABE-375A05DD0B51}"
	ProjectSection(ProjectDependencies) = postProject
		{576A310E-5879-438D-B2F3-1DD88C1417D2} = {576A310E-5879-438D-B2F3-1DD88C1417D2}
	EndProjectSection
EndProject
Project("{8BC9CEB8-8B4A-11D0-8D11-00A0C91BC942}") = "RoboFightWithTriangleCollision2", "18_3DCollision1\RoboFightWithTriangleCollision2\RoboFightWithTriangleCollision2.vcxproj", "{97AC2155-A385-4398-A0EC-7A0FA6232BE2}"
	ProjectSection(ProjectDependencies) = postProject
		{576A310E-5879-438D-B2F3-1DD88C1417D2} = {576A310E-5879-438D-B2F3-1DD88C1417D2}
	EndProjectSection
EndProject
Project("{8BC9CEB8-8B4A-11D0-8D11-00A0C91BC942}") = "RoboFightWithTriangleCollision3", "18_3DCollision1\RoboFightWithTriangleCollision3\RoboFightWithTriangleCollision3.vcxproj", "{1843EE4B-C731-4EE5-92DF-68338AE4D8FF}"
	ProjectSection(ProjectDependencies) = postProject
		{576A310E-5879-438D-B2F3-1DD88C1417D2} = {576A310E-5879-438D-B2F3-1DD88C1417D2}
	EndProjectSection
EndProject
Project("{8BC9CEB8-8B4A-11D0-8D11-00A0C91BC942}") = "Library", "19_RoboFightDesign\Library\Library.vcxproj", "{5893118A-1E07-44FF-9AD4-3CEC2F180CA2}"
EndProject
Project("{8BC9CEB8-8B4A-11D0-8D11-00A0C91BC942}") = "RoboFightIntegrated", "19_RoboFightDesign\RoboFightIntegrated\RoboFightIntegrated.vcxproj", "{56C0F5CF-8546-4584-8D79-3A372947C3E9}"
	ProjectSection(ProjectDependencies) = postProject
		{5893118A-1E07-44FF-9AD4-3CEC2F180CA2} = {5893118A-1E07-44FF-9AD4-3CEC2F180CA2}
	EndProjectSection
EndProject
Project("{8BC9CEB8-8B4A-11D0-8D11-00A0C91BC942}") = "RoboFightIntegrated2", "19_RoboFightDesign\RoboFightIntegrated2\RoboFightIntegrated2.vcxproj", "{B7DABE2D-614A-462C-8A51-16A12D9C855C}"
	ProjectSection(ProjectDependencies) = postProject
		{5893118A-1E07-44FF-9AD4-3CEC2F180CA2} = {5893118A-1E07-44FF-9AD4-3CEC2F180CA2}
	EndProjectSection
EndProject
Project("{8BC9CEB8-8B4A-11D0-8D11-00A0C91BC942}") = "RoboFightMoveOnly", "19_RoboFightDesign\RoboFightMoveOnly\RoboFightMoveOnly.vcxproj", "{5EA91DF5-126B-454B-91ED-F81314C41F88}"
	ProjectSection(ProjectDependencies) = postProject
		{5893118A-1E07-44FF-9AD4-3CEC2F180CA2} = {5893118A-1E07-44FF-9AD4-3CEC2F180CA2}
	EndProjectSection
EndProject
Project("{8BC9CEB8-8B4A-11D0-8D11-00A0C91BC942}") = "RoboFightWeaponOnly", "19_RoboFightDesign\RoboFightWeaponOnly\RoboFightWeaponOnly.vcxproj", "{837F7847-A5AD-4593-BB35-3C5D145AB189}"
	ProjectSection(ProjectDependencies) = postProject
		{5893118A-1E07-44FF-9AD4-3CEC2F180CA2} = {5893118A-1E07-44FF-9AD4-3CEC2F180CA2}
	EndProjectSection
EndProject
Project("{8BC9CEB8-8B4A-11D0-8D11-00A0C91BC942}") = "RoboFightWithFrontend", "19_RoboFightDesign\RoboFightWithFrontend\RoboFightWithFrontend.vcxproj", "{D972F05C-2C8C-4D8D-AA67-F7E21BCB03E4}"
	ProjectSection(ProjectDependencies) = postProject
		{5893118A-1E07-44FF-9AD4-3CEC2F180CA2} = {5893118A-1E07-44FF-9AD4-3CEC2F180CA2}
	EndProjectSection
EndProject
Project("{8BC9CEB8-8B4A-11D0-8D11-00A0C91BC942}") = "RoboFightWithDiffuseLighting", "20_Lighting\RoboFightWithDiffuseLighting\RoboFightWithDiffuseLighting.vcxproj", "{2739815B-50EC-480D-AC6E-ED95691F3A52}"
EndProject
Project("{8BC9CEB8-8B4A-11D0-8D11-00A0C91BC942}") = "RoboFightWithSmoothShading", "20_Lighting\RoboFightWithSmoothShading\RoboFightWithSmoothShading.vcxproj", "{E68FA1BE-A3BE-4B89-831A-C865A4020C80}"
EndProject
Project("{8BC9CEB8-8B4A-11D0-8D11-00A0C91BC942}") = "Circuit", "21_Animation\Circuit\Circuit.vcxproj", "{5C7AE6BE-17F6-4CAC-AF22-6F858F8A684D}"
	ProjectSection(ProjectDependencies) = postProject
		{371A6240-F249-455A-A4CE-5A9FE4335414} = {371A6240-F249-455A-A4CE-5A9FE4335414}
	EndProjectSection
EndProject
Project("{8BC9CEB8-8B4A-11D0-8D11-00A0C91BC942}") = "Library", "21_Animation\Library\Library.vcxproj", "{371A6240-F249-455A-A4CE-5A9FE4335414}"
EndProject
Project("{8BC9CEB8-8B4A-11D0-8D11-00A0C91BC942}") = "RoboFightWithAnimation", "21_Animation\RoboFightWithAnimation\RoboFightWithAnimation.vcxproj", "{7A5BE466-87E3-4E19-B632-C3E479A52AE8}"
	ProjectSection(ProjectDependencies) = postProject
		{371A6240-F249-455A-A4CE-5A9FE4335414} = {371A6240-F249-455A-A4CE-5A9FE4335414}
	EndProjectSection
EndProject
Project("{8BC9CEB8-8B4A-11D0-8D11-00A0C91BC942}") = "SimpleSine", "21_Animation\SimpleSine\SimpleSine.vcxproj", "{4246C516-1692-4FA8-A144-F0E1F27E4DBA}"
	ProjectSection(ProjectDependencies) = postProject
		{371A6240-F249-455A-A4CE-5A9FE4335414} = {371A6240-F249-455A-A4CE-5A9FE4335414}
	EndProjectSection
EndProject
Project("{8BC9CEB8-8B4A-11D0-8D11-00A0C91BC942}") = "SimpleSineWithRotation", "21_Animation\SimpleSineWithRotation\SimpleSineWithRotation.vcxproj", "{195CD6EA-9D36-465B-B582-40313EF161E9}"
	ProjectSection(ProjectDependencies) = postProject
		{371A6240-F249-455A-A4CE-5A9FE4335414} = {371A6240-F249-455A-A4CE-5A9FE4335414}
	EndProjectSection
EndProject
Project("{8BC9CEB8-8B4A-11D0-8D11-00A0C91BC942}") = "SimpleSineWithRotation2", "21_Animation\SimpleSineWithRotation2\SimpleSineWithRotation2.vcxproj", "{633153EE-B126-4C69-BD9A-EC15F81575A1}"
	ProjectSection(ProjectDependencies) = postProject
		{371A6240-F249-455A-A4CE-5A9FE4335414} = {371A6240-F249-455A-A4CE-5A9FE4335414}
	EndProjectSection
EndProject
Project("{8BC9CEB8-8B4A-11D0-8D11-00A0C91BC942}") = "SolarSystem1", "21_Animation\SolarSystem1\SolarSystem1.vcxproj", "{6FECC4E8-E001-4725-AFFB-2BDFE908755B}"
	ProjectSection(ProjectDependencies) = postProject
		{371A6240-F249-455A-A4CE-5A9FE4335414} = {371A6240-F249-455A-A4CE-5A9FE4335414}
	EndProjectSection
EndProject
Project("{8BC9CEB8-8B4A-11D0-8D11-00A0C91BC942}") = "SolarSystem2", "21_Animation\SolarSystem2\SolarSystem2.vcxproj", "{84F6B33A-8FD5-494F-9633-803CF5D2E1BB}"
	ProjectSection(ProjectDependencies) = postProject
		{371A6240-F249-455A-A4CE-5A9FE4335414} = {371A6240-F249-455A-A4CE-5A9FE4335414}
	EndProjectSection
EndProject
Project("{8BC9CEB8-8B4A-11D0-8D11-00A0C91BC942}") = "SolarSystem3", "21_Animation\SolarSystem3\SolarSystem3.vcxproj", "{8758FA6E-AA8C-445F-A751-63F898627B60}"
	ProjectSection(ProjectDependencies) = postProject
		{371A6240-F249-455A-A4CE-5A9FE4335414} = {371A6240-F249-455A-A4CE-5A9FE4335414}
	EndProjectSection
EndProject
Project("{8BC9CEB8-8B4A-11D0-8D11-00A0C91BC942}") = "SolarSystem4", "21_Animation\SolarSystem4\SolarSystem4.vcxproj", "{244A77BB-1C4C-4E00-AA70-E41AED586267}"
	ProjectSection(ProjectDependencies) = postProject
		{371A6240-F249-455A-A4CE-5A9FE4335414} = {371A6240-F249-455A-A4CE-5A9FE4335414}
	EndProjectSection
EndProject
Project("{8BC9CEB8-8B4A-11D0-8D11-00A0C91BC942}") = "SolarSystem5", "21_Animation\SolarSystem5\SolarSystem5.vcxproj", "{392DD889-E6E7-468D-B920-DDAF586A7775}"
	ProjectSection(ProjectDependencies) = postProject
		{371A6240-F249-455A-A4CE-5A9FE4335414} = {371A6240-F249-455A-A4CE-5A9FE4335414}
	EndProjectSection
EndProject
Project("{8BC9CEB8-8B4A-11D0-8D11-00A0C91BC942}") = "SolarSystem6", "21_Animation\SolarSystem6\SolarSystem6.vcxproj", "{B7DB25F0-5D86-4D42-9B6A-15D3879E8716}"
	ProjectSection(ProjectDependencies) = postProject
		{371A6240-F249-455A-A4CE-5A9FE4335414} = {371A6240-F249-455A-A4CE-5A9FE4335414}
	EndProjectSection
EndProject
Project("{8BC9CEB8-8B4A-11D0-8D11-00A0C91BC942}") = "CirclesAllCombination", "22_3DCollision2\CirclesAllCombination\CirclesAllCombination.vcxproj", "{7D11A703-4304-4314-83CB-F72DB2B56E88}"
EndProject
Project("{8BC9CEB8-8B4A-11D0-8D11-00A0C91BC942}") = "CirclesKDTree", "22_3DCollision2\CirclesKDTree\CirclesKDTree.vcxproj", "{5E529E6D-85A4-44A2-B737-FEDB769BA804}"
EndProject
Project("{8BC9CEB8-8B4A-11D0-8D11-00A0C91BC942}") = "CirclesSorting1", "22_3DCollision2\CirclesSorting1\CirclesSorting1.vcxproj", "{C3D4DC18-EBF7-43A1-8A91-3C770DE13C52}"
EndProject
Project("{8BC9CEB8-8B4A-11D0-8D11-00A0C91BC942}") = "CirclesSorting2", "22_3DCollision2\CirclesSorting2\CirclesSorting2.vcxproj", "{17F18298-D110-4C00-AAE0-7D0CA350812C}"
EndProject
Project("{8BC9CEB8-8B4A-11D0-8D11-00A0C91BC942}") = "CirclesUniformDivisionUsingArray", "22_3DCollision2\CirclesUniformDivisionUsingArray\CirclesUniformDivisionUsingArray.vcxproj", "{0F19E512-5B0F-472E-BA4E-BCE5A60CED5E}"
EndProject
Project("{8BC9CEB8-8B4A-11D0-8D11-00A0C91BC942}") = "CirclesUniformDivisionUsingArrayList", "22_3DCollision2\CirclesUniformDivisionUsingArrayList\CirclesUniformDivisionUsingArrayList.vcxproj", "{B5A38AD2-F18A-4FCB-92D3-3F500E2C060E}"
EndProject
Project("{8BC9CEB8-8B4A-11D0-8D11-00A0C91BC942}") = "CirclesUniformDivisionUsingArrayList2", "22_3DCollision2\CirclesUniformDivisionUsingArrayList2\CirclesUniformDivisionUsingArrayList2.vcxproj", "{0D3DECF7-30D3-4D67-A17E-FDEBB3EA400B}"
EndProject
Project("{8BC9CEB8-8B4A-11D0-8D11-00A0C91BC942}") = "CirclesUniformDivisionUsingArrayList3", "22_3DCollision2\CirclesUniformDivisionUsingArrayList3\CirclesUniformDivisionUsingArrayList3.vcxproj", "{AD8B5BE2-EDE4-402F-B6B1-73FC07D97EB6}"
EndProject
Project("{8BC9CEB8-8B4A-11D0-8D11-00A0C91BC942}") = "CirclesUniformDivisionUsingStdList", "22_3DCollision2\CirclesUniformDivisionUsingStdList\CirclesUniformDivisionUsingStdList.vcxproj", "{5575C146-A6DD-4D7A-9D79-ECA8B18E3130}"
EndProject
Project("{8BC9CEB8-8B4A-11D0-8D11-00A0C91BC942}") = "Archiver1", "23_Loading\Archiver1\Archiver1.vcxproj", "{BE13BD25-470C-4F56-A46B-5200565FDEE0}"
EndProject
Project("{8BC9CEB8-8B4A-11D0-8D11-00A0C91BC942}") = "ConstantRate", "23_Loading\ConstantRate\ConstantRate.vcxproj", "{BD2B0A29-3006-4DF9-A154-9E07F56C8D54}"
EndProject
Project("{8BC9CEB8-8B4A-11D0-8D11-00A0C91BC942}") = "CorrectIncrementation", "23_Loading\CorrectIncrementation\CorrectIncrementation.vcxproj", "{2BB1AF4E-995F-4ADD-9DD9-D912FD483426}"
EndProject
Project("{8BC9CEB8-8B4A-11D0-8D11-00A0C91BC942}") = "DictionaryCompression", "23_Loading\DictionaryCompression\DictionaryCompression.vcxproj", "{071C95ED-8EA6-4285-83E1-C75F29658D54}"
EndProject
Project("{8BC9CEB8-8B4A-11D0-8D11-00A0C91BC942}") = "HuffmanCoder", "23_Loading\HuffmanCoder\HuffmanCoder.vcxproj", "{FC01ABDE-454D-44B8-B34A-F23220DB17C5}"
EndProject
Project("{8BC9CEB8-8B4A-11D0-8D11-00A0C91BC942}") = "LoaderUsingThread", "23_Loading\LoaderUsingThread\LoaderUsingThread.vcxproj", "{B3B7B8ED-BE9A-45E8-9626-73622A32A2FC}"
EndProject
Project("{8BC9CEB8-8B4A-11D0-8D11-00A0C91BC942}") = "OneFilePerFrame", "23_Loading\OneFilePerFrame\OneFilePerFrame.vcxproj", "{A79FF7C6-050C-41BB-8D2B-3278EDC8E6E2}"
EndProject
Project("{8BC9CEB8-8B4A-11D0-8D11-00A0C91BC942}") = "RaceCondition", "23_Loading\RaceCondition\RaceCondition.vcxproj", "{7DFE4495-B015-43EE-81FF-D45A9AF625F7}"
EndProject
Project("{8BC9CEB8-8B4A-11D0-8D11-00A0C91BC942}") = "RaceCondition2", "23_Loading\RaceCondition2\RaceCondition2.vcxproj", "{5BBDD1B2-E497-4463-953D-930D3B2FDFE1}"
EndProject
Project("{8BC9CEB8-8B4A-11D0-8D11-00A0C91BC942}") = "RangeCoder", "23_Loading\RangeCoder\RangeCoder.vcxproj", "{D8743E3C-0544-461B-8EE9-4B73E8D3BB11}"
EndProject
Project("{8BC9CEB8-8B4A-11D0-8D11-00A0C91BC942}") = "RunLengthCompression", "23_Loading\RunLengthCompression\RunLengthCompression.vcxproj", "{29989063-E38F-4ABC-B7BC-1E782C122901}"
EndProject
Project("{8BC9CEB8-8B4A-11D0-8D11-00A0C91BC942}") = "SimpleLoader", "23_Loading\SimpleLoader\SimpleLoader.vcxproj", "{33F897E0-1FC7-42CE-B725-87411FDC4DC2}"
EndProject
Project("{8BC9CEB8-8B4A-11D0-8D11-00A0C91BC942}") = "SimpleThread", "23_Loading\SimpleThread\SimpleThread.vcxproj", "{166223AF-1856-4A53-A0F3-AD626AEE56D2}"
EndProject
Project("{8BC9CEB8-8B4A-11D0-8D11-00A0C91BC942}") = "WrongIncermentation", "23_Loading\WrongIncermentation\WrongIncermentation.vcxproj", "{5494C2AD-E8DE-4623-9DAC-CE2590AF53D4}"
EndProject
Project("{8BC9CEB8-8B4A-11D0-8D11-00A0C91BC942}") = "WrongIncrementation2", "23_Loading\WrongIncrementation2\WrongIncrementation2.vcxproj", "{8269D188-D15C-45C9-AF3A-5CCBD5CA28F8}"
EndProject
Project("{8BC9CEB8-8B4A-11D0-8D11-00A0C91BC942}") = "AntiAlias", "25_UsingFinalLibrary\AntiAlias\AntiAlias.vcxproj", "{B9406291-B73E-4AC3-A2E3-455317EA00F9}"
EndProject
Project("{8BC9CEB8-8B4A-11D0-8D11-00A0C91BC942}") = "DrawCube", "25_UsingFinalLibrary\DrawCube\DrawCube.vcxproj", "{18CA9F90-9FED-47DC-B557-F3936A878F7A}"
EndProject
Project("{8BC9CEB8-8B4A-11D0-8D11-00A0C91BC942}") = "RoboFightUsingFinal", "25_UsingFinalLibrary\RoboFightUsingFinal\RoboFightUsingFinal.vcxproj", "{911C559D-0902-457F-8534-85059B94113A}"
EndProject
Project("{8BC9CEB8-8B4A-11D0-8D11-00A0C91BC942}") = "TransparentCubes", "25_UsingFinalLibrary\TransparentCubes\TransparentCubes.vcxproj", "{C6DC443D-82B8-4FE0-88F5-EBD1BDCCB4B7}"
EndProject
Project("{8BC9CEB8-8B4A-11D0-8D11-00A0C91BC942}") = "Library", "26_LifeWithBugs\Library\Library.vcxproj", "{9237D086-C0F2-4380-A3DD-6DFEE8830271}"
EndProject
Project("{8BC9CEB8-8B4A-11D0-8D11-00A0C91BC942}") = "RoboFightSafe", "26_LifeWithBugs\RoboFightSafe\RoboFightSafe.vcxproj", "{ED881BFF-86D0-4416-826E-480161D4183A}"
	ProjectSection(ProjectDependencies) = postProject
		{9237D086-C0F2-4380-A3DD-6DFEE8830271} = {9237D086-C0F2-4380-A3DD-6DFEE8830271}
	EndProjectSection
EndProject
Global
	GlobalSection(SolutionConfigurationPlatforms) = preSolution
		Debug|Win32 = Debug|Win32
		Release|Win32 = Release|Win32
	EndGlobalSection
	GlobalSection(ProjectConfigurationPlatforms) = postSolution
		{42B7E388-07C5-4C9E-94A6-C143F5183C3A}.Debug|Win32.ActiveCfg = Debug|Win32
		{42B7E388-07C5-4C9E-94A6-C143F5183C3A}.Debug|Win32.Build.0 = Debug|Win32
		{42B7E388-07C5-4C9E-94A6-C143F5183C3A}.Release|Win32.ActiveCfg = Release|Win32
		{42B7E388-07C5-4C9E-94A6-C143F5183C3A}.Release|Win32.Build.0 = Release|Win32
		{4F1E2B87-6B7A-438F-857F-24088A03E5B9}.Debug|Win32.ActiveCfg = Debug|Win32
		{4F1E2B87-6B7A-438F-857F-24088A03E5B9}.Debug|Win32.Build.0 = Debug|Win32
		{4F1E2B87-6B7A-438F-857F-24088A03E5B9}.Release|Win32.ActiveCfg = Release|Win32
		{4F1E2B87-6B7A-438F-857F-24088A03E5B9}.Release|Win32.Build.0 = Release|Win32
		{5A7E7947-C1DC-49C6-8169-1CB2C8064CA4}.Debug|Win32.ActiveCfg = Debug|Win32
		{5A7E7947-C1DC-49C6-8169-1CB2C8064CA4}.Debug|Win32.Build.0 = Debug|Win32
		{5A7E7947-C1DC-49C6-8169-1CB2C8064CA4}.Release|Win32.ActiveCfg = Release|Win32
		{5A7E7947-C1DC-49C6-8169-1CB2C8064CA4}.Release|Win32.Build.0 = Release|Win32
		{CC0FA2CD-0B50-418F-92B4-2064080263EA}.Debug|Win32.ActiveCfg = Debug|Win32
		{CC0FA2CD-0B50-418F-92B4-2064080263EA}.Debug|Win32.Build.0 = Debug|Win32
		{CC0FA2CD-0B50-418F-92B4-2064080263EA}.Release|Win32.ActiveCfg = Release|Win32
		{CC0FA2CD-0B50-418F-92B4-2064080263EA}.Release|Win32.Build.0 = Release|Win32
		{37A09CF0-29D3-4B98-AAAD-D60EFA02D145}.Debug|Win32.ActiveCfg = Debug|Win32
		{37A09CF0-29D3-4B98-AAAD-D60EFA02D145}.Debug|Win32.Build.0 = Debug|Win32
		{37A09CF0-29D3-4B98-AAAD-D60EFA02D145}.Release|Win32.ActiveCfg = Release|Win32
		{37A09CF0-29D3-4B98-AAAD-D60EFA02D145}.Release|Win32.Build.0 = Release|Win32
		{F2538BEA-E253-4FFD-94C5-B00B225BA18C}.Debug|Win32.ActiveCfg = Debug|Win32
		{F2538BEA-E253-4FFD-94C5-B00B225BA18C}.Debug|Win32.Build.0 = Debug|Win32
		{F2538BEA-E253-4FFD-94C5-B00B225BA18C}.Release|Win32.ActiveCfg = Release|Win32
		{F2538BEA-E253-4FFD-94C5-B00B225BA18C}.Release|Win32.Build.0 = Release|Win32
		{B7715641-EA8B-4258-8C2C-B539EBE9E118}.Debug|Win32.ActiveCfg = Debug|Win32
		{B7715641-EA8B-4258-8C2C-B539EBE9E118}.Debug|Win32.Build.0 = Debug|Win32
		{B7715641-EA8B-4258-8C2C-B539EBE9E118}.Release|Win32.ActiveCfg = Release|Win32
		{B7715641-EA8B-4258-8C2C-B539EBE9E118}.Release|Win32.Build.0 = Release|Win32
		{ECD22F80-D767-4D10-A96D-7C5950958D0D}.Debug|Win32.ActiveCfg = Debug|Win32
		{ECD22F80-D767-4D10-A96D-7C5950958D0D}.Debug|Win32.Build.0 = Debug|Win32
		{ECD22F80-D767-4D10-A96D-7C5950958D0D}.Release|Win32.ActiveCfg = Release|Win32
		{ECD22F80-D767-4D10-A96D-7C5950958D0D}.Release|Win32.Build.0 = Release|Win32
		{36D0AFB3-5265-455D-AD8D-157939184D3C}.Debug|Win32.ActiveCfg = Debug|Win32
		{36D0AFB3-5265-455D-AD8D-157939184D3C}.Debug|Win32.Build.0 = Debug|Win32
		{36D0AFB3-5265-455D-AD8D-157939184D3C}.Release|Win32.ActiveCfg = Release|Win32
		{36D0AFB3-5265-455D-AD8D-157939184D3C}.Release|Win32.Build.0 = Release|Win32
		{698DC5C7-A447-4AA0-A474-86A86BC020A6}.Debug|Win32.ActiveCfg = Debug|Win32
		{698DC5C7-A447-4AA0-A474-86A86BC020A6}.Debug|Win32.Build.0 = Debug|Win32
		{698DC5C7-A447-4AA0-A474-86A86BC020A6}.Release|Win32.ActiveCfg = Release|Win32
		{698DC5C7-A447-4AA0-A474-86A86BC020A6}.Release|Win32.Build.0 = Release|Win32
		{256524AF-07CD-4BC1-B63E-2FF37E93A1E3}.Debug|Win32.ActiveCfg = Debug|Win32
		{256524AF-07CD-4BC1-B63E-2FF37E93A1E3}.Debug|Win32.Build.0 = Debug|Win32
		{256524AF-07CD-4BC1-B63E-2FF37E93A1E3}.Release|Win32.ActiveCfg = Release|Win32
		{256524AF-07CD-4BC1-B63E-2FF37E93A1E3}.Release|Win32.Build.0 = Release|Win32
		{A98E4E9A-1E55-4A9F-AB5D-84EA40A720BB}.Debug|Win32.ActiveCfg = Debug|Win32
		{A98E4E9A-1E55-4A9F-AB5D-84EA40A720BB}.Debug|Win32.Build.0 = Debug|Win32
		{A98E4E9A-1E55-4A9F-AB5D-84EA40A720BB}.Release|Win32.ActiveCfg = Release|Win32
		{A98E4E9A-1E55-4A9F-AB5D-84EA40A720BB}.Release|Win32.Build.0 = Release|Win32
		{3EB65960-B417-4947-B52E-8163818274E2}.Debug|Win32.ActiveCfg = Debug|Win32
		{3EB65960-B417-4947-B52E-8163818274E2}.Debug|Win32.Build.0 = Debug|Win32
		{3EB65960-B417-4947-B52E-8163818274E2}.Release|Win32.ActiveCfg = Release|Win32
		{3EB65960-B417-4947-B52E-8163818274E2}.Release|Win32.Build.0 = Release|Win32
		{F116D1B0-59B2-4528-804B-C957302F92FC}.Debug|Win32.ActiveCfg = Debug|Win32
		{F116D1B0-59B2-4528-804B-C957302F92FC}.Debug|Win32.Build.0 = Debug|Win32
		{F116D1B0-59B2-4528-804B-C957302F92FC}.Release|Win32.ActiveCfg = Release|Win32
		{F116D1B0-59B2-4528-804B-C957302F92FC}.Release|Win32.Build.0 = Release|Win32
		{8E8A35D9-8385-47E1-A813-D75F21B8C5BC}.Debug|Win32.ActiveCfg = Debug|Win32
		{8E8A35D9-8385-47E1-A813-D75F21B8C5BC}.Debug|Win32.Build.0 = Debug|Win32
		{8E8A35D9-8385-47E1-A813-D75F21B8C5BC}.Release|Win32.ActiveCfg = Release|Win32
		{8E8A35D9-8385-47E1-A813-D75F21B8C5BC}.Release|Win32.Build.0 = Release|Win32
		{90DECF95-D3ED-41AF-8E19-32174D16C576}.Debug|Win32.ActiveCfg = Debug|Win32
		{90DECF95-D3ED-41AF-8E19-32174D16C576}.Debug|Win32.Build.0 = Debug|Win32
		{90DECF95-D3ED-41AF-8E19-32174D16C576}.Release|Win32.ActiveCfg = Release|Win32
		{90DECF95-D3ED-41AF-8E19-32174D16C576}.Release|Win32.Build.0 = Release|Win32
		{A82CBD0C-7252-434D-8ACA-2EB19FA07690}.Debug|Win32.ActiveCfg = Debug|Win32
		{A82CBD0C-7252-434D-8ACA-2EB19FA07690}.Debug|Win32.Build.0 = Debug|Win32
		{A82CBD0C-7252-434D-8ACA-2EB19FA07690}.Release|Win32.ActiveCfg = Release|Win32
		{A82CBD0C-7252-434D-8ACA-2EB19FA07690}.Release|Win32.Build.0 = Release|Win32
		{40F1B148-FFD5-438C-A963-534D18EDFD46}.Debug|Win32.ActiveCfg = Debug|Win32
		{40F1B148-FFD5-438C-A963-534D18EDFD46}.Debug|Win32.Build.0 = Debug|Win32
		{40F1B148-FFD5-438C-A963-534D18EDFD46}.Release|Win32.ActiveCfg = Release|Win32
		{40F1B148-FFD5-438C-A963-534D18EDFD46}.Release|Win32.Build.0 = Release|Win32
		{985840AB-583E-4E94-BFC3-E62B13E0F9E5}.Debug|Win32.ActiveCfg = Debug|Win32
		{985840AB-583E-4E94-BFC3-E62B13E0F9E5}.Debug|Win32.Build.0 = Debug|Win32
		{985840AB-583E-4E94-BFC3-E62B13E0F9E5}.Release|Win32.ActiveCfg = Release|Win32
		{985840AB-583E-4E94-BFC3-E62B13E0F9E5}.Release|Win32.Build.0 = Release|Win32
		{462BD19A-9D9A-460B-BE8D-5DBA29D319FC}.Debug|Win32.ActiveCfg = Debug|Win32
		{462BD19A-9D9A-460B-BE8D-5DBA29D319FC}.Debug|Win32.Build.0 = Debug|Win32
		{462BD19A-9D9A-460B-BE8D-5DBA29D319FC}.Release|Win32.ActiveCfg = Release|Win32
		{462BD19A-9D9A-460B-BE8D-5DBA29D319FC}.Release|Win32.Build.0 = Release|Win32
		{DF1ED719-894B-4482-82C3-A3C13FDA4F8C}.Debug|Win32.ActiveCfg = Debug|Win32
		{DF1ED719-894B-4482-82C3-A3C13FDA4F8C}.Debug|Win32.Build.0 = Debug|Win32
		{DF1ED719-894B-4482-82C3-A3C13FDA4F8C}.Release|Win32.ActiveCfg = Release|Win32
		{DF1ED719-894B-4482-82C3-A3C13FDA4F8C}.Release|Win32.Build.0 = Release|Win32
		{653D5417-E2AD-4DE8-968F-BE7D6A4646E3}.Debug|Win32.ActiveCfg = Debug|Win32
		{653D5417-E2AD-4DE8-968F-BE7D6A4646E3}.Debug|Win32.Build.0 = Debug|Win32
		{653D5417-E2AD-4DE8-968F-BE7D6A4646E3}.Release|Win32.ActiveCfg = Release|Win32
		{653D5417-E2AD-4DE8-968F-BE7D6A4646E3}.Release|Win32.Build.0 = Release|Win32
		{6BF9FCE5-B128-42DD-BA40-C4BFCAA3C17D}.Debug|Win32.ActiveCfg = Debug|Win32
		{6BF9FCE5-B128-42DD-BA40-C4BFCAA3C17D}.Debug|Win32.Build.0 = Debug|Win32
		{6BF9FCE5-B128-42DD-BA40-C4BFCAA3C17D}.Release|Win32.ActiveCfg = Release|Win32
		{6BF9FCE5-B128-42DD-BA40-C4BFCAA3C17D}.Release|Win32.Build.0 = Release|Win32
		{581598E0-3B7C-4EAF-B1B9-93732DED1A6A}.Debug|Win32.ActiveCfg = Debug|Win32
		{581598E0-3B7C-4EAF-B1B9-93732DED1A6A}.Debug|Win32.Build.0 = Debug|Win32
		{581598E0-3B7C-4EAF-B1B9-93732DED1A6A}.Release|Win32.ActiveCfg = Release|Win32
		{581598E0-3B7C-4EAF-B1B9-93732DED1A6A}.Release|Win32.Build.0 = Release|Win32
		{AB5AAA6F-191A-47FC-B9FA-C4AFDC7120FB}.Debug|Win32.ActiveCfg = Debug|Win32
		{AB5AAA6F-191A-47FC-B9FA-C4AFDC7120FB}.Debug|Win32.Build.0 = Debug|Win32
		{AB5AAA6F-191A-47FC-B9FA-C4AFDC7120FB}.Release|Win32.ActiveCfg = Release|Win32
		{AB5AAA6F-191A-47FC-B9FA-C4AFDC7120FB}.Release|Win32.Build.0 = Release|Win32
		{F5C598DE-60BB-4E2A-8505-7AAEA235CC17}.Debug|Win32.ActiveCfg = Debug|Win32
		{F5C598DE-60BB-4E2A-8505-7AAEA235CC17}.Debug|Win32.Build.0 = Debug|Win32
		{F5C598DE-60BB-4E2A-8505-7AAEA235CC17}.Release|Win32.ActiveCfg = Release|Win32
		{F5C598DE-60BB-4E2A-8505-7AAEA235CC17}.Release|Win32.Build.0 = Release|Win32
		{BFB5A7B1-8263-4D60-899B-36C5ED5C65BA}.Debug|Win32.ActiveCfg = Debug|Win32
		{BFB5A7B1-8263-4D60-899B-36C5ED5C65BA}.Debug|Win32.Build.0 = Debug|Win32
		{BFB5A7B1-8263-4D60-899B-36C5ED5C65BA}.Release|Win32.ActiveCfg = Release|Win32
		{BFB5A7B1-8263-4D60-899B-36C5ED5C65BA}.Release|Win32.Build.0 = Release|Win32
		{397E8701-7A18-4D27-AD56-7D95E913CB08}.Debug|Win32.ActiveCfg = Debug|Win32
		{397E8701-7A18-4D27-AD56-7D95E913CB08}.Debug|Win32.Build.0 = Debug|Win32
		{397E8701-7A18-4D27-AD56-7D95E913CB08}.Release|Win32.ActiveCfg = Release|Win32
		{397E8701-7A18-4D27-AD56-7D95E913CB08}.Release|Win32.Build.0 = Release|Win32
		{C22F2001-5116-4B4D-8F74-955E17B5B074}.Debug|Win32.ActiveCfg = Debug|Win32
		{C22F2001-5116-4B4D-8F74-955E17B5B074}.Debug|Win32.Build.0 = Debug|Win32
		{C22F2001-5116-4B4D-8F74-955E17B5B074}.Release|Win32.ActiveCfg = Release|Win32
		{C22F2001-5116-4B4D-8F74-955E17B5B074}.Release|Win32.Build.0 = Release|Win32
		{67D8EB25-FFD3-4F0D-8F23-758215557AD5}.Debug|Win32.ActiveCfg = Debug|Win32
		{67D8EB25-FFD3-4F0D-8F23-758215557AD5}.Debug|Win32.Build.0 = Debug|Win32
		{67D8EB25-FFD3-4F0D-8F23-758215557AD5}.Release|Win32.ActiveCfg = Release|Win32
		{67D8EB25-FFD3-4F0D-8F23-758215557AD5}.Release|Win32.Build.0 = Release|Win32
		{7FED1E74-C79D-4662-8D5C-1F1F59B3E80A}.Debug|Win32.ActiveCfg = Debug|Win32
		{7FED1E74-C79D-4662-8D5C-1F1F59B3E80A}.Debug|Win32.Build.0 = Debug|Win32
		{7FED1E74-C79D-4662-8D5C-1F1F59B3E80A}.Release|Win32.ActiveCfg = Release|Win32
		{7FED1E74-C79D-4662-8D5C-1F1F59B3E80A}.Release|Win32.Build.0 = Release|Win32
		{AE5BB2C6-E5F0-49EA-99C4-812FF0582B90}.Debug|Win32.ActiveCfg = Debug|Win32
		{AE5BB2C6-E5F0-49EA-99C4-812FF0582B90}.Debug|Win32.Build.0 = Debug|Win32
		{AE5BB2C6-E5F0-49EA-99C4-812FF0582B90}.Release|Win32.ActiveCfg = Release|Win32
		{AE5BB2C6-E5F0-49EA-99C4-812FF0582B90}.Release|Win32.Build.0 = Release|Win32
		{43AB6873-F5E6-4B7C-8E25-77412DDF2708}.Debug|Win32.ActiveCfg = Debug|Win32
		{43AB6873-F5E6-4B7C-8E25-77412DDF2708}.Debug|Win32.Build.0 = Debug|Win32
		{43AB6873-F5E6-4B7C-8E25-77412DDF2708}.Release|Win32.ActiveCfg = Release|Win32
		{43AB6873-F5E6-4B7C-8E25-77412DDF2708}.Release|Win32.Build.0 = Release|Win32
		{1B1E838F-A26E-495E-AA39-F7F715E848CC}.Debug|Win32.ActiveCfg = Debug|Win32
		{1B1E838F-A26E-495E-AA39-F7F715E848CC}.Debug|Win32.Build.0 = Debug|Win32
		{1B1E838F-A26E-495E-AA39-F7F715E848CC}.Release|Win32.ActiveCfg = Release|Win32
		{1B1E838F-A26E-495E-AA39-F7F715E848CC}.Release|Win32.Build.0 = Release|Win32
		{C60BABCF-1D05-444E-8E49-B0C4F776613F}.Debug|Win32.ActiveCfg = Debug|Win32
		{C60BABCF-1D05-444E-8E49-B0C4F776613F}.Debug|Win32.Build.0 = Debug|Win32
		{C60BABCF-1D05-444E-8E49-B0C4F776613F}.Release|Win32.ActiveCfg = Release|Win32
		{C60BABCF-1D05-444E-8E49-B0C4F776613F}.Release|Win32.Build.0 = Release|Win32
		{1C9904B7-ECF3-42A4-8FF6-A923899A2503}.Debug|Win32.ActiveCfg = Debug|Win32
		{1C9904B7-ECF3-42A4-8FF6-A923899A2503}.Debug|Win32.Build.0 = Debug|Win32
		{1C9904B7-ECF3-42A4-8FF6-A923899A2503}.Release|Win32.ActiveCfg = Release|Win32
		{1C9904B7-ECF3-42A4-8FF6-A923899A2503}.Release|Win32.Build.0 = Release|Win32
		{936FC38D-CC42-4A9A-B01E-2DCF71C850EF}.Debug|Win32.ActiveCfg = Debug|Win32
		{936FC38D-CC42-4A9A-B01E-2DCF71C850EF}.Debug|Win32.Build.0 = Debug|Win32
		{936FC38D-CC42-4A9A-B01E-2DCF71C850EF}.Release|Win32.ActiveCfg = Release|Win32
		{936FC38D-CC42-4A9A-B01E-2DCF71C850EF}.Release|Win32.Build.0 = Release|Win32
		{CA6060A8-6A00-41BE-B235-051F81024229}.Debug|Win32.ActiveCfg = Debug|Win32
		{CA6060A8-6A00-41BE-B235-051F81024229}.Debug|Win32.Build.0 = Debug|Win32
		{CA6060A8-6A00-41BE-B235-051F81024229}.Release|Win32.ActiveCfg = Release|Win32
		{CA6060A8-6A00-41BE-B235-051F81024229}.Release|Win32.Build.0 = Release|Win32
		{A34732C7-F61D-4A4F-A703-BC4770F89BF5}.Debug|Win32.ActiveCfg = Debug|Win32
		{A34732C7-F61D-4A4F-A703-BC4770F89BF5}.Debug|Win32.Build.0 = Debug|Win32
		{A34732C7-F61D-4A4F-A703-BC4770F89BF5}.Release|Win32.ActiveCfg = Release|Win32
		{A34732C7-F61D-4A4F-A703-BC4770F89BF5}.Release|Win32.Build.0 = Release|Win32
		{DB05B6C3-EE7E-48C2-8CA9-CDA4EB7178F1}.Debug|Win32.ActiveCfg = Debug|Win32
		{DB05B6C3-EE7E-48C2-8CA9-CDA4EB7178F1}.Debug|Win32.Build.0 = Debug|Win32
		{DB05B6C3-EE7E-48C2-8CA9-CDA4EB7178F1}.Release|Win32.ActiveCfg = Release|Win32
		{DB05B6C3-EE7E-48C2-8CA9-CDA4EB7178F1}.Release|Win32.Build.0 = Release|Win32
		{897E2842-F382-4CBD-A1DC-176A8D73D3EF}.Debug|Win32.ActiveCfg = Debug|Win32
		{897E2842-F382-4CBD-A1DC-176A8D73D3EF}.Debug|Win32.Build.0 = Debug|Win32
		{897E2842-F382-4CBD-A1DC-176A8D73D3EF}.Release|Win32.ActiveCfg = Release|Win32
		{897E2842-F382-4CBD-A1DC-176A8D73D3EF}.Release|Win32.Build.0 = Release|Win32
		{EDB7081B-9213-4AD9-B7BD-CA18D97B59F3}.Debug|Win32.ActiveCfg = Debug|Win32
		{EDB7081B-9213-4AD9-B7BD-CA18D97B59F3}.Debug|Win32.Build.0 = Debug|Win32
		{EDB7081B-9213-4AD9-B7BD-CA18D97B59F3}.Release|Win32.ActiveCfg = Release|Win32
		{EDB7081B-9213-4AD9-B7BD-CA18D97B59F3}.Release|Win32.Build.0 = Release|Win32
		{D0A5DEE6-3775-45D0-A8B0-4266C544A7CA}.Debug|Win32.ActiveCfg = Debug|Win32
		{D0A5DEE6-3775-45D0-A8B0-4266C544A7CA}.Debug|Win32.Build.0 = Debug|Win32
		{D0A5DEE6-3775-45D0-A8B0-4266C544A7CA}.Release|Win32.ActiveCfg = Release|Win32
		{D0A5DEE6-3775-45D0-A8B0-4266C544A7CA}.Release|Win32.Build.0 = Release|Win32
		{56376DDA-2F42-40A3-819D-849C341CFFC4}.Debug|Win32.ActiveCfg = Debug|Win32
		{56376DDA-2F42-40A3-819D-849C341CFFC4}.Debug|Win32.Build.0 = Debug|Win32
		{56376DDA-2F42-40A3-819D-849C341CFFC4}.Release|Win32.ActiveCfg = Release|Win32
		{56376DDA-2F42-40A3-819D-849C341CFFC4}.Release|Win32.Build.0 = Release|Win32
		{61C52D68-618E-4509-87B2-2D555E9C21F9}.Debug|Win32.ActiveCfg = Debug|Win32
		{61C52D68-618E-4509-87B2-2D555E9C21F9}.Debug|Win32.Build.0 = Debug|Win32
		{61C52D68-618E-4509-87B2-2D555E9C21F9}.Release|Win32.ActiveCfg = Release|Win32
		{61C52D68-618E-4509-87B2-2D555E9C21F9}.Release|Win32.Build.0 = Release|Win32
		{F3A114D9-AC63-4FA4-98D5-721036DDDACC}.Debug|Win32.ActiveCfg = Debug|Win32
		{F3A114D9-AC63-4FA4-98D5-721036DDDACC}.Debug|Win32.Build.0 = Debug|Win32
		{F3A114D9-AC63-4FA4-98D5-721036DDDACC}.Release|Win32.ActiveCfg = Release|Win32
		{F3A114D9-AC63-4FA4-98D5-721036DDDACC}.Release|Win32.Build.0 = Release|Win32
		{539A2576-4E1C-4D0F-B06C-616353A3E2A9}.Debug|Win32.ActiveCfg = Debug|Win32
		{539A2576-4E1C-4D0F-B06C-616353A3E2A9}.Debug|Win32.Build.0 = Debug|Win32
		{539A2576-4E1C-4D0F-B06C-616353A3E2A9}.Release|Win32.ActiveCfg = Release|Win32
		{539A2576-4E1C-4D0F-B06C-616353A3E2A9}.Release|Win32.Build.0 = Release|Win32
		{BE1A8C60-12CB-45AF-9031-49DD0C9E0A26}.Debug|Win32.ActiveCfg = Debug|Win32
		{BE1A8C60-12CB-45AF-9031-49DD0C9E0A26}.Debug|Win32.Build.0 = Debug|Win32
		{BE1A8C60-12CB-45AF-9031-49DD0C9E0A26}.Release|Win32.ActiveCfg = Release|Win32
		{BE1A8C60-12CB-45AF-9031-49DD0C9E0A26}.Release|Win32.Build.0 = Release|Win32
		{658AA4C9-BB54-4CCE-AA60-3A6EC6F65199}.Debug|Win32.ActiveCfg = Debug|Win32
		{658AA4C9-BB54-4CCE-AA60-3A6EC6F65199}.Debug|Win32.Build.0 = Debug|Win32
		{658AA4C9-BB54-4CCE-AA60-3A6EC6F65199}.Release|Win32.ActiveCfg = Release|Win32
		{658AA4C9-BB54-4CCE-AA60-3A6EC6F65199}.Release|Win32.Build.0 = Release|Win32
		{63D7B45D-7F25-4337-A6A4-EE0736BF74A4}.Debug|Win32.ActiveCfg = Debug|Win32
		{63D7B45D-7F25-4337-A6A4-EE0736BF74A4}.Debug|Win32.Build.0 = Debug|Win32
		{63D7B45D-7F25-4337-A6A4-EE0736BF74A4}.Release|Win32.ActiveCfg = Release|Win32
		{63D7B45D-7F25-4337-A6A4-EE0736BF74A4}.Release|Win32.Build.0 = Release|Win32
		{4C376B08-A060-4E6B-9058-7288BA37ECDE}.Debug|Win32.ActiveCfg = Debug|Win32
		{4C376B08-A060-4E6B-9058-7288BA37ECDE}.Debug|Win32.Build.0 = Debug|Win32
		{4C376B08-A060-4E6B-9058-7288BA37ECDE}.Release|Win32.ActiveCfg = Release|Win32
		{4C376B08-A060-4E6B-9058-7288BA37ECDE}.Release|Win32.Build.0 = Release|Win32
		{C4CD2D9E-AD8E-4563-AB45-503C297CFCA5}.Debug|Win32.ActiveCfg = Debug|Win32
		{C4CD2D9E-AD8E-4563-AB45-503C297CFCA5}.Debug|Win32.Build.0 = Debug|Win32
		{C4CD2D9E-AD8E-4563-AB45-503C297CFCA5}.Release|Win32.ActiveCfg = Release|Win32
		{C4CD2D9E-AD8E-4563-AB45-503C297CFCA5}.Release|Win32.Build.0 = Release|Win32
		{FC7B8BA9-BAA9-4EC8-84FE-DB20B2918600}.Debug|Win32.ActiveCfg = Debug|Win32
		{FC7B8BA9-BAA9-4EC8-84FE-DB20B2918600}.Debug|Win32.Build.0 = Debug|Win32
		{FC7B8BA9-BAA9-4EC8-84FE-DB20B2918600}.Release|Win32.ActiveCfg = Release|Win32
		{FC7B8BA9-BAA9-4EC8-84FE-DB20B2918600}.Release|Win32.Build.0 = Release|Win32
		{BE24F2D3-CE48-4635-B60D-550F2E0B0178}.Debug|Win32.ActiveCfg = Debug|Win32
		{BE24F2D3-CE48-4635-B60D-550F2E0B0178}.Debug|Win32.Build.0 = Debug|Win32
		{BE24F2D3-CE48-4635-B60D-550F2E0B0178}.Release|Win32.ActiveCfg = Release|Win32
		{BE24F2D3-CE48-4635-B60D-550F2E0B0178}.Release|Win32.Build.0 = Release|Win32
		{8A6A7294-6F63-4AB9-A960-9A0008F8C2DE}.Debug|Win32.ActiveCfg = Debug|Win32
		{8A6A7294-6F63-4AB9-A960-9A0008F8C2DE}.Debug|Win32.Build.0 = Debug|Win32
		{8A6A7294-6F63-4AB9-A960-9A0008F8C2DE}.Release|Win32.ActiveCfg = Release|Win32
		{8A6A7294-6F63-4AB9-A960-9A0008F8C2DE}.Release|Win32.Build.0 = Release|Win32
		{91D52AC0-DF28-4ED8-886A-4AB2735896E7}.Debug|Win32.ActiveCfg = Debug|Win32
		{91D52AC0-DF28-4ED8-886A-4AB2735896E7}.Debug|Win32.Build.0 = Debug|Win32
		{91D52AC0-DF28-4ED8-886A-4AB2735896E7}.Release|Win32.ActiveCfg = Release|Win32
		{91D52AC0-DF28-4ED8-886A-4AB2735896E7}.Release|Win32.Build.0 = Release|Win32
		{68CC1263-F0A6-4F5A-BC9A-D0B937C17217}.Debug|Win32.ActiveCfg = Debug|Win32
		{68CC1263-F0A6-4F5A-BC9A-D0B937C17217}.Debug|Win32.Build.0 = Debug|Win32
		{68CC1263-F0A6-4F5A-BC9A-D0B937C17217}.Release|Win32.ActiveCfg = Release|Win32
		{68CC1263-F0A6-4F5A-BC9A-D0B937C17217}.Release|Win32.Build.0 = Release|Win32
		{4754AF04-943C-4198-9701-D3416A2CA3E6}.Debug|Win32.ActiveCfg = Debug|Win32
		{4754AF04-943C-4198-9701-D3416A2CA3E6}.Debug|Win32.Build.0 = Debug|Win32
		{4754AF04-943C-4198-9701-D3416A2CA3E6}.Release|Win32.ActiveCfg = Release|Win32
		{4754AF04-943C-4198-9701-D3416A2CA3E6}.Release|Win32.Build.0 = Release|Win32
		{7CB603B1-5E8E-4F62-B8A0-8BCCC5C4FE79}.Debug|Win32.ActiveCfg = Debug|Win32
		{7CB603B1-5E8E-4F62-B8A0-8BCCC5C4FE79}.Debug|Win32.Build.0 = Debug|Win32
		{7CB603B1-5E8E-4F62-B8A0-8BCCC5C4FE79}.Release|Win32.ActiveCfg = Release|Win32
		{7CB603B1-5E8E-4F62-B8A0-8BCCC5C4FE79}.Release|Win32.Build.0 = Release|Win32
		{F90D83E0-C678-42A2-BE45-A5DA952FB36B}.Debug|Win32.ActiveCfg = Debug|Win32
		{F90D83E0-C678-42A2-BE45-A5DA952FB36B}.Debug|Win32.Build.0 = Debug|Win32
		{F90D83E0-C678-42A2-BE45-A5DA952FB36B}.Release|Win32.ActiveCfg = Release|Win32
		{F90D83E0-C678-42A2-BE45-A5DA952FB36B}.Release|Win32.Build.0 = Release|Win32
		{EDD56F91-23D1-429A-A226-0B8734B1DB6C}.Debug|Win32.ActiveCfg = Debug|Win32
		{EDD56F91-23D1-429A-A226-0B8734B1DB6C}.Debug|Win32.Build.0 = Debug|Win32
		{EDD56F91-23D1-429A-A226-0B8734B1DB6C}.Release|Win32.ActiveCfg = Release|Win32
		{EDD56F91-23D1-429A-A226-0B8734B1DB6C}.Release|Win32.Build.0 = Release|Win32
		{348D5242-95E2-4BF8-9F53-963BC50957EC}.Debug|Win32.ActiveCfg = Debug|Win32
		{348D5242-95E2-4BF8-9F53-963BC50957EC}.Debug|Win32.Build.0 = Debug|Win32
		{348D5242-95E2-4BF8-9F53-963BC50957EC}.Release|Win32.ActiveCfg = Release|Win32
		{348D5242-95E2-4BF8-9F53-963BC50957EC}.Release|Win32.Build.0 = Release|Win32
		{A35B2B21-7EF3-4F37-8838-63442B9431B4}.Debug|Win32.ActiveCfg = Debug|Win32
		{A35B2B21-7EF3-4F37-8838-63442B9431B4}.Debug|Win32.Build.0 = Debug|Win32
		{A35B2B21-7EF3-4F37-8838-63442B9431B4}.Release|Win32.ActiveCfg = Release|Win32
		{A35B2B21-7EF3-4F37-8838-63442B9431B4}.Release|Win32.Build.0 = Release|Win32
		{E5555825-6345-44A7-BE8D-A79D8C51A817}.Debug|Win32.ActiveCfg = Debug|Win32
		{E5555825-6345-44A7-BE8D-A79D8C51A817}.Debug|Win32.Build.0 = Debug|Win32
		{E5555825-6345-44A7-BE8D-A79D8C51A817}.Release|Win32.ActiveCfg = Release|Win32
		{E5555825-6345-44A7-BE8D-A79D8C51A817}.Release|Win32.Build.0 = Release|Win32
		{22FBF2B3-901E-42DA-9AEB-39D2F7996B54}.Debug|Win32.ActiveCfg = Debug|Win32
		{22FBF2B3-901E-42DA-9AEB-39D2F7996B54}.Debug|Win32.Build.0 = Debug|Win32
		{22FBF2B3-901E-42DA-9AEB-39D2F7996B54}.Release|Win32.ActiveCfg = Release|Win32
		{22FBF2B3-901E-42DA-9AEB-39D2F7996B54}.Release|Win32.Build.0 = Release|Win32
		{B0CAB4AF-DF90-402E-9C8E-D53006172E4F}.Debug|Win32.ActiveCfg = Debug|Win32
		{B0CAB4AF-DF90-402E-9C8E-D53006172E4F}.Debug|Win32.Build.0 = Debug|Win32
		{B0CAB4AF-DF90-402E-9C8E-D53006172E4F}.Release|Win32.ActiveCfg = Release|Win32
		{B0CAB4AF-DF90-402E-9C8E-D53006172E4F}.Release|Win32.Build.0 = Release|Win32
		{D43628A3-6EE8-409E-9467-3778DD3C0F24}.Debug|Win32.ActiveCfg = Debug|Win32
		{D43628A3-6EE8-409E-9467-3778DD3C0F24}.Debug|Win32.Build.0 = Debug|Win32
		{D43628A3-6EE8-409E-9467-3778DD3C0F24}.Release|Win32.ActiveCfg = Release|Win32
		{D43628A3-6EE8-409E-9467-3778DD3C0F24}.Release|Win32.Build.0 = Release|Win32
		{8A8C7C7D-A883-439A-A68A-C039751A65C2}.Debug|Win32.ActiveCfg = Debug|Win32
		{8A8C7C7D-A883-439A-A68A-C039751A65C2}.Debug|Win32.Build.0 = Debug|Win32
		{8A8C7C7D-A883-439A-A68A-C039751A65C2}.Release|Win32.ActiveCfg = Release|Win32
		{8A8C7C7D-A883-439A-A68A-C039751A65C2}.Release|Win32.Build.0 = Release|Win32
		{D0E71FE1-CD17-4B5D-B7C1-ACFA9466B6BE}.Debug|Win32.ActiveCfg = Debug|Win32
		{D0E71FE1-CD17-4B5D-B7C1-ACFA9466B6BE}.Debug|Win32.Build.0 = Debug|Win32
		{D0E71FE1-CD17-4B5D-B7C1-ACFA9466B6BE}.Release|Win32.ActiveCfg = Release|Win32
		{D0E71FE1-CD17-4B5D-B7C1-ACFA9466B6BE}.Release|Win32.Build.0 = Release|Win32
		{4F87800A-8FCB-4EA1-B53A-7C7AA60ED8E1}.Debug|Win32.ActiveCfg = Debug|Win32
		{4F87800A-8FCB-4EA1-B53A-7C7AA60ED8E1}.Debug|Win32.Build.0 = Debug|Win32
		{4F87800A-8FCB-4EA1-B53A-7C7AA60ED8E1}.Release|Win32.ActiveCfg = Release|Win32
		{4F87800A-8FCB-4EA1-B53A-7C7AA60ED8E1}.Release|Win32.Build.0 = Release|Win32
		{81561007-2CD4-4E20-8E72-5722D27192D3}.Debug|Win32.ActiveCfg = Debug|Win32
		{81561007-2CD4-4E20-8E72-5722D27192D3}.Debug|Win32.Build.0 = Debug|Win32
		{81561007-2CD4-4E20-8E72-5722D27192D3}.Release|Win32.ActiveCfg = Release|Win32
		{81561007-2CD4-4E20-8E72-5722D27192D3}.Release|Win32.Build.0 = Release|Win32
		{C5A98EA3-3CDD-440F-8536-DCC581876C96}.Debug|Win32.ActiveCfg = Debug|Win32
		{C5A98EA3-3CDD-440F-8536-DCC581876C96}.Debug|Win32.Build.0 = Debug|Win32
		{C5A98EA3-3CDD-440F-8536-DCC581876C96}.Release|Win32.ActiveCfg = Release|Win32
		{C5A98EA3-3CDD-440F-8536-DCC581876C96}.Release|Win32.Build.0 = Release|Win32
		{027D6991-92E2-4C27-AD8E-DC13E6CEE3EE}.Debug|Win32.ActiveCfg = Debug|Win32
		{027D6991-92E2-4C27-AD8E-DC13E6CEE3EE}.Debug|Win32.Build.0 = Debug|Win32
		{027D6991-92E2-4C27-AD8E-DC13E6CEE3EE}.Release|Win32.ActiveCfg = Release|Win32
		{027D6991-92E2-4C27-AD8E-DC13E6CEE3EE}.Release|Win32.Build.0 = Release|Win32
		{409393B0-8CEA-4F5C-80F1-E0465C26A462}.Debug|Win32.ActiveCfg = Debug|Win32
		{409393B0-8CEA-4F5C-80F1-E0465C26A462}.Debug|Win32.Build.0 = Debug|Win32
		{409393B0-8CEA-4F5C-80F1-E0465C26A462}.Release|Win32.ActiveCfg = Release|Win32
		{409393B0-8CEA-4F5C-80F1-E0465C26A462}.Release|Win32.Build.0 = Release|Win32
		{3E495039-BEC5-42A6-9D24-05D4A328B33E}.Debug|Win32.ActiveCfg = Debug|Win32
		{3E495039-BEC5-42A6-9D24-05D4A328B33E}.Debug|Win32.Build.0 = Debug|Win32
		{3E495039-BEC5-42A6-9D24-05D4A328B33E}.Release|Win32.ActiveCfg = Release|Win32
		{3E495039-BEC5-42A6-9D24-05D4A328B33E}.Release|Win32.Build.0 = Release|Win32
		{033CFE18-A59B-4FF0-B748-6F5F1E9A7C92}.Debug|Win32.ActiveCfg = Debug|Win32
		{033CFE18-A59B-4FF0-B748-6F5F1E9A7C92}.Debug|Win32.Build.0 = Debug|Win32
		{033CFE18-A59B-4FF0-B748-6F5F1E9A7C92}.Release|Win32.ActiveCfg = Release|Win32
		{033CFE18-A59B-4FF0-B748-6F5F1E9A7C92}.Release|Win32.Build.0 = Release|Win32
		{BDC5DC7D-4DE1-4779-A8F3-C1627FC15ED7}.Debug|Win32.ActiveCfg = Debug|Win32
		{BDC5DC7D-4DE1-4779-A8F3-C1627FC15ED7}.Debug|Win32.Build.0 = Debug|Win32
		{BDC5DC7D-4DE1-4779-A8F3-C1627FC15ED7}.Release|Win32.ActiveCfg = Release|Win32
		{BDC5DC7D-4DE1-4779-A8F3-C1627FC15ED7}.Release|Win32.Build.0 = Release|Win32
		{591C381A-A304-462D-B301-BC2266BC45AF}.Debug|Win32.ActiveCfg = Debug|Win32
		{591C381A-A304-462D-B301-BC2266BC45AF}.Debug|Win32.Build.0 = Debug|Win32
		{591C381A-A304-462D-B301-BC2266BC45AF}.Release|Win32.ActiveCfg = Release|Win32
		{591C381A-A304-462D-B301-BC2266BC45AF}.Release|Win32.Build.0 = Release|Win32
		{288465A4-B15A-4B7F-8EB0-3D66BB0C3650}.Debug|Win32.ActiveCfg = Debug|Win32
		{288465A4-B15A-4B7F-8EB0-3D66BB0C3650}.Debug|Win32.Build.0 = Debug|Win32
		{288465A4-B15A-4B7F-8EB0-3D66BB0C3650}.Release|Win32.ActiveCfg = Release|Win32
		{288465A4-B15A-4B7F-8EB0-3D66BB0C3650}.Release|Win32.Build.0 = Release|Win32
		{3A729D94-110F-492E-B8F5-38760D10F29C}.Debug|Win32.ActiveCfg = Debug|Win32
		{3A729D94-110F-492E-B8F5-38760D10F29C}.Debug|Win32.Build.0 = Debug|Win32
		{3A729D94-110F-492E-B8F5-38760D10F29C}.Release|Win32.ActiveCfg = Release|Win32
		{3A729D94-110F-492E-B8F5-38760D10F29C}.Release|Win32.Build.0 = Release|Win32
		{64D6784E-F589-4438-92A3-6CC0502B8829}.Debug|Win32.ActiveCfg = Debug|Win32
		{64D6784E-F589-4438-92A3-6CC0502B8829}.Debug|Win32.Build.0 = Debug|Win32
		{64D6784E-F589-4438-92A3-6CC0502B8829}.Release|Win32.ActiveCfg = Release|Win32
		{64D6784E-F589-4438-92A3-6CC0502B8829}.Release|Win32.Build.0 = Release|Win32
		{E725AA33-2565-42C7-B2A4-ACF998BD34C7}.Debug|Win32.ActiveCfg = Debug|Win32
		{E725AA33-2565-42C7-B2A4-ACF998BD34C7}.Debug|Win32.Build.0 = Debug|Win32
		{E725AA33-2565-42C7-B2A4-ACF998BD34C7}.Release|Win32.ActiveCfg = Release|Win32
		{E725AA33-2565-42C7-B2A4-ACF998BD34C7}.Release|Win32.Build.0 = Release|Win32
		{AAB11B58-4F82-4BED-8E0F-85420C825F07}.Debug|Win32.ActiveCfg = Debug|Win32
		{AAB11B58-4F82-4BED-8E0F-85420C825F07}.Debug|Win32.Build.0 = Debug|Win32
		{AAB11B58-4F82-4BED-8E0F-85420C825F07}.Release|Win32.ActiveCfg = Release|Win32
		{AAB11B58-4F82-4BED-8E0F-85420C825F07}.Release|Win32.Build.0 = Release|Win32
		{0C8F8176-6BA2-4B12-9598-A9183459F7B2}.Debug|Win32.ActiveCfg = Debug|Win32
		{0C8F8176-6BA2-4B12-9598-A9183459F7B2}.Debug|Win32.Build.0 = Debug|Win32
		{0C8F8176-6BA2-4B12-9598-A9183459F7B2}.Release|Win32.ActiveCfg = Release|Win32
		{0C8F8176-6BA2-4B12-9598-A9183459F7B2}.Release|Win32.Build.0 = Release|Win32
		{5345A1C0-66EF-4173-86AD-7E67FFB1D186}.Debug|Win32.ActiveCfg = Debug|Win32
		{5345A1C0-66EF-4173-86AD-7E67FFB1D186}.Debug|Win32.Build.0 = Debug|Win32
		{5345A1C0-66EF-4173-86AD-7E67FFB1D186}.Release|Win32.ActiveCfg = Release|Win32
		{5345A1C0-66EF-4173-86AD-7E67FFB1D186}.Release|Win32.Build.0 = Release|Win32
		{A9495E6D-32F8-41AD-A141-E4233062ED2A}.Debug|Win32.ActiveCfg = Debug|Win32
		{A9495E6D-32F8-41AD-A141-E4233062ED2A}.Debug|Win32.Build.0 = Debug|Win32
		{A9495E6D-32F8-41AD-A141-E4233062ED2A}.Release|Win32.ActiveCfg = Release|Win32
		{A9495E6D-32F8-41AD-A141-E4233062ED2A}.Release|Win32.Build.0 = Release|Win32
		{2AC86F2E-902C-4B13-B868-F166309432E5}.Debug|Win32.ActiveCfg = Debug|Win32
		{2AC86F2E-902C-4B13-B868-F166309432E5}.Debug|Win32.Build.0 = Debug|Win32
		{2AC86F2E-902C-4B13-B868-F166309432E5}.Release|Win32.ActiveCfg = Release|Win32
		{2AC86F2E-902C-4B13-B868-F166309432E5}.Release|Win32.Build.0 = Release|Win32
		{5748F4B6-79FF-4A50-AADD-A63F822AF06E}.Debug|Win32.ActiveCfg = Debug|Win32
		{5748F4B6-79FF-4A50-AADD-A63F822AF06E}.Debug|Win32.Build.0 = Debug|Win32
		{5748F4B6-79FF-4A50-AADD-A63F822AF06E}.Release|Win32.ActiveCfg = Release|Win32
		{5748F4B6-79FF-4A50-AADD-A63F822AF06E}.Release|Win32.Build.0 = Release|Win32
		{830939EA-E463-4F2A-AC00-F3BC9B17B987}.Debug|Win32.ActiveCfg = Debug|Win32
		{830939EA-E463-4F2A-AC00-F3BC9B17B987}.Debug|Win32.Build.0 = Debug|Win32
		{830939EA-E463-4F2A-AC00-F3BC9B17B987}.Release|Win32.ActiveCfg = Release|Win32
		{830939EA-E463-4F2A-AC00-F3BC9B17B987}.Release|Win32.Build.0 = Release|Win32
		{F78E3BB1-C0BA-41C7-BC30-BED49BF3D676}.Debug|Win32.ActiveCfg = Debug|Win32
		{F78E3BB1-C0BA-41C7-BC30-BED49BF3D676}.Debug|Win32.Build.0 = Debug|Win32
		{F78E3BB1-C0BA-41C7-BC30-BED49BF3D676}.Release|Win32.ActiveCfg = Release|Win32
		{F78E3BB1-C0BA-41C7-BC30-BED49BF3D676}.Release|Win32.Build.0 = Release|Win32
		{0456D68B-B23F-43DC-A31E-91F10983FC20}.Debug|Win32.ActiveCfg = Debug|Win32
		{0456D68B-B23F-43DC-A31E-91F10983FC20}.Debug|Win32.Build.0 = Debug|Win32
		{0456D68B-B23F-43DC-A31E-91F10983FC20}.Release|Win32.ActiveCfg = Release|Win32
		{0456D68B-B23F-43DC-A31E-91F10983FC20}.Release|Win32.Build.0 = Release|Win32
		{AE78EA9F-F39B-4349-AD84-02FF7B44A3E3}.Debug|Win32.ActiveCfg = Debug|Win32
		{AE78EA9F-F39B-4349-AD84-02FF7B44A3E3}.Debug|Win32.Build.0 = Debug|Win32
		{AE78EA9F-F39B-4349-AD84-02FF7B44A3E3}.Release|Win32.ActiveCfg = Release|Win32
		{AE78EA9F-F39B-4349-AD84-02FF7B44A3E3}.Release|Win32.Build.0 = Release|Win32
		{0BB39049-2A29-4458-B859-4A9ED91E70C5}.Debug|Win32.ActiveCfg = Debug|Win32
		{0BB39049-2A29-4458-B859-4A9ED91E70C5}.Debug|Win32.Build.0 = Debug|Win32
		{0BB39049-2A29-4458-B859-4A9ED91E70C5}.Release|Win32.ActiveCfg = Release|Win32
		{0BB39049-2A29-4458-B859-4A9ED91E70C5}.Release|Win32.Build.0 = Release|Win32
		{F4D9BBE2-1225-476D-B392-BCDC4B7935AE}.Debug|Win32.ActiveCfg = Debug|Win32
		{F4D9BBE2-1225-476D-B392-BCDC4B7935AE}.Debug|Win32.Build.0 = Debug|Win32
		{F4D9BBE2-1225-476D-B392-BCDC4B7935AE}.Release|Win32.ActiveCfg = Release|Win32
		{F4D9BBE2-1225-476D-B392-BCDC4B7935AE}.Release|Win32.Build.0 = Release|Win32
		{189A9383-B3C6-4EEC-89BE-09726E4D2BAC}.Debug|Win32.ActiveCfg = Debug|Win32
		{189A9383-B3C6-4EEC-89BE-09726E4D2BAC}.Debug|Win32.Build.0 = Debug|Win32
		{189A9383-B3C6-4EEC-89BE-09726E4D2BAC}.Release|Win32.ActiveCfg = Release|Win32
		{189A9383-B3C6-4EEC-89BE-09726E4D2BAC}.Release|Win32.Build.0 = Release|Win32
		{C95EA1BE-7B21-4E7A-AB80-6A59244CDF83}.Debug|Win32.ActiveCfg = Debug|Win32
		{C95EA1BE-7B21-4E7A-AB80-6A59244CDF83}.Debug|Win32.Build.0 = Debug|Win32
		{C95EA1BE-7B21-4E7A-AB80-6A59244CDF83}.Release|Win32.ActiveCfg = Release|Win32
		{C95EA1BE-7B21-4E7A-AB80-6A59244CDF83}.Release|Win32.Build.0 = Release|Win32
		{83FB52EA-3D0B-47DD-8652-686D81DBA77F}.Debug|Win32.ActiveCfg = Debug|Win32
		{83FB52EA-3D0B-47DD-8652-686D81DBA77F}.Debug|Win32.Build.0 = Debug|Win32
		{83FB52EA-3D0B-47DD-8652-686D81DBA77F}.Release|Win32.ActiveCfg = Release|Win32
		{83FB52EA-3D0B-47DD-8652-686D81DBA77F}.Release|Win32.Build.0 = Release|Win32
		{4BD11AE2-8877-4B3A-8E49-153580B68B84}.Debug|Win32.ActiveCfg = Debug|Win32
		{4BD11AE2-8877-4B3A-8E49-153580B68B84}.Debug|Win32.Build.0 = Debug|Win32
		{4BD11AE2-8877-4B3A-8E49-153580B68B84}.Release|Win32.ActiveCfg = Release|Win32
		{4BD11AE2-8877-4B3A-8E49-153580B68B84}.Release|Win32.Build.0 = Release|Win32
		{C96D9D11-1392-4367-976D-8BF57716F7C0}.Debug|Win32.ActiveCfg = Debug|Win32
		{C96D9D11-1392-4367-976D-8BF57716F7C0}.Debug|Win32.Build.0 = Debug|Win32
		{C96D9D11-1392-4367-976D-8BF57716F7C0}.Release|Win32.ActiveCfg = Release|Win32
		{C96D9D11-1392-4367-976D-8BF57716F7C0}.Release|Win32.Build.0 = Release|Win32
		{16C7F27E-99C8-47BE-BA22-39E1B5D2C242}.Debug|Win32.ActiveCfg = Debug|Win32
		{16C7F27E-99C8-47BE-BA22-39E1B5D2C242}.Debug|Win32.Build.0 = Debug|Win32
		{16C7F27E-99C8-47BE-BA22-39E1B5D2C242}.Release|Win32.ActiveCfg = Release|Win32
		{16C7F27E-99C8-47BE-BA22-39E1B5D2C242}.Release|Win32.Build.0 = Release|Win32
		{4F90853C-4787-4586-B960-06BE83E8828F}.Debug|Win32.ActiveCfg = Debug|Win32
		{4F90853C-4787-4586-B960-06BE83E8828F}.Debug|Win32.Build.0 = Debug|Win32
		{4F90853C-4787-4586-B960-06BE83E8828F}.Release|Win32.ActiveCfg = Release|Win32
		{4F90853C-4787-4586-B960-06BE83E8828F}.Release|Win32.Build.0 = Release|Win32
		{576A310E-5879-438D-B2F3-1DD88C1417D2}.Debug|Win32.ActiveCfg = Debug|Win32
		{576A310E-5879-438D-B2F3-1DD88C1417D2}.Debug|Win32.Build.0 = Debug|Win32
		{576A310E-5879-438D-B2F3-1DD88C1417D2}.Release|Win32.ActiveCfg = Release|Win32
		{576A310E-5879-438D-B2F3-1DD88C1417D2}.Release|Win32.Build.0 = Release|Win32
		{126A9005-BCDB-43C3-A380-2596D7F8678A}.Debug|Win32.ActiveCfg = Debug|Win32
		{126A9005-BCDB-43C3-A380-2596D7F8678A}.Debug|Win32.Build.0 = Debug|Win32
		{126A9005-BCDB-43C3-A380-2596D7F8678A}.Release|Win32.ActiveCfg = Release|Win32
		{126A9005-BCDB-43C3-A380-2596D7F8678A}.Release|Win32.Build.0 = Release|Win32
		{60E91E21-F396-44EC-AA47-C9F784BBD2AA}.Debug|Win32.ActiveCfg = Debug|Win32
		{60E91E21-F396-44EC-AA47-C9F784BBD2AA}.Debug|Win32.Build.0 = Debug|Win32
		{60E91E21-F396-44EC-AA47-C9F784BBD2AA}.Release|Win32.ActiveCfg = Release|Win32
		{60E91E21-F396-44EC-AA47-C9F784BBD2AA}.Release|Win32.Build.0 = Release|Win32
		{92CA2741-A313-4E97-8ABE-375A05DD0B51}.Debug|Win32.ActiveCfg = Debug|Win32
		{92CA2741-A313-4E97-8ABE-375A05DD0B51}.Debug|Win32.Build.0 = Debug|Win32
		{92CA2741-A313-4E97-8ABE-375A05DD0B51}.Release|Win32.ActiveCfg = Release|Win32
		{92CA2741-A313-4E97-8ABE-375A05DD0B51}.Release|Win32.Build.0 = Release|Win32
		{97AC2155-A385-4398-A0EC-7A0FA6232BE2}.Debug|Win32.ActiveCfg = Debug|Win32
		{97AC2155-A385-4398-A0EC-7A0FA6232BE2}.Debug|Win32.Build.0 = Debug|Win32
		{97AC2155-A385-4398-A0EC-7A0FA6232BE2}.Release|Win32.ActiveCfg = Release|Win32
		{97AC2155-A385-4398-A0EC-7A0FA6232BE2}.Release|Win32.Build.0 = Release|Win32
		{1843EE4B-C731-4EE5-92DF-68338AE4D8FF}.Debug|Win32.ActiveCfg = Debug|Win32
		{1843EE4B-C731-4EE5-92DF-68338AE4D8FF}.Debug|Win32.Build.0 = Debug|Win32
		{1843EE4B-C731-4EE5-92DF-68338AE4D8FF}.Release|Win32.ActiveCfg = Release|Win32
		{1843EE4B-C731-4EE5-92DF-68338AE4D8FF}.Release|Win32.Build.0 = Release|Win32
		{5893118A-1E07-44FF-9AD4-3CEC2F180CA2}.Debug|Win32.ActiveCfg = Debug|Win32
		{5893118A-1E07-44FF-9AD4-3CEC2F180CA2}.Debug|Win32.Build.0 = Debug|Win32
		{5893118A-1E07-44FF-9AD4-3CEC2F180CA2}.Release|Win32.ActiveCfg = Release|Win32
		{5893118A-1E07-44FF-9AD4-3CEC2F180CA2}.Release|Win32.Build.0 = Release|Win32
		{56C0F5CF-8546-4584-8D79-3A372947C3E9}.Debug|Win32.ActiveCfg = Debug|Win32
		{56C0F5CF-8546-4584-8D79-3A372947C3E9}.Debug|Win32.Build.0 = Debug|Win32
		{56C0F5CF-8546-4584-8D79-3A372947C3E9}.Release|Win32.ActiveCfg = Release|Win32
		{56C0F5CF-8546-4584-8D79-3A372947C3E9}.Release|Win32.Build.0 = Release|Win32
		{B7DABE2D-614A-462C-8A51-16A12D9C855C}.Debug|Win32.ActiveCfg = Debug|Win32
		{B7DABE2D-614A-462C-8A51-16A12D9C855C}.Debug|Win32.Build.0 = Debug|Win32
		{B7DABE2D-614A-462C-8A51-16A12D9C855C}.Release|Win32.ActiveCfg = Release|Win32
		{B7DABE2D-614A-462C-8A51-16A12D9C855C}.Release|Win32.Build.0 = Release|Win32
		{5EA91DF5-126B-454B-91ED-F81314C41F88}.Debug|Win32.ActiveCfg = Debug|Win32
		{5EA91DF5-126B-454B-91ED-F81314C41F88}.Debug|Win32.Build.0 = Debug|Win32
		{5EA91DF5-126B-454B-91ED-F81314C41F88}.Release|Win32.ActiveCfg = Release|Win32
		{5EA91DF5-126B-454B-91ED-F81314C41F88}.Release|Win32.Build.0 = Release|Win32
		{837F7847-A5AD-4593-BB35-3C5D145AB189}.Debug|Win32.ActiveCfg = Debug|Win32
		{837F7847-A5AD-4593-BB35-3C5D145AB189}.Debug|Win32.Build.0 = Debug|Win32
		{837F7847-A5AD-4593-BB35-3C5D145AB189}.Release|Win32.ActiveCfg = Release|Win32
		{837F7847-A5AD-4593-BB35-3C5D145AB189}.Release|Win32.Build.0 = Release|Win32
		{D972F05C-2C8C-4D8D-AA67-F7E21BCB03E4}.Debug|Win32.ActiveCfg = Debug|Win32
		{D972F05C-2C8C-4D8D-AA67-F7E21BCB03E4}.Debug|Win32.Build.0 = Debug|Win32
		{D972F05C-2C8C-4D8D-AA67-F7E21BCB03E4}.Release|Win32.ActiveCfg = Release|Win32
		{D972F05C-2C8C-4D8D-AA67-F7E21BCB03E4}.Release|Win32.Build.0 = Release|Win32
		{2739815B-50EC-480D-AC6E-ED95691F3A52}.Debug|Win32.ActiveCfg = Debug|Win32
		{2739815B-50EC-480D-AC6E-ED95691F3A52}.Debug|Win32.Build.0 = Debug|Win32
		{2739815B-50EC-480D-AC6E-ED95691F3A52}.Release|Win32.ActiveCfg = Release|Win32
		{2739815B-50EC-480D-AC6E-ED95691F3A52}.Release|Win32.Build.0 = Release|Win32
		{E68FA1BE-A3BE-4B89-831A-C865A4020C80}.Debug|Win32.ActiveCfg = Debug|Win32
		{E68FA1BE-A3BE-4B89-831A-C865A4020C80}.Debug|Win32.Build.0 = Debug|Win32
		{E68FA1BE-A3BE-4B89-831A-C865A4020C80}.Release|Win32.ActiveCfg = Release|Win32
		{E68FA1BE-A3BE-4B89-831A-C865A4020C80}.Release|Win32.Build.0 = Release|Win32
		{5C7AE6BE-17F6-4CAC-AF22-6F858F8A684D}.Debug|Win32.ActiveCfg = Debug|Win32
		{5C7AE6BE-17F6-4CAC-AF22-6F858F8A684D}.Debug|Win32.Build.0 = Debug|Win32
		{5C7AE6BE-17F6-4CAC-AF22-6F858F8A684D}.Release|Win32.ActiveCfg = Release|Win32
		{5C7AE6BE-17F6-4CAC-AF22-6F858F8A684D}.Release|Win32.Build.0 = Release|Win32
		{371A6240-F249-455A-A4CE-5A9FE4335414}.Debug|Win32.ActiveCfg = Debug|Win32
		{371A6240-F249-455A-A4CE-5A9FE4335414}.Debug|Win32.Build.0 = Debug|Win32
		{371A6240-F249-455A-A4CE-5A9FE4335414}.Release|Win32.ActiveCfg = Release|Win32
		{371A6240-F249-455A-A4CE-5A9FE4335414}.Release|Win32.Build.0 = Release|Win32
		{7A5BE466-87E3-4E19-B632-C3E479A52AE8}.Debug|Win32.ActiveCfg = Debug|Win32
		{7A5BE466-87E3-4E19-B632-C3E479A52AE8}.Debug|Win32.Build.0 = Debug|Win32
		{7A5BE466-87E3-4E19-B632-C3E479A52AE8}.Release|Win32.ActiveCfg = Release|Win32
		{7A5BE466-87E3-4E19-B632-C3E479A52AE8}.Release|Win32.Build.0 = Release|Win32
		{4246C516-1692-4FA8-A144-F0E1F27E4DBA}.Debug|Win32.ActiveCfg = Debug|Win32
		{4246C516-1692-4FA8-A144-F0E1F27E4DBA}.Debug|Win32.Build.0 = Debug|Win32
		{4246C516-1692-4FA8-A144-F0E1F27E4DBA}.Release|Win32.ActiveCfg = Release|Win32
		{4246C516-1692-4FA8-A144-F0E1F27E4DBA}.Release|Win32.Build.0 = Release|Win32
		{195CD6EA-9D36-465B-B582-40313EF161E9}.Debug|Win32.ActiveCfg = Debug|Win32
		{195CD6EA-9D36-465B-B582-40313EF161E9}.Debug|Win32.Build.0 = Debug|Win32
		{195CD6EA-9D36-465B-B582-40313EF161E9}.Release|Win32.ActiveCfg = Release|Win32
		{195CD6EA-9D36-465B-B582-40313EF161E9}.Release|Win32.Build.0 = Release|Win32
		{633153EE-B126-4C69-BD9A-EC15F81575A1}.Debug|Win32.ActiveCfg = Debug|Win32
		{633153EE-B126-4C69-BD9A-EC15F81575A1}.Debug|Win32.Build.0 = Debug|Win32
		{633153EE-B126-4C69-BD9A-EC15F81575A1}.Release|Win32.ActiveCfg = Release|Win32
		{633153EE-B126-4C69-BD9A-EC15F81575A1}.Release|Win32.Build.0 = Release|Win32
		{6FECC4E8-E001-4725-AFFB-2BDFE908755B}.Debug|Win32.ActiveCfg = Debug|Win32
		{6FECC4E8-E001-4725-AFFB-2BDFE908755B}.Debug|Win32.Build.0 = Debug|Win32
		{6FECC4E8-E001-4725-AFFB-2BDFE908755B}.Release|Win32.ActiveCfg = Release|Win32
		{6FECC4E8-E001-4725-AFFB-2BDFE908755B}.Release|Win32.Build.0 = Release|Win32
		{84F6B33A-8FD5-494F-9633-803CF5D2E1BB}.Debug|Win32.ActiveCfg = Debug|Win32
		{84F6B33A-8FD5-494F-9633-803CF5D2E1BB}.Debug|Win32.Build.0 = Debug|Win32
		{84F6B33A-8FD5-494F-9633-803CF5D2E1BB}.Release|Win32.ActiveCfg = Release|Win32
		{84F6B33A-8FD5-494F-9633-803CF5D2E1BB}.Release|Win32.Build.0 = Release|Win32
		{8758FA6E-AA8C-445F-A751-63F898627B60}.Debug|Win32.ActiveCfg = Debug|Win32
		{8758FA6E-AA8C-445F-A751-63F898627B60}.Debug|Win32.Build.0 = Debug|Win32
		{8758FA6E-AA8C-445F-A751-63F898627B60}.Release|Win32.ActiveCfg = Release|Win32
		{8758FA6E-AA8C-445F-A751-63F898627B60}.Release|Win32.Build.0 = Release|Win32
		{244A77BB-1C4C-4E00-AA70-E41AED586267}.Debug|Win32.ActiveCfg = Debug|Win32
		{244A77BB-1C4C-4E00-AA70-E41AED586267}.Debug|Win32.Build.0 = Debug|Win32
		{244A77BB-1C4C-4E00-AA70-E41AED586267}.Release|Win32.ActiveCfg = Release|Win32
		{244A77BB-1C4C-4E00-AA70-E41AED586267}.Release|Win32.Build.0 = Release|Win32
		{392DD889-E6E7-468D-B920-DDAF586A7775}.Debug|Win32.ActiveCfg = Debug|Win32
		{392DD889-E6E7-468D-B920-DDAF586A7775}.Debug|Win32.Build.0 = Debug|Win32
		{392DD889-E6E7-468D-B920-DDAF586A7775}.Release|Win32.ActiveCfg = Release|Win32
		{392DD889-E6E7-468D-B920-DDAF586A7775}.Release|Win32.Build.0 = Release|Win32
		{B7DB25F0-5D86-4D42-9B6A-15D3879E8716}.Debug|Win32.ActiveCfg = Debug|Win32
		{B7DB25F0-5D86-4D42-9B6A-15D3879E8716}.Debug|Win32.Build.0 = Debug|Win32
		{B7DB25F0-5D86-4D42-9B6A-15D3879E8716}.Release|Win32.ActiveCfg = Release|Win32
		{B7DB25F0-5D86-4D42-9B6A-15D3879E8716}.Release|Win32.Build.0 = Release|Win32
		{7D11A703-4304-4314-83CB-F72DB2B56E88}.Debug|Win32.ActiveCfg = Debug|Win32
		{7D11A703-4304-4314-83CB-F72DB2B56E88}.Debug|Win32.Build.0 = Debug|Win32
		{7D11A703-4304-4314-83CB-F72DB2B56E88}.Release|Win32.ActiveCfg = Release|Win32
		{7D11A703-4304-4314-83CB-F72DB2B56E88}.Release|Win32.Build.0 = Release|Win32
		{5E529E6D-85A4-44A2-B737-FEDB769BA804}.Debug|Win32.ActiveCfg = Debug|Win32
		{5E529E6D-85A4-44A2-B737-FEDB769BA804}.Debug|Win32.Build.0 = Debug|Win32
		{5E529E6D-85A4-44A2-B737-FEDB769BA804}.Release|Win32.ActiveCfg = Release|Win32
		{5E529E6D-85A4-44A2-B737-FEDB769BA804}.Release|Win32.Build.0 = Release|Win32
		{C3D4DC18-EBF7-43A1-8A91-3C770DE13C52}.Debug|Win32.ActiveCfg = Debug|Win32
		{C3D4DC18-EBF7-43A1-8A91-3C770DE13C52}.Debug|Win32.Build.0 = Debug|Win32
		{C3D4DC18-EBF7-43A1-8A91-3C770DE13C52}.Release|Win32.ActiveCfg = Release|Win32
		{C3D4DC18-EBF7-43A1-8A91-3C770DE13C52}.Release|Win32.Build.0 = Release|Win32
		{17F18298-D110-4C00-AAE0-7D0CA350812C}.Debug|Win32.ActiveCfg = Debug|Win32
		{17F18298-D110-4C00-AAE0-7D0CA350812C}.Debug|Win32.Build.0 = Debug|Win32
		{17F18298-D110-4C00-AAE0-7D0CA350812C}.Release|Win32.ActiveCfg = Release|Win32
		{17F18298-D110-4C00-AAE0-7D0CA350812C}.Release|Win32.Build.0 = Release|Win32
		{0F19E512-5B0F-472E-BA4E-BCE5A60CED5E}.Debug|Win32.ActiveCfg = Debug|Win32
		{0F19E512-5B0F-472E-BA4E-BCE5A60CED5E}.Debug|Win32.Build.0 = Debug|Win32
		{0F19E512-5B0F-472E-BA4E-BCE5A60CED5E}.Release|Win32.ActiveCfg = Release|Win32
		{0F19E512-5B0F-472E-BA4E-BCE5A60CED5E}.Release|Win32.Build.0 = Release|Win32
		{B5A38AD2-F18A-4FCB-92D3-3F500E2C060E}.Debug|Win32.ActiveCfg = Debug|Win32
		{B5A38AD2-F18A-4FCB-92D3-3F500E2C060E}.Debug|Win32.Build.0 = Debug|Win32
		{B5A38AD2-F18A-4FCB-92D3-3F500E2C060E}.Release|Win32.ActiveCfg = Release|Win32
		{B5A38AD2-F18A-4FCB-92D3-3F500E2C060E}.Release|Win32.Build.0 = Release|Win32
		{0D3DECF7-30D3-4D67-A17E-FDEBB3EA400B}.Debug|Win32.ActiveCfg = Debug|Win32
		{0D3DECF7-30D3-4D67-A17E-FDEBB3EA400B}.Debug|Win32.Build.0 = Debug|Win32
		{0D3DECF7-30D3-4D67-A17E-FDEBB3EA400B}.Release|Win32.ActiveCfg = Release|Win32
		{0D3DECF7-30D3-4D67-A17E-FDEBB3EA400B}.Release|Win32.Build.0 = Release|Win32
		{AD8B5BE2-EDE4-402F-B6B1-73FC07D97EB6}.Debug|Win32.ActiveCfg = Debug|Win32
		{AD8B5BE2-EDE4-402F-B6B1-73FC07D97EB6}.Debug|Win32.Build.0 = Debug|Win32
		{AD8B5BE2-EDE4-402F-B6B1-73FC07D97EB6}.Release|Win32.ActiveCfg = Release|Win32
		{AD8B5BE2-EDE4-402F-B6B1-73FC07D97EB6}.Release|Win32.Build.0 = Release|Win32
		{5575C146-A6DD-4D7A-9D79-ECA8B18E3130}.Debug|Win32.ActiveCfg = Debug|Win32
		{5575C146-A6DD-4D7A-9D79-ECA8B18E3130}.Debug|Win32.Build.0 = Debug|Win32
		{5575C146-A6DD-4D7A-9D79-ECA8B18E3130}.Release|Win32.ActiveCfg = Release|Win32
		{5575C146-A6DD-4D7A-9D79-ECA8B18E3130}.Release|Win32.Build.0 = Release|Win32
		{BE13BD25-470C-4F56-A46B-5200565FDEE0}.Debug|Win32.ActiveCfg = Debug|Win32
		{BE13BD25-470C-4F56-A46B-5200565FDEE0}.Debug|Win32.Build.0 = Debug|Win32
		{BE13BD25-470C-4F56-A46B-5200565FDEE0}.Release|Win32.ActiveCfg = Release|Win32
		{BE13BD25-470C-4F56-A46B-5200565FDEE0}.Release|Win32.Build.0 = Release|Win32
		{BD2B0A29-3006-4DF9-A154-9E07F56C8D54}.Debug|Win32.ActiveCfg = Debug|Win32
		{BD2B0A29-3006-4DF9-A154-9E07F56C8D54}.Debug|Win32.Build.0 = Debug|Win32
		{BD2B0A29-3006-4DF9-A154-9E07F56C8D54}.Release|Win32.ActiveCfg = Release|Win32
		{BD2B0A29-3006-4DF9-A154-9E07F56C8D54}.Release|Win32.Build.0 = Release|Win32
		{2BB1AF4E-995F-4ADD-9DD9-D912FD483426}.Debug|Win32.ActiveCfg = Debug|Win32
		{2BB1AF4E-995F-4ADD-9DD9-D912FD483426}.Debug|Win32.Build.0 = Debug|Win32
		{2BB1AF4E-995F-4ADD-9DD9-D912FD483426}.Release|Win32.ActiveCfg = Release|Win32
		{2BB1AF4E-995F-4ADD-9DD9-D912FD483426}.Release|Win32.Build.0 = Release|Win32
		{071C95ED-8EA6-4285-83E1-C75F29658D54}.Debug|Win32.ActiveCfg = Debug|Win32
		{071C95ED-8EA6-4285-83E1-C75F29658D54}.Debug|Win32.Build.0 = Debug|Win32
		{071C95ED-8EA6-4285-83E1-C75F29658D54}.Release|Win32.ActiveCfg = Release|Win32
		{071C95ED-8EA6-4285-83E1-C75F29658D54}.Release|Win32.Build.0 = Release|Win32
		{FC01ABDE-454D-44B8-B34A-F23220DB17C5}.Debug|Win32.ActiveCfg = Debug|Win32
		{FC01ABDE-454D-44B8-B34A-F23220DB17C5}.Debug|Win32.Build.0 = Debug|Win32
		{FC01ABDE-454D-44B8-B34A-F23220DB17C5}.Release|Win32.ActiveCfg = Release|Win32
		{FC01ABDE-454D-44B8-B34A-F23220DB17C5}.Release|Win32.Build.0 = Release|Win32
		{B3B7B8ED-BE9A-45E8-9626-73622A32A2FC}.Debug|Win32.ActiveCfg = Debug|Win32
		{B3B7B8ED-BE9A-45E8-9626-73622A32A2FC}.Debug|Win32.Build.0 = Debug|Win32
		{B3B7B8ED-BE9A-45E8-9626-73622A32A2FC}.Release|Win32.ActiveCfg = Release|Win32
		{B3B7B8ED-BE9A-45E8-9626-73622A32A2FC}.Release|Win32.Build.0 = Release|Win32
		{A79FF7C6-050C-41BB-8D2B-3278EDC8E6E2}.Debug|Win32.ActiveCfg = Debug|Win32
		{A79FF7C6-050C-41BB-8D2B-3278EDC8E6E2}.Debug|Win32.Build.0 = Debug|Win32
		{A79FF7C6-050C-41BB-8D2B-3278EDC8E6E2}.Release|Win32.ActiveCfg = Release|Win32
		{A79FF7C6-050C-41BB-8D2B-3278EDC8E6E2}.Release|Win32.Build.0 = Release|Win32
		{7DFE4495-B015-43EE-81FF-D45A9AF625F7}.Debug|Win32.ActiveCfg = Debug|Win32
		{7DFE4495-B015-43EE-81FF-D45A9AF625F7}.Debug|Win32.Build.0 = Debug|Win32
		{7DFE4495-B015-43EE-81FF-D45A9AF625F7}.Release|Win32.ActiveCfg = Release|Win32
		{7DFE4495-B015-43EE-81FF-D45A9AF625F7}.Release|Win32.Build.0 = Release|Win32
		{5BBDD1B2-E497-4463-953D-930D3B2FDFE1}.Debug|Win32.ActiveCfg = Debug|Win32
		{5BBDD1B2-E497-4463-953D-930D3B2FDFE1}.Debug|Win32.Build.0 = Debug|Win32
		{5BBDD1B2-E497-4463-953D-930D3B2FDFE1}.Release|Win32.ActiveCfg = Release|Win32
		{5BBDD1B2-E497-4463-953D-930D3B2FDFE1}.Release|Win32.Build.0 = Release|Win32
		{D8743E3C-0544-461B-8EE9-4B73E8D3BB11}.Debug|Win32.ActiveCfg = Debug|Win32
		{D8743E3C-0544-461B-8EE9-4B73E8D3BB11}.Debug|Win32.Build.0 = Debug|Win32
		{D8743E3C-0544-461B-8EE9-4B73E8D3BB11}.Release|Win32.ActiveCfg = Release|Win32
		{D8743E3C-0544-461B-8EE9-4B73E8D3BB11}.Release|Win32.Build.0 = Release|Win32
		{29989063-E38F-4ABC-B7BC-1E782C122901}.Debug|Win32.ActiveCfg = Debug|Win32
		{29989063-E38F-4ABC-B7BC-1E782C122901}.Debug|Win32.Build.0 = Debug|Win32
		{29989063-E38F-4ABC-B7BC-1E782C122901}.Release|Win32.ActiveCfg = Release|Win32
		{29989063-E38F-4ABC-B7BC-1E782C122901}.Release|Win32.Build.0 = Release|Win32
		{33F897E0-1FC7-42CE-B725-87411FDC4DC2}.Debug|Win32.ActiveCfg = Debug|Win32
		{33F897E0-1FC7-42CE-B725-87411FDC4DC2}.Debug|Win32.Build.0 = Debug|Win32
		{33F897E0-1FC7-42CE-B725-87411FDC4DC2}.Release|Win32.ActiveCfg = Release|Win32
		{33F897E0-1FC7-42CE-B725-87411FDC4DC2}.Release|Win32.Build.0 = Release|Win32
		{166223AF-1856-4A53-A0F3-AD626AEE56D2}.Debug|Win32.ActiveCfg = Debug|Win32
		{166223AF-1856-4A53-A0F3-AD626AEE56D2}.Debug|Win32.Build.0 = Debug|Win32
		{166223AF-1856-4A53-A0F3-AD626AEE56D2}.Release|Win32.ActiveCfg = Release|Win32
		{166223AF-1856-4A53-A0F3-AD626AEE56D2}.Release|Win32.Build.0 = Release|Win32
		{5494C2AD-E8DE-4623-9DAC-CE2590AF53D4}.Debug|Win32.ActiveCfg = Debug|Win32
		{5494C2AD-E8DE-4623-9DAC-CE2590AF53D4}.Debug|Win32.Build.0 = Debug|Win32
		{5494C2AD-E8DE-4623-9DAC-CE2590AF53D4}.Release|Win32.ActiveCfg = Release|Win32
		{5494C2AD-E8DE-4623-9DAC-CE2590AF53D4}.Release|Win32.Build.0 = Release|Win32
		{8269D188-D15C-45C9-AF3A-5CCBD5CA28F8}.Debug|Win32.ActiveCfg = Debug|Win32
		{8269D188-D15C-45C9-AF3A-5CCBD5CA28F8}.Debug|Win32.Build.0 = Debug|Win32
		{8269D188-D15C-45C9-AF3A-5CCBD5CA28F8}.Release|Win32.ActiveCfg = Release|Win32
		{8269D188-D15C-45C9-AF3A-5CCBD5CA28F8}.Release|Win32.Build.0 = Release|Win32
		{B9406291-B73E-4AC3-A2E3-455317EA00F9}.Debug|Win32.ActiveCfg = Debug|Win32
		{B9406291-B73E-4AC3-A2E3-455317EA00F9}.Debug|Win32.Build.0 = Debug|Win32
		{B9406291-B73E-4AC3-A2E3-455317EA00F9}.Release|Win32.ActiveCfg = Release|Win32
		{B9406291-B73E-4AC3-A2E3-455317EA00F9}.Release|Win32.Build.0 = Release|Win32
		{18CA9F90-9FED-47DC-B557-F3936A878F7A}.Debug|Win32.ActiveCfg = Debug|Win32
		{18CA9F90-9FED-47DC-B557-F3936A878F7A}.Debug|Win32.Build.0 = Debug|Win32
		{18CA9F90-9FED-47DC-B557-F3936A878F7A}.Release|Win32.ActiveCfg = Release|Win32
		{18CA9F90-9FED-47DC-B557-F3936A878F7A}.Release|Win32.Build.0 = Release|Win32
		{911C559D-0902-457F-8534-85059B94113A}.Debug|Win32.ActiveCfg = Debug|Win32
		{911C559D-0902-457F-8534-85059B94113A}.Debug|Win32.Build.0 = Debug|Win32
		{911C559D-0902-457F-8534-85059B94113A}.Release|Win32.ActiveCfg = Release|Win32
		{911C559D-0902-457F-8534-85059B94113A}.Release|Win32.Build.0 = Release|Win32
		{C6DC443D-82B8-4FE0-88F5-EBD1BDCCB4B7}.Debug|Win32.ActiveCfg = Debug|Win32
		{C6DC443D-82B8-4FE0-88F5-EBD1BDCCB4B7}.Debug|Win32.Build.0 = Debug|Win32
		{C6DC443D-82B8-4FE0-88F5-EBD1BDCCB4B7}.Release|Win32.ActiveCfg = Release|Win32
		{C6DC443D-82B8-4FE0-88F5-EBD1BDCCB4B7}.Release|Win32.Build.0 = Release|Win32
		{9237D086-C0F2-4380-A3DD-6DFEE8830271}.Debug|Win32.ActiveCfg = Debug|Win32
		{9237D086-C0F2-4380-A3DD-6DFEE8830271}.Debug|Win32.Build.0 = Debug|Win32
		{9237D086-C0F2-4380-A3DD-6DFEE8830271}.Release|Win32.ActiveCfg = Release|Win32
		{9237D086-C0F2-4380-A3DD-6DFEE8830271}.Release|Win32.Build.0 = Release|Win32
		{ED881BFF-86D0-4416-826E-480161D4183A}.Debug|Win32.ActiveCfg = Debug|Win32
		{ED881BFF-86D0-4416-826E-480161D4183A}.Debug|Win32.Build.0 = Debug|Win32
		{ED881BFF-86D0-4416-826E-480161D4183A}.Release|Win32.ActiveCfg = Release|Win32
		{ED881BFF-86D0-4416-826E-480161D4183A}.Release|Win32.Build.0 = Release|Win32
	EndGlobalSection
	GlobalSection(SolutionProperties) = preSolution
		HideSolutionNode = FALSE
	EndGlobalSection
	GlobalSection(NestedProjects) = preSolution
		{63D7B45D-7F25-4337-A6A4-EE0736BF74A4} = {A623170A-D8DF-40EC-BAE7-B9F571094616}
		{4C376B08-A060-4E6B-9058-7288BA37ECDE} = {A623170A-D8DF-40EC-BAE7-B9F571094616}
		{C4CD2D9E-AD8E-4563-AB45-503C297CFCA5} = {A623170A-D8DF-40EC-BAE7-B9F571094616}
		{FC7B8BA9-BAA9-4EC8-84FE-DB20B2918600} = {A623170A-D8DF-40EC-BAE7-B9F571094616}
		{BE24F2D3-CE48-4635-B60D-550F2E0B0178} = {7CB39DC2-4CA7-4D4C-AC81-0D3B41E37E79}
		{8A6A7294-6F63-4AB9-A960-9A0008F8C2DE} = {7CB39DC2-4CA7-4D4C-AC81-0D3B41E37E79}
		{91D52AC0-DF28-4ED8-886A-4AB2735896E7} = {7CB39DC2-4CA7-4D4C-AC81-0D3B41E37E79}
		{68CC1263-F0A6-4F5A-BC9A-D0B937C17217} = {7CB39DC2-4CA7-4D4C-AC81-0D3B41E37E79}
		{4754AF04-943C-4198-9701-D3416A2CA3E6} = {7CB39DC2-4CA7-4D4C-AC81-0D3B41E37E79}
		{7CB603B1-5E8E-4F62-B8A0-8BCCC5C4FE79} = {7CB39DC2-4CA7-4D4C-AC81-0D3B41E37E79}
		{F90D83E0-C678-42A2-BE45-A5DA952FB36B} = {7CB39DC2-4CA7-4D4C-AC81-0D3B41E37E79}
		{EDD56F91-23D1-429A-A226-0B8734B1DB6C} = {7CB39DC2-4CA7-4D4C-AC81-0D3B41E37E79}
		{348D5242-95E2-4BF8-9F53-963BC50957EC} = {7CB39DC2-4CA7-4D4C-AC81-0D3B41E37E79}
		{A35B2B21-7EF3-4F37-8838-63442B9431B4} = {2660E428-4A8F-4EA2-8A9B-879DAB5FAC40}
		{E5555825-6345-44A7-BE8D-A79D8C51A817} = {2660E428-4A8F-4EA2-8A9B-879DAB5FAC40}
		{22FBF2B3-901E-42DA-9AEB-39D2F7996B54} = {2660E428-4A8F-4EA2-8A9B-879DAB5FAC40}
		{B0CAB4AF-DF90-402E-9C8E-D53006172E4F} = {2660E428-4A8F-4EA2-8A9B-879DAB5FAC40}
		{D43628A3-6EE8-409E-9467-3778DD3C0F24} = {2660E428-4A8F-4EA2-8A9B-879DAB5FAC40}
		{8A8C7C7D-A883-439A-A68A-C039751A65C2} = {2660E428-4A8F-4EA2-8A9B-879DAB5FAC40}
		{D0E71FE1-CD17-4B5D-B7C1-ACFA9466B6BE} = {2660E428-4A8F-4EA2-8A9B-879DAB5FAC40}
		{4F87800A-8FCB-4EA1-B53A-7C7AA60ED8E1} = {2660E428-4A8F-4EA2-8A9B-879DAB5FAC40}
		{81561007-2CD4-4E20-8E72-5722D27192D3} = {2660E428-4A8F-4EA2-8A9B-879DAB5FAC40}
		{C5A98EA3-3CDD-440F-8536-DCC581876C96} = {2660E428-4A8F-4EA2-8A9B-879DAB5FAC40}
		{027D6991-92E2-4C27-AD8E-DC13E6CEE3EE} = {2660E428-4A8F-4EA2-8A9B-879DAB5FAC40}
		{409393B0-8CEA-4F5C-80F1-E0465C26A462} = {2660E428-4A8F-4EA2-8A9B-879DAB5FAC40}
		{42B7E388-07C5-4C9E-94A6-C143F5183C3A} = {D2858222-176E-404A-ADDD-6BBAF8D33259}
		{4F1E2B87-6B7A-438F-857F-24088A03E5B9} = {D2858222-176E-404A-ADDD-6BBAF8D33259}
		{5A7E7947-C1DC-49C6-8169-1CB2C8064CA4} = {D2858222-176E-404A-ADDD-6BBAF8D33259}
		{CC0FA2CD-0B50-418F-92B4-2064080263EA} = {D2858222-176E-404A-ADDD-6BBAF8D33259}
		{37A09CF0-29D3-4B98-AAAD-D60EFA02D145} = {D63C3A8B-A238-4D1F-A8BB-B59C316D4E71}
		{F2538BEA-E253-4FFD-94C5-B00B225BA18C} = {D63C3A8B-A238-4D1F-A8BB-B59C316D4E71}
		{B7715641-EA8B-4258-8C2C-B539EBE9E118} = {D63C3A8B-A238-4D1F-A8BB-B59C316D4E71}
		{ECD22F80-D767-4D10-A96D-7C5950958D0D} = {D63C3A8B-A238-4D1F-A8BB-B59C316D4E71}
		{36D0AFB3-5265-455D-AD8D-157939184D3C} = {D63C3A8B-A238-4D1F-A8BB-B59C316D4E71}
		{698DC5C7-A447-4AA0-A474-86A86BC020A6} = {F542756C-28B2-4306-9171-02E2F151A6AC}
		{256524AF-07CD-4BC1-B63E-2FF37E93A1E3} = {F542756C-28B2-4306-9171-02E2F151A6AC}
		{A98E4E9A-1E55-4A9F-AB5D-84EA40A720BB} = {F542756C-28B2-4306-9171-02E2F151A6AC}
		{3EB65960-B417-4947-B52E-8163818274E2} = {F542756C-28B2-4306-9171-02E2F151A6AC}
		{F116D1B0-59B2-4528-804B-C957302F92FC} = {F542756C-28B2-4306-9171-02E2F151A6AC}
		{8E8A35D9-8385-47E1-A813-D75F21B8C5BC} = {F542756C-28B2-4306-9171-02E2F151A6AC}
		{A82CBD0C-7252-434D-8ACA-2EB19FA07690} = {F542756C-28B2-4306-9171-02E2F151A6AC}
		{90DECF95-D3ED-41AF-8E19-32174D16C576} = {F542756C-28B2-4306-9171-02E2F151A6AC}
		{40F1B148-FFD5-438C-A963-534D18EDFD46} = {6CED95E8-C168-48AB-9308-036EAD4D7CDA}
		{985840AB-583E-4E94-BFC3-E62B13E0F9E5} = {6CED95E8-C168-48AB-9308-036EAD4D7CDA}
		{462BD19A-9D9A-460B-BE8D-5DBA29D319FC} = {6CED95E8-C168-48AB-9308-036EAD4D7CDA}
		{DF1ED719-894B-4482-82C3-A3C13FDA4F8C} = {6CED95E8-C168-48AB-9308-036EAD4D7CDA}
		{653D5417-E2AD-4DE8-968F-BE7D6A4646E3} = {6CED95E8-C168-48AB-9308-036EAD4D7CDA}
		{6BF9FCE5-B128-42DD-BA40-C4BFCAA3C17D} = {6CED95E8-C168-48AB-9308-036EAD4D7CDA}
		{AB5AAA6F-191A-47FC-B9FA-C4AFDC7120FB} = {61008A72-97E2-4FAF-B887-4F5AB61F0682}
		{581598E0-3B7C-4EAF-B1B9-93732DED1A6A} = {61008A72-97E2-4FAF-B887-4F5AB61F0682}
		{F5C598DE-60BB-4E2A-8505-7AAEA235CC17} = {AAB91972-E030-40FB-8331-AAD5039EA79D}
		{BFB5A7B1-8263-4D60-899B-36C5ED5C65BA} = {F54ACED7-300A-4FD2-AC98-B4DAEE98E832}
		{397E8701-7A18-4D27-AD56-7D95E913CB08} = {F54ACED7-300A-4FD2-AC98-B4DAEE98E832}
		{C22F2001-5116-4B4D-8F74-955E17B5B074} = {F54ACED7-300A-4FD2-AC98-B4DAEE98E832}
		{67D8EB25-FFD3-4F0D-8F23-758215557AD5} = {F54ACED7-300A-4FD2-AC98-B4DAEE98E832}
		{7FED1E74-C79D-4662-8D5C-1F1F59B3E80A} = {99D8B7E9-E4B1-4A51-901A-033931152E1B}
		{AE5BB2C6-E5F0-49EA-99C4-812FF0582B90} = {99D8B7E9-E4B1-4A51-901A-033931152E1B}
		{43AB6873-F5E6-4B7C-8E25-77412DDF2708} = {99D8B7E9-E4B1-4A51-901A-033931152E1B}
		{1B1E838F-A26E-495E-AA39-F7F715E848CC} = {99D8B7E9-E4B1-4A51-901A-033931152E1B}
		{C60BABCF-1D05-444E-8E49-B0C4F776613F} = {99D8B7E9-E4B1-4A51-901A-033931152E1B}
		{1C9904B7-ECF3-42A4-8FF6-A923899A2503} = {99D8B7E9-E4B1-4A51-901A-033931152E1B}
		{936FC38D-CC42-4A9A-B01E-2DCF71C850EF} = {99D8B7E9-E4B1-4A51-901A-033931152E1B}
		{CA6060A8-6A00-41BE-B235-051F81024229} = {99D8B7E9-E4B1-4A51-901A-033931152E1B}
		{A34732C7-F61D-4A4F-A703-BC4770F89BF5} = {99D8B7E9-E4B1-4A51-901A-033931152E1B}
		{DB05B6C3-EE7E-48C2-8CA9-CDA4EB7178F1} = {99D8B7E9-E4B1-4A51-901A-033931152E1B}
		{897E2842-F382-4CBD-A1DC-176A8D73D3EF} = {99D8B7E9-E4B1-4A51-901A-033931152E1B}
		{EDB7081B-9213-4AD9-B7BD-CA18D97B59F3} = {0790775C-FDE9-4C07-9441-73B68C51025E}
		{D0A5DEE6-3775-45D0-A8B0-4266C544A7CA} = {0790775C-FDE9-4C07-9441-73B68C51025E}
		{56376DDA-2F42-40A3-819D-849C341CFFC4} = {0790775C-FDE9-4C07-9441-73B68C51025E}
		{61C52D68-618E-4509-87B2-2D555E9C21F9} = {0790775C-FDE9-4C07-9441-73B68C51025E}
		{F3A114D9-AC63-4FA4-98D5-721036DDDACC} = {AC24EE51-5542-49AA-AE4F-82580250B930}
		{539A2576-4E1C-4D0F-B06C-616353A3E2A9} = {AC24EE51-5542-49AA-AE4F-82580250B930}
		{BE1A8C60-12CB-45AF-9031-49DD0C9E0A26} = {AC24EE51-5542-49AA-AE4F-82580250B930}
		{658AA4C9-BB54-4CCE-AA60-3A6EC6F65199} = {AC24EE51-5542-49AA-AE4F-82580250B930}
		{3E495039-BEC5-42A6-9D24-05D4A328B33E} = {70388A48-81C0-40CB-A0EB-B07F568CDD78}
		{033CFE18-A59B-4FF0-B748-6F5F1E9A7C92} = {70388A48-81C0-40CB-A0EB-B07F568CDD78}
		{BDC5DC7D-4DE1-4779-A8F3-C1627FC15ED7} = {70388A48-81C0-40CB-A0EB-B07F568CDD78}
		{591C381A-A304-462D-B301-BC2266BC45AF} = {70388A48-81C0-40CB-A0EB-B07F568CDD78}
		{288465A4-B15A-4B7F-8EB0-3D66BB0C3650} = {70388A48-81C0-40CB-A0EB-B07F568CDD78}
		{3A729D94-110F-492E-B8F5-38760D10F29C} = {70388A48-81C0-40CB-A0EB-B07F568CDD78}
		{64D6784E-F589-4438-92A3-6CC0502B8829} = {3AA6E84A-553A-4309-A9D9-512FC6934341}
		{E725AA33-2565-42C7-B2A4-ACF998BD34C7} = {3AA6E84A-553A-4309-A9D9-512FC6934341}
		{AAB11B58-4F82-4BED-8E0F-85420C825F07} = {3AA6E84A-553A-4309-A9D9-512FC6934341}
		{0C8F8176-6BA2-4B12-9598-A9183459F7B2} = {3AA6E84A-553A-4309-A9D9-512FC6934341}
		{5345A1C0-66EF-4173-86AD-7E67FFB1D186} = {3AA6E84A-553A-4309-A9D9-512FC6934341}
		{A9495E6D-32F8-41AD-A141-E4233062ED2A} = {3AA6E84A-553A-4309-A9D9-512FC6934341}
		{2AC86F2E-902C-4B13-B868-F166309432E5} = {3AA6E84A-553A-4309-A9D9-512FC6934341}
		{5748F4B6-79FF-4A50-AADD-A63F822AF06E} = {3AA6E84A-553A-4309-A9D9-512FC6934341}
		{830939EA-E463-4F2A-AC00-F3BC9B17B987} = {3AA6E84A-553A-4309-A9D9-512FC6934341}
		{F78E3BB1-C0BA-41C7-BC30-BED49BF3D676} = {3AA6E84A-553A-4309-A9D9-512FC6934341}
		{0456D68B-B23F-43DC-A31E-91F10983FC20} = {3AA6E84A-553A-4309-A9D9-512FC6934341}
		{AE78EA9F-F39B-4349-AD84-02FF7B44A3E3} = {3AA6E84A-553A-4309-A9D9-512FC6934341}
		{0BB39049-2A29-4458-B859-4A9ED91E70C5} = {36F1B9FA-E4FC-4C39-A162-32731D6A9392}
		{F4D9BBE2-1225-476D-B392-BCDC4B7935AE} = {36F1B9FA-E4FC-4C39-A162-32731D6A9392}
		{189A9383-B3C6-4EEC-89BE-09726E4D2BAC} = {36F1B9FA-E4FC-4C39-A162-32731D6A9392}
		{C95EA1BE-7B21-4E7A-AB80-6A59244CDF83} = {C923AD5F-C9F2-4AD4-9F72-C008D2B45384}
		{83FB52EA-3D0B-47DD-8652-686D81DBA77F} = {1B460BB9-CD8E-483F-9C84-AA4A4A561362}
		{4BD11AE2-8877-4B3A-8E49-153580B68B84} = {1B460BB9-CD8E-483F-9C84-AA4A4A561362}
		{C96D9D11-1392-4367-976D-8BF57716F7C0} = {1B460BB9-CD8E-483F-9C84-AA4A4A561362}
		{16C7F27E-99C8-47BE-BA22-39E1B5D2C242} = {1B460BB9-CD8E-483F-9C84-AA4A4A561362}
		{4F90853C-4787-4586-B960-06BE83E8828F} = {1B460BB9-CD8E-483F-9C84-AA4A4A561362}
		{576A310E-5879-438D-B2F3-1DD88C1417D2} = {61B20F55-658F-4078-8294-6F733575E5B8}
		{126A9005-BCDB-43C3-A380-2596D7F8678A} = {61B20F55-658F-4078-8294-6F733575E5B8}
		{60E91E21-F396-44EC-AA47-C9F784BBD2AA} = {61B20F55-658F-4078-8294-6F733575E5B8}
		{92CA2741-A313-4E97-8ABE-375A05DD0B51} = {61B20F55-658F-4078-8294-6F733575E5B8}
		{97AC2155-A385-4398-A0EC-7A0FA6232BE2} = {61B20F55-658F-4078-8294-6F733575E5B8}
		{1843EE4B-C731-4EE5-92DF-68338AE4D8FF} = {61B20F55-658F-4078-8294-6F733575E5B8}
		{5893118A-1E07-44FF-9AD4-3CEC2F180CA2} = {455E2CA9-3E45-405B-9825-1A9C58772CC9}
		{56C0F5CF-8546-4584-8D79-3A372947C3E9} = {455E2CA9-3E45-405B-9825-1A9C58772CC9}
		{B7DABE2D-614A-462C-8A51-16A12D9C855C} = {455E2CA9-3E45-405B-9825-1A9C58772CC9}
		{5EA91DF5-126B-454B-91ED-F81314C41F88} = {455E2CA9-3E45-405B-9825-1A9C58772CC9}
		{837F7847-A5AD-4593-BB35-3C5D145AB189} = {455E2CA9-3E45-405B-9825-1A9C58772CC9}
		{D972F05C-2C8C-4D8D-AA67-F7E21BCB03E4} = {455E2CA9-3E45-405B-9825-1A9C58772CC9}
		{2739815B-50EC-480D-AC6E-ED95691F3A52} = {7523C20F-CD88-457A-810A-9CD11BB56AD0}
		{E68FA1BE-A3BE-4B89-831A-C865A4020C80} = {7523C20F-CD88-457A-810A-9CD11BB56AD0}
		{5C7AE6BE-17F6-4CAC-AF22-6F858F8A684D} = {09EA8DED-64B7-4743-ABD7-C8838CC3B1E1}
		{371A6240-F249-455A-A4CE-5A9FE4335414} = {09EA8DED-64B7-4743-ABD7-C8838CC3B1E1}
		{7A5BE466-87E3-4E19-B632-C3E479A52AE8} = {09EA8DED-64B7-4743-ABD7-C8838CC3B1E1}
		{4246C516-1692-4FA8-A144-F0E1F27E4DBA} = {09EA8DED-64B7-4743-ABD7-C8838CC3B1E1}
		{195CD6EA-9D36-465B-B582-40313EF161E9} = {09EA8DED-64B7-4743-ABD7-C8838CC3B1E1}
		{633153EE-B126-4C69-BD9A-EC15F81575A1} = {09EA8DED-64B7-4743-ABD7-C8838CC3B1E1}
		{6FECC4E8-E001-4725-AFFB-2BDFE908755B} = {09EA8DED-64B7-4743-ABD7-C8838CC3B1E1}
		{84F6B33A-8FD5-494F-9633-803CF5D2E1BB} = {09EA8DED-64B7-4743-ABD7-C8838CC3B1E1}
		{8758FA6E-AA8C-445F-A751-63F898627B60} = {09EA8DED-64B7-4743-ABD7-C8838CC3B1E1}
		{244A77BB-1C4C-4E00-AA70-E41AED586267} = {09EA8DED-64B7-4743-ABD7-C8838CC3B1E1}
		{392DD889-E6E7-468D-B920-DDAF586A7775} = {09EA8DED-64B7-4743-ABD7-C8838CC3B1E1}
		{B7DB25F0-5D86-4D42-9B6A-15D3879E8716} = {09EA8DED-64B7-4743-ABD7-C8838CC3B1E1}
		{7D11A703-4304-4314-83CB-F72DB2B56E88} = {6D7339B0-62EA-4BCD-828C-59505419D7A5}
		{5E529E6D-85A4-44A2-B737-FEDB769BA804} = {6D7339B0-62EA-4BCD-828C-59505419D7A5}
		{C3D4DC18-EBF7-43A1-8A91-3C770DE13C52} = {6D7339B0-62EA-4BCD-828C-59505419D7A5}
		{17F18298-D110-4C00-AAE0-7D0CA350812C} = {6D7339B0-62EA-4BCD-828C-59505419D7A5}
		{0F19E512-5B0F-472E-BA4E-BCE5A60CED5E} = {6D7339B0-62EA-4BCD-828C-59505419D7A5}
		{B5A38AD2-F18A-4FCB-92D3-3F500E2C060E} = {6D7339B0-62EA-4BCD-828C-59505419D7A5}
		{0D3DECF7-30D3-4D67-A17E-FDEBB3EA400B} = {6D7339B0-62EA-4BCD-828C-59505419D7A5}
		{AD8B5BE2-EDE4-402F-B6B1-73FC07D97EB6} = {6D7339B0-62EA-4BCD-828C-59505419D7A5}
		{5575C146-A6DD-4D7A-9D79-ECA8B18E3130} = {6D7339B0-62EA-4BCD-828C-59505419D7A5}
		{BE13BD25-470C-4F56-A46B-5200565FDEE0} = {DBC85877-CCB4-4C49-A94E-281BDFFAB1A1}
		{BD2B0A29-3006-4DF9-A154-9E07F56C8D54} = {DBC85877-CCB4-4C49-A94E-281BDFFAB1A1}
		{2BB1AF4E-995F-4ADD-9DD9-D912FD483426} = {DBC85877-CCB4-4C49-A94E-281BDFFAB1A1}
		{071C95ED-8EA6-4285-83E1-C75F29658D54} = {DBC85877-CCB4-4C49-A94E-281BDFFAB1A1}
		{FC01ABDE-454D-44B8-B34A-F23220DB17C5} = {DBC85877-CCB4-4C49-A94E-281BDFFAB1A1}
		{B3B7B8ED-BE9A-45E8-9626-73622A32A2FC} = {DBC85877-CCB4-4C49-A94E-281BDFFAB1A1}
		{A79FF7C6-050C-41BB-8D2B-3278EDC8E6E2} = {DBC85877-CCB4-4C49-A94E-281BDFFAB1A1}
		{7DFE4495-B015-43EE-81FF-D45A9AF625F7} = {DBC85877-CCB4-4C49-A94E-281BDFFAB1A1}
		{5BBDD1B2-E497-4463-953D-930D3B2FDFE1} = {DBC85877-CCB4-4C49-A94E-281BDFFAB1A1}
		{D8743E3C-0544-461B-8EE9-4B73E8D3BB11} = {DBC85877-CCB4-4C49-A94E-281BDFFAB1A1}
		{29989063-E38F-4ABC-B7BC-1E782C122901} = {DBC85877-CCB4-4C49-A94E-281BDFFAB1A1}
		{33F897E0-1FC7-42CE-B725-87411FDC4DC2} = {DBC85877-CCB4-4C49-A94E-281BDFFAB1A1}
		{166223AF-1856-4A53-A0F3-AD626AEE56D2} = {DBC85877-CCB4-4C49-A94E-281BDFFAB1A1}
		{5494C2AD-E8DE-4623-9DAC-CE2590AF53D4} = {DBC85877-CCB4-4C49-A94E-281BDFFAB1A1}
		{8269D188-D15C-45C9-AF3A-5CCBD5CA28F8} = {DBC85877-CCB4-4C49-A94E-281BDFFAB1A1}
		{B9406291-B73E-4AC3-A2E3-455317EA00F9} = {0BE67B81-A4ED-4A20-BFEF-DDB1187B7730}
		{18CA9F90-9FED-47DC-B557-F3936A878F7A} = {0BE67B81-A4ED-4A20-BFEF-DDB1187B7730}
		{911C559D-0902-457F-8534-85059B94113A} = {0BE67B81-A4ED-4A20-BFEF-DDB1187B7730}
		{C6DC443D-82B8-4FE0-88F5-EBD1BDCCB4B7} = {0BE67B81-A4ED-4A20-BFEF-DDB1187B7730}
		{9237D086-C0F2-4380-A3DD-6DFEE8830271} = {717A9AE6-FA39-45FF-9C8B-8164864B9ABF}
		{ED881BFF-86D0-4416-826E-480161D4183A} = {717A9AE6-FA39-45FF-9C8B-8164864B9ABF}
	EndGlobalSection
EndGlobal
