
Microsoft Visual Studio Solution File, Format Version 11.00
# Visual Studio 2012
Project("{8BC9CEB8-8B4A-11D0-8D11-00A0C91BC942}") = "NimotsuKun", "NimotsuKun\NimotsuKun.vcxproj", "{42B7E388-07C5-4C9E-94A6-C143F5183C3A}"
EndProject
Project("{8BC9CEB8-8B4A-11D0-8D11-00A0C91BC942}") = "NimotsuKun2", "NimotsuKun2\NimotsuKun2.vcxproj", "{4F1E2B87-6B7A-438F-857F-24088A03E5B9}"
EndProject
Project("{8BC9CEB8-8B4A-11D0-8D11-00A0C91BC942}") = "NimotsuKunRawMemory", "NimotsuKunRawMemory\NimotsuKunRawMemory.vcxproj", "{CC0FA2CD-0B50-418F-92B4-2064080263EA}"
EndProject
Project("{8BC9CEB8-8B4A-11D0-8D11-00A0C91BC942}") = "NimotsuKunBitOperation", "NimotsuKunBitOperation\NimotsuKunBitOperation.vcxproj", "{5A7E7947-C1DC-49C6-8169-1CB2C8064CA4}"
EndProject
Global
	GlobalSection(SolutionConfigurationPlatforms) = preSolution
		Debug|Win32 = Debug|Win32
		Release|Win32 = Release|Win32
	EndGlobalSection
	GlobalSection(ProjectConfigurationPlatforms) = postSolution
		{42B7E388-07C5-4C9E-94A6-C143F5183C3A}.Debug|Win32.ActiveCfg = Debug|Win32
		{42B7E388-07C5-4C9E-94A6-C143F5183C3A}.Debug|Win32.Build.0 = Debug|Win32
		{42B7E388-07C5-4C9E-94A6-C143F5183C3A}.Release|Win32.ActiveCfg = Release|Win32
		{42B7E388-07C5-4C9E-94A6-C143F5183C3A}.Release|Win32.Build.0 = Release|Win32
		{4F1E2B87-6B7A-438F-857F-24088A03E5B9}.Debug|Win32.ActiveCfg = Debug|Win32
		{4F1E2B87-6B7A-438F-857F-24088A03E5B9}.Debug|Win32.Build.0 = Debug|Win32
		{4F1E2B87-6B7A-438F-857F-24088A03E5B9}.Release|Win32.ActiveCfg = Release|Win32
		{4F1E2B87-6B7A-438F-857F-24088A03E5B9}.Release|Win32.Build.0 = Release|Win32
		{CC0FA2CD-0B50-418F-92B4-2064080263EA}.Debug|Win32.ActiveCfg = Debug|Win32
		{CC0FA2CD-0B50-418F-92B4-2064080263EA}.Debug|Win32.Build.0 = Debug|Win32
		{CC0FA2CD-0B50-418F-92B4-2064080263EA}.Release|Win32.ActiveCfg = Release|Win32
		{CC0FA2CD-0B50-418F-92B4-2064080263EA}.Release|Win32.Build.0 = Release|Win32
		{5A7E7947-C1DC-49C6-8169-1CB2C8064CA4}.Debug|Win32.ActiveCfg = Debug|Win32
		{5A7E7947-C1DC-49C6-8169-1CB2C8064CA4}.Debug|Win32.Build.0 = Debug|Win32
		{5A7E7947-C1DC-49C6-8169-1CB2C8064CA4}.Release|Win32.ActiveCfg = Release|Win32
		{5A7E7947-C1DC-49C6-8169-1CB2C8064CA4}.Release|Win32.Build.0 = Release|Win32
	EndGlobalSection
	GlobalSection(SolutionProperties) = preSolution
		HideSolutionNode = FALSE
	EndGlobalSection
EndGlobal
