
Microsoft Visual Studio Solution File, Format Version 12.00
# Visual Studio 2012
Project("{8BC9CEB8-8B4A-11D0-8D11-00A0C91BC942}") = "Modules", "Modules\Modules.vcxproj", "{2F92BC47-1405-4469-9E36-E4115F66FAB9}"
EndProject
Project("{8BC9CEB8-8B4A-11D0-8D11-00A0C91BC942}") = "2DActionGameFramework", "2DActionGame\2DActionGameFramework.vcxproj", "{1107F66B-8923-4ED2-8479-189A04730B17}"
	ProjectSection(ProjectDependencies) = postProject
		{2F92BC47-1405-4469-9E36-E4115F66FAB9} = {2F92BC47-1405-4469-9E36-E4115F66FAB9}
	EndProjectSection
EndProject
Project("{8BC9CEB8-8B4A-11D0-8D11-00A0C91BC942}") = "2DGraphics1Framework", "2DGraphics1\2DGraphics1Framework.vcxproj", "{F2F0A46A-B911-4245-9757-3ACFDF4132CF}"
	ProjectSection(ProjectDependencies) = postProject
		{2F92BC47-1405-4469-9E36-E4115F66FAB9} = {2F92BC47-1405-4469-9E36-E4115F66FAB9}
	EndProjectSection
EndProject
Project("{8BC9CEB8-8B4A-11D0-8D11-00A0C91BC942}") = "2DTransformFramework", "2DTransform\2DTransformFramework.vcxproj", "{5CBECF2D-CAA9-44C2-BD7B-025A92E1EFBA}"
	ProjectSection(ProjectDependencies) = postProject
		{2F92BC47-1405-4469-9E36-E4115F66FAB9} = {2F92BC47-1405-4469-9E36-E4115F66FAB9}
	EndProjectSection
EndProject
Project("{8BC9CEB8-8B4A-11D0-8D11-00A0C91BC942}") = "3DCollision1Framework", "3DCollision1\3DCollision1Framework.vcxproj", "{AF1369A3-75D2-440E-B7A8-5B1B07A80A71}"
	ProjectSection(ProjectDependencies) = postProject
		{2F92BC47-1405-4469-9E36-E4115F66FAB9} = {2F92BC47-1405-4469-9E36-E4115F66FAB9}
	EndProjectSection
EndProject
Project("{8BC9CEB8-8B4A-11D0-8D11-00A0C91BC942}") = "3DGraphics1Framework", "3DGraphics1\3DGraphics1Framework.vcxproj", "{1B03662C-13BE-453A-953B-C705261CE4CB}"
	ProjectSection(ProjectDependencies) = postProject
		{2F92BC47-1405-4469-9E36-E4115F66FAB9} = {2F92BC47-1405-4469-9E36-E4115F66FAB9}
	EndProjectSection
EndProject
Project("{8BC9CEB8-8B4A-11D0-8D11-00A0C91BC942}") = "3DHardware1Framework", "3DHardware1\3DHardware1Framework.vcxproj", "{F3D82279-DA54-4399-B56A-59227ED05DF3}"
	ProjectSection(ProjectDependencies) = postProject
		{2F92BC47-1405-4469-9E36-E4115F66FAB9} = {2F92BC47-1405-4469-9E36-E4115F66FAB9}
	EndProjectSection
EndProject
Project("{8BC9CEB8-8B4A-11D0-8D11-00A0C91BC942}") = "FinalFramework", "Final\FinalFramework.vcxproj", "{BA5B4CF6-C34F-4C7A-9CE7-4DFD42946DA5}"
	ProjectSection(ProjectDependencies) = postProject
		{2F92BC47-1405-4469-9E36-E4115F66FAB9} = {2F92BC47-1405-4469-9E36-E4115F66FAB9}
	EndProjectSection
EndProject
Project("{8BC9CEB8-8B4A-11D0-8D11-00A0C91BC942}") = "InputDevicesFramework", "InputDevices\InputDevicesFramework.vcxproj", "{9A8E5A5A-60CB-4ED0-A4BC-78C37B10F314}"
	ProjectSection(ProjectDependencies) = postProject
		{2F92BC47-1405-4469-9E36-E4115F66FAB9} = {2F92BC47-1405-4469-9E36-E4115F66FAB9}
	EndProjectSection
EndProject
Project("{8BC9CEB8-8B4A-11D0-8D11-00A0C91BC942}") = "LoadingFramework", "Loading\LoadingFramework.vcxproj", "{2A0941A3-9729-4E64-81F0-40789A16A93A}"
	ProjectSection(ProjectDependencies) = postProject
		{2F92BC47-1405-4469-9E36-E4115F66FAB9} = {2F92BC47-1405-4469-9E36-E4115F66FAB9}
	EndProjectSection
EndProject
Project("{8BC9CEB8-8B4A-11D0-8D11-00A0C91BC942}") = "RealtimeFramework", "RealTime\RealtimeFramework.vcxproj", "{626ADDF3-9C9E-499B-96DD-E4411DF08605}"
	ProjectSection(ProjectDependencies) = postProject
		{2F92BC47-1405-4469-9E36-E4115F66FAB9} = {2F92BC47-1405-4469-9E36-E4115F66FAB9}
	EndProjectSection
EndProject
Project("{8BC9CEB8-8B4A-11D0-8D11-00A0C91BC942}") = "Sequence1Framework", "Sequence1\Sequence1Framework.vcxproj", "{39487854-B766-464B-8B92-EB20318924B3}"
	ProjectSection(ProjectDependencies) = postProject
		{2F92BC47-1405-4469-9E36-E4115F66FAB9} = {2F92BC47-1405-4469-9E36-E4115F66FAB9}
	EndProjectSection
EndProject
Project("{8BC9CEB8-8B4A-11D0-8D11-00A0C91BC942}") = "Sound1Framework", "Sound1\Sound1Framework.vcxproj", "{3372F356-D70D-4DAB-8CA8-ED6EA687CA89}"
	ProjectSection(ProjectDependencies) = postProject
		{2F92BC47-1405-4469-9E36-E4115F66FAB9} = {2F92BC47-1405-4469-9E36-E4115F66FAB9}
	EndProjectSection
EndProject
Project("{8BC9CEB8-8B4A-11D0-8D11-00A0C91BC942}") = "Sound2Framework", "Sound2\Sound2Framework.vcxproj", "{065AC5FA-067B-418E-A52B-1CABBA34DD72}"
	ProjectSection(ProjectDependencies) = postProject
		{2F92BC47-1405-4469-9E36-E4115F66FAB9} = {2F92BC47-1405-4469-9E36-E4115F66FAB9}
	EndProjectSection
EndProject
Global
	GlobalSection(SolutionConfigurationPlatforms) = preSolution
		Debug|Win32 = Debug|Win32
		Release|Win32 = Release|Win32
	EndGlobalSection
	GlobalSection(ProjectConfigurationPlatforms) = postSolution
		{2F92BC47-1405-4469-9E36-E4115F66FAB9}.Debug|Win32.ActiveCfg = Debug|Win32
		{2F92BC47-1405-4469-9E36-E4115F66FAB9}.Debug|Win32.Build.0 = Debug|Win32
		{2F92BC47-1405-4469-9E36-E4115F66FAB9}.Release|Win32.ActiveCfg = Release|Win32
		{2F92BC47-1405-4469-9E36-E4115F66FAB9}.Release|Win32.Build.0 = Release|Win32
		{1107F66B-8923-4ED2-8479-189A04730B17}.Debug|Win32.ActiveCfg = Debug|Win32
		{1107F66B-8923-4ED2-8479-189A04730B17}.Debug|Win32.Build.0 = Debug|Win32
		{1107F66B-8923-4ED2-8479-189A04730B17}.Release|Win32.ActiveCfg = Release|Win32
		{1107F66B-8923-4ED2-8479-189A04730B17}.Release|Win32.Build.0 = Release|Win32
		{F2F0A46A-B911-4245-9757-3ACFDF4132CF}.Debug|Win32.ActiveCfg = Debug|Win32
		{F2F0A46A-B911-4245-9757-3ACFDF4132CF}.Debug|Win32.Build.0 = Debug|Win32
		{F2F0A46A-B911-4245-9757-3ACFDF4132CF}.Release|Win32.ActiveCfg = Release|Win32
		{F2F0A46A-B911-4245-9757-3ACFDF4132CF}.Release|Win32.Build.0 = Release|Win32
		{5CBECF2D-CAA9-44C2-BD7B-025A92E1EFBA}.Debug|Win32.ActiveCfg = Debug|Win32
		{5CBECF2D-CAA9-44C2-BD7B-025A92E1EFBA}.Debug|Win32.Build.0 = Debug|Win32
		{5CBECF2D-CAA9-44C2-BD7B-025A92E1EFBA}.Release|Win32.ActiveCfg = Release|Win32
		{5CBECF2D-CAA9-44C2-BD7B-025A92E1EFBA}.Release|Win32.Build.0 = Release|Win32
		{AF1369A3-75D2-440E-B7A8-5B1B07A80A71}.Debug|Win32.ActiveCfg = Debug|Win32
		{AF1369A3-75D2-440E-B7A8-5B1B07A80A71}.Debug|Win32.Build.0 = Debug|Win32
		{AF1369A3-75D2-440E-B7A8-5B1B07A80A71}.Release|Win32.ActiveCfg = Release|Win32
		{AF1369A3-75D2-440E-B7A8-5B1B07A80A71}.Release|Win32.Build.0 = Release|Win32
		{1B03662C-13BE-453A-953B-C705261CE4CB}.Debug|Win32.ActiveCfg = Debug|Win32
		{1B03662C-13BE-453A-953B-C705261CE4CB}.Debug|Win32.Build.0 = Debug|Win32
		{1B03662C-13BE-453A-953B-C705261CE4CB}.Release|Win32.ActiveCfg = Release|Win32
		{1B03662C-13BE-453A-953B-C705261CE4CB}.Release|Win32.Build.0 = Release|Win32
		{F3D82279-DA54-4399-B56A-59227ED05DF3}.Debug|Win32.ActiveCfg = Debug|Win32
		{F3D82279-DA54-4399-B56A-59227ED05DF3}.Debug|Win32.Build.0 = Debug|Win32
		{F3D82279-DA54-4399-B56A-59227ED05DF3}.Release|Win32.ActiveCfg = Release|Win32
		{F3D82279-DA54-4399-B56A-59227ED05DF3}.Release|Win32.Build.0 = Release|Win32
		{BA5B4CF6-C34F-4C7A-9CE7-4DFD42946DA5}.Debug|Win32.ActiveCfg = Debug|Win32
		{BA5B4CF6-C34F-4C7A-9CE7-4DFD42946DA5}.Debug|Win32.Build.0 = Debug|Win32
		{BA5B4CF6-C34F-4C7A-9CE7-4DFD42946DA5}.Release|Win32.ActiveCfg = Release|Win32
		{BA5B4CF6-C34F-4C7A-9CE7-4DFD42946DA5}.Release|Win32.Build.0 = Release|Win32
		{9A8E5A5A-60CB-4ED0-A4BC-78C37B10F314}.Debug|Win32.ActiveCfg = Debug|Win32
		{9A8E5A5A-60CB-4ED0-A4BC-78C37B10F314}.Debug|Win32.Build.0 = Debug|Win32
		{9A8E5A5A-60CB-4ED0-A4BC-78C37B10F314}.Release|Win32.ActiveCfg = Release|Win32
		{9A8E5A5A-60CB-4ED0-A4BC-78C37B10F314}.Release|Win32.Build.0 = Release|Win32
		{2A0941A3-9729-4E64-81F0-40789A16A93A}.Debug|Win32.ActiveCfg = Debug|Win32
		{2A0941A3-9729-4E64-81F0-40789A16A93A}.Debug|Win32.Build.0 = Debug|Win32
		{2A0941A3-9729-4E64-81F0-40789A16A93A}.Release|Win32.ActiveCfg = Release|Win32
		{2A0941A3-9729-4E64-81F0-40789A16A93A}.Release|Win32.Build.0 = Release|Win32
		{626ADDF3-9C9E-499B-96DD-E4411DF08605}.Debug|Win32.ActiveCfg = Debug|Win32
		{626ADDF3-9C9E-499B-96DD-E4411DF08605}.Debug|Win32.Build.0 = Debug|Win32
		{626ADDF3-9C9E-499B-96DD-E4411DF08605}.Release|Win32.ActiveCfg = Release|Win32
		{626ADDF3-9C9E-499B-96DD-E4411DF08605}.Release|Win32.Build.0 = Release|Win32
		{39487854-B766-464B-8B92-EB20318924B3}.Debug|Win32.ActiveCfg = Debug|Win32
		{39487854-B766-464B-8B92-EB20318924B3}.Debug|Win32.Build.0 = Debug|Win32
		{39487854-B766-464B-8B92-EB20318924B3}.Release|Win32.ActiveCfg = Release|Win32
		{39487854-B766-464B-8B92-EB20318924B3}.Release|Win32.Build.0 = Release|Win32
		{3372F356-D70D-4DAB-8CA8-ED6EA687CA89}.Debug|Win32.ActiveCfg = Debug|Win32
		{3372F356-D70D-4DAB-8CA8-ED6EA687CA89}.Debug|Win32.Build.0 = Debug|Win32
		{3372F356-D70D-4DAB-8CA8-ED6EA687CA89}.Release|Win32.ActiveCfg = Release|Win32
		{3372F356-D70D-4DAB-8CA8-ED6EA687CA89}.Release|Win32.Build.0 = Release|Win32
		{065AC5FA-067B-418E-A52B-1CABBA34DD72}.Debug|Win32.ActiveCfg = Debug|Win32
		{065AC5FA-067B-418E-A52B-1CABBA34DD72}.Debug|Win32.Build.0 = Debug|Win32
		{065AC5FA-067B-418E-A52B-1CABBA34DD72}.Release|Win32.ActiveCfg = Release|Win32
		{065AC5FA-067B-418E-A52B-1CABBA34DD72}.Release|Win32.Build.0 = Release|Win32
	EndGlobalSection
	GlobalSection(SolutionProperties) = preSolution
		HideSolutionNode = FALSE
	EndGlobalSection
EndGlobal
